// !$*UTF8*$!
{
	archiveVersion = 1;
	classes = {
	};
	objectVersion = 100;
	objects = {

/* Begin PBXBuildFile section */
		F31D32052DDC8CCB00E7B121 /* ScrechKit in Frameworks */ = {isa = PBXBuildFile; productRef = F31D32042DDC8CCB00E7B121 /* ScrechKit */; };
		F31D32072DDC8CD300E7B121 /* ScrechKit in Frameworks */ = {isa = PBXBuildFile; productRef = F31D32062DDC8CD300E7B121 /* ScrechKit */; };
		F31D32092DDC8CDA00E7B121 /* ScrechKit in Frameworks */ = {isa = PBXBuildFile; productRef = F31D32082DDC8CDA00E7B121 /* ScrechKit */; };
		F31D320B2DDC8CDE00E7B121 /* ScrechKit in Frameworks */ = {isa = PBXBuildFile; productRef = F31D320A2DDC8CDE00E7B121 /* ScrechKit */; };
		F31D320D2DDC8CE400E7B121 /* ScrechKit in Frameworks */ = {isa = PBXBuildFile; productRef = F31D320C2DDC8CE400E7B121 /* ScrechKit */; };
		F31D320F2DDC8CEA00E7B121 /* ScrechKit in Frameworks */ = {isa = PBXBuildFile; productRef = F31D320E2DDC8CEA00E7B121 /* ScrechKit */; };
		F329E1842D37CA7D007BA9D1 /* SafariCover in Frameworks */ = {isa = PBXBuildFile; productRef = F329E1832D37CA7D007BA9D1 /* SafariCover */; };
		F329E1862D37CB1E007BA9D1 /* SafariCover in Frameworks */ = {isa = PBXBuildFile; productRef = F329E1852D37CB1E007BA9D1 /* SafariCover */; };
		F329E18A2D37CC60007BA9D1 /* SafariCover in Frameworks */ = {isa = PBXBuildFile; productRef = F329E1892D37CC60007BA9D1 /* SafariCover */; };
		F357214D2C98584100967ACA /* ScrechCam in Frameworks */ = {isa = PBXBuildFile; productRef = F357214C2C98584100967ACA /* ScrechCam */; };
		F358F0232D2C185800BCC07B /* LaunchAtLogin in Frameworks */ = {isa = PBXBuildFile; productRef = F358F0222D2C185800BCC07B /* LaunchAtLogin */; };
		F36F7FCD2CA0CFDF0007F120 /* Messages.framework in Frameworks */ = {isa = PBXBuildFile; fileRef = F36F7FCC2CA0CFDF0007F120 /* Messages.framework */; };
		F36F7FD92CA0CFE00007F120 /* iMessage.appex in Embed Foundation Extensions */ = {isa = PBXBuildFile; fileRef = F36F7FCB2CA0CFDF0007F120 /* iMessage.appex */; settings = {ATTRIBUTES = (RemoveHeadersOnCopy, ); }; };
		F36F7FED2CA0D2400007F120 /* DeviceKit in Frameworks */ = {isa = PBXBuildFile; productRef = F36F7FEC2CA0D2400007F120 /* DeviceKit */; };
		F36F802B2CA0D5E90007F120 /* ScrechCam in Frameworks */ = {isa = PBXBuildFile; productRef = F36F802A2CA0D5E90007F120 /* ScrechCam */; };
		F36FBCBE2C9449A300F5E174 /* watchOS.app in Embed Watch Content */ = {isa = PBXBuildFile; fileRef = F36FBCB12C9449A200F5E174 /* watchOS.app */; settings = {ATTRIBUTES = (RemoveHeadersOnCopy, ); }; };
		F36FBCCE2C944B1700F5E174 /* DeviceKit in Frameworks */ = {isa = PBXBuildFile; productRef = F36FBCCD2C944B1700F5E174 /* DeviceKit */; };
		F3C3BDDD2C92DAAA00BF91EE /* DeviceKit in Frameworks */ = {isa = PBXBuildFile; productRef = F3C3BDDC2C92DAAA00BF91EE /* DeviceKit */; };
		F3C68ACA2CAFCD3E0021B6F3 /* MailCover in Frameworks */ = {isa = PBXBuildFile; productRef = F3C68AC92CAFCD3E0021B6F3 /* MailCover */; };
		F3C68AD22CAFCDD20021B6F3 /* MailCover in Frameworks */ = {isa = PBXBuildFile; productRef = F3C68AD12CAFCDD20021B6F3 /* MailCover */; };
		F3C68AD42CAFCE750021B6F3 /* MailCover in Frameworks */ = {isa = PBXBuildFile; productRef = F3C68AD32CAFCE750021B6F3 /* MailCover */; };
		F3C68AE72CAFD7C80021B6F3 /* HealthyKit in Frameworks */ = {isa = PBXBuildFile; productRef = F3C68AE62CAFD7C80021B6F3 /* HealthyKit */; };
		F3C68B092CB091F40021B6F3 /* HealthyKit in Frameworks */ = {isa = PBXBuildFile; productRef = F3C68B082CB091F40021B6F3 /* HealthyKit */; };
		F3E7EC992C67B9A8008CD17B /* DeviceKit in Frameworks */ = {isa = PBXBuildFile; productRef = F3E7EC982C67B9A8008CD17B /* DeviceKit */; };
		F3F5AD622E880F05007AD97D /* Appearance in Frameworks */ = {isa = PBXBuildFile; productRef = F3F5AD612E880F05007AD97D /* Appearance */; };
		F3F5AD642E885D96007AD97D /* Appearance in Frameworks */ = {isa = PBXBuildFile; productRef = F3F5AD632E885D96007AD97D /* Appearance */; };
		F3F5AD782E886162007AD97D /* Appearance in Frameworks */ = {isa = PBXBuildFile; productRef = F3F5AD772E886162007AD97D /* Appearance */; };
		F3F85EE32C957CF700AE0A1D /* DeviceKit in Frameworks */ = {isa = PBXBuildFile; productRef = F3F85EE22C957CF700AE0A1D /* DeviceKit */; };
		F3F85F292C962EC900AE0A1D /* DeviceKit in Frameworks */ = {isa = PBXBuildFile; productRef = F3F85F282C962EC900AE0A1D /* DeviceKit */; };
/* End PBXBuildFile section */

/* Begin PBXContainerItemProxy section */
		F36F7FD72CA0CFE00007F120 /* PBXContainerItemProxy */ = {
			isa = PBXContainerItemProxy;
			containerPortal = F3E7EC322C676A13008CD17B /* Project object */;
			proxyType = 1;
			remoteGlobalIDString = F36F7FCA2CA0CFDF0007F120;
			remoteInfo = iMessage;
		};
		F36FBCBC2C9449A300F5E174 /* PBXContainerItemProxy */ = {
			isa = PBXContainerItemProxy;
			containerPortal = F3E7EC322C676A13008CD17B /* Project object */;
			proxyType = 1;
			remoteGlobalIDString = F36FBCB02C9449A200F5E174;
			remoteInfo = "watchOS Watch App";
		};
		F3F85F382C96491700AE0A1D /* PBXContainerItemProxy */ = {
			isa = PBXContainerItemProxy;
			containerPortal = F3E7EC322C676A13008CD17B /* Project object */;
			proxyType = 1;
			remoteGlobalIDString = F3F85F0D2C962C4600AE0A1D;
			remoteInfo = macOS;
		};
/* End PBXContainerItemProxy section */

/* Begin PBXCopyFilesBuildPhase section */
		F337086E2DD92A47006834F8 /* Embed Frameworks */ = {
			isa = PBXCopyFilesBuildPhase;
			dstPath = "";
			dstSubfolder = Frameworks;
			files = (
			);
			name = "Embed Frameworks";
		};
		F33708702DD92A4B006834F8 /* Embed Frameworks */ = {
			isa = PBXCopyFilesBuildPhase;
			dstPath = "";
			dstSubfolder = Frameworks;
			files = (
			);
			name = "Embed Frameworks";
		};
		F33708722DD92A4E006834F8 /* Embed Frameworks */ = {
			isa = PBXCopyFilesBuildPhase;
			dstPath = "";
			dstSubfolder = Frameworks;
			files = (
			);
			name = "Embed Frameworks";
		};
		F33708742DD92A51006834F8 /* Embed Frameworks */ = {
			isa = PBXCopyFilesBuildPhase;
			dstPath = "";
			dstSubfolder = Frameworks;
			files = (
			);
			name = "Embed Frameworks";
		};
		F33708762DD92A54006834F8 /* Embed Frameworks */ = {
			isa = PBXCopyFilesBuildPhase;
			dstPath = "";
			dstSubfolder = Frameworks;
			files = (
			);
			name = "Embed Frameworks";
		};
		F36F7FDE2CA0CFE00007F120 /* Embed Foundation Extensions */ = {
			isa = PBXCopyFilesBuildPhase;
			dstPath = "";
			dstSubfolder = PlugIns;
			files = (
				F36F7FD92CA0CFE00007F120 /* iMessage.appex in Embed Foundation Extensions */,
			);
			name = "Embed Foundation Extensions";
		};
		F36FBCBF2C9449A300F5E174 /* Embed Watch Content */ = {
			isa = PBXCopyFilesBuildPhase;
			dstPath = "$(CONTENTS_FOLDER_PATH)/Watch";
			dstSubfolder = Product;
			files = (
				F36FBCBE2C9449A300F5E174 /* watchOS.app in Embed Watch Content */,
			);
			name = "Embed Watch Content";
		};
/* End PBXCopyFilesBuildPhase section */

/* Begin PBXFileReference section */
		F36F7FCB2CA0CFDF0007F120 /* iMessage.appex */ = {isa = PBXFileReference; explicitFileType = "wrapper.app-extension"; includeInIndex = 0; path = iMessage.appex; sourceTree = BUILT_PRODUCTS_DIR; };
		F36F7FCC2CA0CFDF0007F120 /* Messages.framework */ = {isa = PBXFileReference; lastKnownFileType = wrapper.framework; name = Messages.framework; path = Library/Frameworks/Messages.framework; sourceTree = DEVELOPER_DIR; };
		F36FBCB12C9449A200F5E174 /* watchOS.app */ = {isa = PBXFileReference; explicitFileType = wrapper.application; includeInIndex = 0; path = watchOS.app; sourceTree = BUILT_PRODUCTS_DIR; };
		F3AE99E22E2F890A00D70249 /* README.md */ = {isa = PBXFileReference; lastKnownFileType = net.daringfireball.markdown; path = README.md; sourceTree = "<group>"; };
		F3C3BDBD2C92D87C00BF91EE /* visionOS.app */ = {isa = PBXFileReference; explicitFileType = wrapper.application; includeInIndex = 0; path = visionOS.app; sourceTree = BUILT_PRODUCTS_DIR; };
		F3E063EF2F467E79001B77CD /* LICENSE.txt */ = {isa = PBXFileReference; lastKnownFileType = text; path = LICENSE.txt; sourceTree = "<group>"; };
		F3E7EC3A2C676A13008CD17B /* iOS.app */ = {isa = PBXFileReference; explicitFileType = wrapper.application; includeInIndex = 0; path = iOS.app; sourceTree = BUILT_PRODUCTS_DIR; };
		F3F85ECD2C94AF5A00AE0A1D /* tvOS.app */ = {isa = PBXFileReference; explicitFileType = wrapper.application; includeInIndex = 0; path = tvOS.app; sourceTree = BUILT_PRODUCTS_DIR; };
		F3F85F0E2C962C4600AE0A1D /* Device Specs.app */ = {isa = PBXFileReference; explicitFileType = wrapper.application; includeInIndex = 0; path = "Device Specs.app"; sourceTree = BUILT_PRODUCTS_DIR; };
		F3F85F342C96491700AE0A1D /* Unit Tests.xctest */ = {isa = PBXFileReference; explicitFileType = wrapper.cfbundle; includeInIndex = 0; path = "Unit Tests.xctest"; sourceTree = BUILT_PRODUCTS_DIR; };
/* End PBXFileReference section */

/* Begin PBXFileSystemSynchronizedBuildFileExceptionSet section */
		F3839F7C2ECF2D8200350A0F /* Exceptions for "iMessage" folder in "iMessage" target */ = {
			isa = PBXFileSystemSynchronizedBuildFileExceptionSet;
			membershipExceptions = (
				iMessage.plist,
			);
			target = F36F7FCA2CA0CFDF0007F120 /* iMessage */;
		};
		F3839F982ECF2D9000350A0F /* Exceptions for "visionOS" folder in "watchOS" target */ = {
			isa = PBXFileSystemSynchronizedBuildFileExceptionSet;
			membershipExceptions = (
				DeviceSpecsApp.swift,
			);
			target = F36FBCB02C9449A200F5E174 /* watchOS */;
		};
		F3839F992ECF2D9000350A0F /* Exceptions for "visionOS" folder in "visionOS" target */ = {
			isa = PBXFileSystemSynchronizedBuildFileExceptionSet;
			membershipExceptions = (
				visionOS.plist,
			);
			target = F3C3BDBC2C92D87C00BF91EE /* visionOS */;
		};
		F3839F9A2ECF2D9000350A0F /* Exceptions for "visionOS" folder in "tvOS" target */ = {
			isa = PBXFileSystemSynchronizedBuildFileExceptionSet;
			membershipExceptions = (
				DeviceSpecsApp.swift,
			);
			target = F3F85ECC2C94AF5A00AE0A1D /* tvOS */;
		};
		F3839FB72ECF2D9A00350A0F /* Exceptions for "watchOS" folder in "watchOS" target */ = {
			isa = PBXFileSystemSynchronizedBuildFileExceptionSet;
			membershipExceptions = (
				AppIcon.icon,
				watchOS.plist,
			);
			target = F36FBCB02C9449A200F5E174 /* watchOS */;
		};
		F3839FB82ECF2D9A00350A0F /* Exceptions for "watchOS" folder in "visionOS" target */ = {
			isa = PBXFileSystemSynchronizedBuildFileExceptionSet;
			membershipExceptions = (
				Nav/AppContainer.swift,
			);
			target = F3C3BDBC2C92D87C00BF91EE /* visionOS */;
		};
		F3839FB92ECF2D9A00350A0F /* Exceptions for "watchOS" folder in "tvOS" target */ = {
			isa = PBXFileSystemSynchronizedBuildFileExceptionSet;
			membershipExceptions = (
				Nav/AppContainer.swift,
				Network/ConnectivityVM.swift,
				Tests/TestList.swift,
			);
			target = F3F85ECC2C94AF5A00AE0A1D /* tvOS */;
		};
		F3839FCA2ECF2DA400350A0F /* Exceptions for "tvOS" folder in "tvOS" target */ = {
			isa = PBXFileSystemSynchronizedBuildFileExceptionSet;
			membershipExceptions = (
				tvOS.plist,
			);
			target = F3F85ECC2C94AF5A00AE0A1D /* tvOS */;
		};
		F383A0062ECF2DB700350A0F /* Exceptions for "macOS" folder in "macOS" target */ = {
			isa = PBXFileSystemSynchronizedBuildFileExceptionSet;
			membershipExceptions = (
				macOS.plist,
			);
			target = F3F85F0D2C962C4600AE0A1D /* macOS */;
		};
		F383A3342ECF2DF700350A0F /* Exceptions for "iOS" folder in "iOS" target */ = {
			isa = PBXFileSystemSynchronizedBuildFileExceptionSet;
			membershipExceptions = (
				Device/DeviceWatchInfo.swift,
				DeviceKit/Example/DeviceExtension.swift,
				iOS.plist,
			);
			target = F3E7EC392C676A13008CD17B /* iOS */;
		};
		F383A3352ECF2DF700350A0F /* Exceptions for "iOS" folder in "watchOS" target */ = {
			isa = PBXFileSystemSynchronizedBuildFileExceptionSet;
			membershipExceptions = (
				Accessability/AccessibilityItem.swift,
				Accessability/AccessibilityParam.swift,
				Accessability/AccessibilitySpecs.swift,
				Accessability/AccessibilityVM.swift,
				Cameras/Camera.swift,
				Cameras/CameraFormats.swift,
				Cameras/CamerasSpecs.swift,
				Cameras/CameraView.swift,
				Cameras/CameraVM.swift,
				Cameras/FormatCard.swift,
				Device/AdvertisingIdentifier.swift,
				Device/BluetoothVM.swift,
				Device/Volume/Volume.swift,
				Device/Volume/VolumeSlider.swift,
				DeviceKit/Example/DeviceExtension.swift,
				DeviceSpecsApp.swift,
				Home/HomeView.swift,
				Home/HomeViewTestLink.swift,
				Nav/AppContainer.swift,
				Nav/NavDestinations.swift,
				Nav/NavExtension.swift,
				Nav/NavState.swift,
				Network/ConnectivityVM.swift,
				Network/NetworkSpecs.swift,
				"Processor/GPU Families/GPUFamilies.swift",
				"Processor/GPU Families/GPUFamiliesVM.swift",
				Sensors/OrientationVM.swift,
				Sensors/ProximityVM.swift,
				Sensors/SensorsSpecs.swift,
				Settings/AppearanceSettings.swift,
				Settings/SettingsView.swift,
				Tests/Auth/AuthTest.swift,
				Tests/Auth/AuthVM.swift,
				Tests/Camera/CameraTest.swift,
				Tests/TestList.swift,
				Tests/Torch/TorchTest.swift,
				Tests/Torch/TorchVM.swift,
				Tests/UWB/MathUtilities.swift,
				Tests/UWB/MCPSession.swift,
				Tests/UWB/NearbyVM.swift,
				Tests/UWB/UWBTestView.swift,
				Utils/ListLink.swift,
				Utils/MetricKitManager.swift,
				Utils/SpecsLink.swift,
				Warnings/WarningCard.swift,
				Warnings/WarningSection.swift,
			);
			target = F36FBCB02C9449A200F5E174 /* watchOS */;
		};
		F383A3362ECF2DF700350A0F /* Exceptions for "iOS" folder in "visionOS" target */ = {
			isa = PBXFileSystemSynchronizedBuildFileExceptionSet;
			membershipExceptions = (
				AppIcon.icon,
				Cameras/Camera.swift,
				Cameras/CameraFormats.swift,
				Cameras/CamerasSpecs.swift,
				Cameras/CameraView.swift,
				Cameras/CameraVM.swift,
				Cameras/FormatCard.swift,
				Device/AdvertisingIdentifier.swift,
				Device/BluetoothVM.swift,
				Device/DeviceWatchInfo.swift,
				DeviceKit/Example/DeviceExtension.swift,
				DeviceSpecsApp.swift,
				Display/DisplayView.swift,
				Display/DisplayVM.swift,
				Home/HomeView.swift,
				Home/HomeViewTestLink.swift,
				iOS.plist,
				Nav/AppContainer.swift,
				Nav/NavDestinations.swift,
				Nav/NavExtension.swift,
				Nav/NavState.swift,
				Sensors/ActivityVM.swift,
				Sensors/AltitudeVM.swift,
				Sensors/LocationSensors.swift,
				Sensors/LocationVM.swift,
				"Sensors/Magnetic Field/MagneticField.swift",
				"Sensors/Magnetic Field/MagneticFieldData.swift",
				"Sensors/Magnetic Field/MagneticVM.swift",
				Sensors/OrientationVM.swift,
				Sensors/PressureVM.swift,
				Sensors/ProximityVM.swift,
				Sensors/SensorsSpecs.swift,
				Settings/AppearanceSettings.swift,
				Settings/SettingsView.swift,
				Tests/Camera/CameraTest.swift,
				Tests/Colors/ColorTest.swift,
				Tests/Colors/ColorTestCard.swift,
				Tests/Colors/ColorTestList.swift,
				Tests/Colors/ColorView.swift,
				Tests/Haptic/HapticButton.swift,
				Tests/Haptic/HapticTests.swift,
				Tests/TestList.swift,
				Tests/Torch/TorchTest.swift,
				Tests/Torch/TorchVM.swift,
				Tests/UWB/MathUtilities.swift,
				Tests/UWB/MCPSession.swift,
				Tests/UWB/NearbyVM.swift,
				Tests/UWB/UWBTestView.swift,
				Utils/ListLink.swift,
				Utils/MetricKitManager.swift,
				Utils/SpecsButton.swift,
			);
			target = F3C3BDBC2C92D87C00BF91EE /* visionOS */;
		};
		F383A3372ECF2DF700350A0F /* Exceptions for "iOS" folder in "tvOS" target */ = {
			isa = PBXFileSystemSynchronizedBuildFileExceptionSet;
			membershipExceptions = (
				AppIcon.icon,
				Assets.xcassets,
				Battery/BatteryLevel.swift,
				Battery/BatterySpecs.swift,
				Battery/BatteryState.swift,
				Battery/BatteryVM.swift,
				Cameras/Camera.swift,
				Cameras/CameraFormats.swift,
				Cameras/CamerasSpecs.swift,
				Cameras/CameraView.swift,
				Cameras/CameraVM.swift,
				Cameras/FormatCard.swift,
				Device/BluetoothVM.swift,
				Device/DeviceWatchInfo.swift,
				Device/Volume/Volume.swift,
				DeviceKit/Example/DeviceExtension.swift,
				DeviceSpecsApp.swift,
				Display/DisplayView.swift,
				Home/HomeView.swift,
				Home/HomeViewTestLink.swift,
				iOS.plist,
				Nav/AppContainer.swift,
				Nav/NavDestinations.swift,
				Nav/NavExtension.swift,
				Nav/NavState.swift,
				Network/ConnectivityVM.swift,
				Network/NetworkSpecs.swift,
				Network/RouterVM.swift,
				Sensors/ActivityVM.swift,
				Sensors/AltitudeVM.swift,
				Sensors/LocationSensors.swift,
				Sensors/LocationVM.swift,
				"Sensors/Magnetic Field/MagneticField.swift",
				"Sensors/Magnetic Field/MagneticFieldData.swift",
				"Sensors/Magnetic Field/MagneticVM.swift",
				Sensors/OrientationVM.swift,
				Sensors/PressureVM.swift,
				Sensors/ProximityVM.swift,
				Sensors/SensorsSpecs.swift,
				Settings/AppearanceSettings.swift,
				Settings/SettingsView.swift,
				System/AppleIntelligenceSupport.swift,
				System/FoundationModelsSupport.swift,
				Tests/Auth/AuthTest.swift,
				Tests/Auth/AuthVM.swift,
				Tests/Camera/CameraTest.swift,
				Tests/Haptic/HapticButton.swift,
				Tests/Haptic/HapticTests.swift,
				Tests/TestList.swift,
				Tests/Torch/TorchTest.swift,
				Tests/Torch/TorchVM.swift,
				Tests/UWB/MathUtilities.swift,
				Tests/UWB/MCPSession.swift,
				Tests/UWB/NearbyVM.swift,
				Tests/UWB/UWBTestView.swift,
				Utils/ListLink.swift,
				Utils/MetricKitManager.swift,
				Utils/SpecsButton.swift,
				Warnings/WarningSection.swift,
			);
			target = F3F85ECC2C94AF5A00AE0A1D /* tvOS */;
		};
		F383A3382ECF2DF700350A0F /* Exceptions for "iOS" folder in "macOS" target */ = {
			isa = PBXFileSystemSynchronizedBuildFileExceptionSet;
			membershipExceptions = (
				Assets.xcassets,
				DeviceKit/batteryCapacity.swift,
				DeviceKit/bluetoothVersion.swift,
				"DeviceKit/Disabled/L1 Cache.swift",
				"DeviceKit/Disabled/L1 Instruction Cache.swift",
				"DeviceKit/Disabled/L2 Cache.swift",
				"DeviceKit/Disabled/L3 Cache.swift",
				DeviceKit/hasMagsafe.swift,
				DeviceKit/instructionSet.swift,
				DeviceKit/maxClockSpeed.swift,
				DeviceKit/memoryType.swift,
				DeviceKit/neuralEngine.swift,
				DeviceKit/releaseDate.swift,
				DeviceKit/techNode.swift,
				DeviceKit/voltage.swift,
				DeviceKit/waterResistanceDescription.swift,
				DeviceKit/waterResistanceRating.swift,
				"Foundation Models.xcassets",
				Localizable.xcstrings,
				"System/Time Zone/KnownTimeZones.swift",
				Utils/ValueStore.swift,
			);
			target = F3F85F0D2C962C4600AE0A1D /* macOS */;
		};
		F383A3392ECF2DF700350A0F /* Exceptions for "iOS" folder in "iMessage" target */ = {
			isa = PBXFileSystemSynchronizedBuildFileExceptionSet;
			membershipExceptions = (
				AppIcon.icon,
				Device/BluetoothVM.swift,
				Device/DeviceWatchInfo.swift,
				DeviceKit/Example/DeviceExtension.swift,
				DeviceSpecsApp.swift,
				Home/HomeView.swift,
				Home/HomeViewTestLink.swift,
				iOS.plist,
				Nav/AppContainer.swift,
				Tests/UWB/UWBTestView.swift,
				Utils/ListLink.swift,
				Utils/MetricKitManager.swift,
				Warnings/WarningCard.swift,
				Warnings/WarningSection.swift,
			);
			target = F36F7FCA2CA0CFDF0007F120 /* iMessage */;
		};
/* End PBXFileSystemSynchronizedBuildFileExceptionSet section */

/* Begin PBXFileSystemSynchronizedRootGroup section */
		F3839F722ECF2D8200350A0F /* iMessage */ = {
			isa = PBXFileSystemSynchronizedRootGroup;
			exceptions = (
				F3839F7C2ECF2D8200350A0F /* Exceptions for "iMessage" folder in "iMessage" target */,
			);
			path = iMessage;
			sourceTree = "<group>";
		};
		F3839F7E2ECF2D8700350A0F /* Unit Tests */ = {
			isa = PBXFileSystemSynchronizedRootGroup;
			path = "Unit Tests";
			sourceTree = "<group>";
		};
		F3839F8C2ECF2D9000350A0F /* visionOS */ = {
			isa = PBXFileSystemSynchronizedRootGroup;
			exceptions = (
				F3839F982ECF2D9000350A0F /* Exceptions for "visionOS" folder in "watchOS" target */,
				F3839F992ECF2D9000350A0F /* Exceptions for "visionOS" folder in "visionOS" target */,
				F3839F9A2ECF2D9000350A0F /* Exceptions for "visionOS" folder in "tvOS" target */,
			);
			path = visionOS;
			sourceTree = "<group>";
		};
		F3839FA92ECF2D9900350A0F /* watchOS */ = {
			isa = PBXFileSystemSynchronizedRootGroup;
			exceptions = (
				F3839FB72ECF2D9A00350A0F /* Exceptions for "watchOS" folder in "watchOS" target */,
				F3839FB82ECF2D9A00350A0F /* Exceptions for "watchOS" folder in "visionOS" target */,
				F3839FB92ECF2D9A00350A0F /* Exceptions for "watchOS" folder in "tvOS" target */,
			);
			path = watchOS;
			sourceTree = "<group>";
		};
		F3839FC32ECF2DA300350A0F /* tvOS */ = {
			isa = PBXFileSystemSynchronizedRootGroup;
			exceptions = (
				F3839FCA2ECF2DA400350A0F /* Exceptions for "tvOS" folder in "tvOS" target */,
			);
			path = tvOS;
			sourceTree = "<group>";
		};
		F3839FF42ECF2DB700350A0F /* macOS */ = {
			isa = PBXFileSystemSynchronizedRootGroup;
			exceptions = (
				F383A0062ECF2DB700350A0F /* Exceptions for "macOS" folder in "macOS" target */,
			);
			path = macOS;
			sourceTree = "<group>";
		};
		F383A0B82ECF2DF700350A0F /* iOS */ = {
			isa = PBXFileSystemSynchronizedRootGroup;
			exceptions = (
				F383A3342ECF2DF700350A0F /* Exceptions for "iOS" folder in "iOS" target */,
				F383A3352ECF2DF700350A0F /* Exceptions for "iOS" folder in "watchOS" target */,
				F383A3362ECF2DF700350A0F /* Exceptions for "iOS" folder in "visionOS" target */,
				F383A3372ECF2DF700350A0F /* Exceptions for "iOS" folder in "tvOS" target */,
				F383A3382ECF2DF700350A0F /* Exceptions for "iOS" folder in "macOS" target */,
				F383A3392ECF2DF700350A0F /* Exceptions for "iOS" folder in "iMessage" target */,
			);
			path = iOS;
			sourceTree = "<group>";
		};
/* End PBXFileSystemSynchronizedRootGroup section */

/* Begin PBXFrameworksBuildPhase section */
		F36F7FC82CA0CFDF0007F120 /* Frameworks */ = {
			isa = PBXFrameworksBuildPhase;
			files = (
				F36F7FCD2CA0CFDF0007F120 /* Messages.framework in Frameworks */,
				F31D320F2DDC8CEA00E7B121 /* ScrechKit in Frameworks */,
				F3F5AD642E885D96007AD97D /* Appearance in Frameworks */,
				F329E1862D37CB1E007BA9D1 /* SafariCover in Frameworks */,
				F36F802B2CA0D5E90007F120 /* ScrechCam in Frameworks */,
				F3C68AD42CAFCE750021B6F3 /* MailCover in Frameworks */,
				F36F7FED2CA0D2400007F120 /* DeviceKit in Frameworks */,
				F3C68B092CB091F40021B6F3 /* HealthyKit in Frameworks */,
			);
		};
		F36FBCAE2C9449A200F5E174 /* Frameworks */ = {
			isa = PBXFrameworksBuildPhase;
			files = (
				F36FBCCE2C944B1700F5E174 /* DeviceKit in Frameworks */,
				F31D32072DDC8CD300E7B121 /* ScrechKit in Frameworks */,
			);
		};
		F3C3BDBA2C92D87C00BF91EE /* Frameworks */ = {
			isa = PBXFrameworksBuildPhase;
			files = (
				F329E18A2D37CC60007BA9D1 /* SafariCover in Frameworks */,
				F31D32092DDC8CDA00E7B121 /* ScrechKit in Frameworks */,
				F3C3BDDD2C92DAAA00BF91EE /* DeviceKit in Frameworks */,
				F3C68AD22CAFCDD20021B6F3 /* MailCover in Frameworks */,
			);
		};
		F3E7EC372C676A13008CD17B /* Frameworks */ = {
			isa = PBXFrameworksBuildPhase;
			files = (
				F357214D2C98584100967ACA /* ScrechCam in Frameworks */,
				F3C68AE72CAFD7C80021B6F3 /* HealthyKit in Frameworks */,
				F3F5AD622E880F05007AD97D /* Appearance in Frameworks */,
				F3E7EC992C67B9A8008CD17B /* DeviceKit in Frameworks */,
				F31D32052DDC8CCB00E7B121 /* ScrechKit in Frameworks */,
				F329E1842D37CA7D007BA9D1 /* SafariCover in Frameworks */,
				F3C68ACA2CAFCD3E0021B6F3 /* MailCover in Frameworks */,
			);
		};
		F3F85ECA2C94AF5A00AE0A1D /* Frameworks */ = {
			isa = PBXFrameworksBuildPhase;
			files = (
				F3F85EE32C957CF700AE0A1D /* DeviceKit in Frameworks */,
				F31D320B2DDC8CDE00E7B121 /* ScrechKit in Frameworks */,
			);
		};
		F3F85F0B2C962C4600AE0A1D /* Frameworks */ = {
			isa = PBXFrameworksBuildPhase;
			files = (
				F31D320D2DDC8CE400E7B121 /* ScrechKit in Frameworks */,
				F358F0232D2C185800BCC07B /* LaunchAtLogin in Frameworks */,
				F3F5AD782E886162007AD97D /* Appearance in Frameworks */,
				F3F85F292C962EC900AE0A1D /* DeviceKit in Frameworks */,
			);
		};
		F3F85F312C96491700AE0A1D /* Frameworks */ = {
			isa = PBXFrameworksBuildPhase;
			files = (
			);
		};
/* End PBXFrameworksBuildPhase section */

/* Begin PBXGroup section */
		F3C3BDDB2C92DAAA00BF91EE /* Frameworks */ = {
			isa = PBXGroup;
			children = (
				F36F7FCC2CA0CFDF0007F120 /* Messages.framework */,
			);
			name = Frameworks;
			sourceTree = "<group>";
		};
		F3E7EC312C676A13008CD17B = {
			isa = PBXGroup;
			children = (
				F3AE99E22E2F890A00D70249 /* README.md */,
				F383A0B82ECF2DF700350A0F /* iOS */,
				F3839F8C2ECF2D9000350A0F /* visionOS */,
				F3839FA92ECF2D9900350A0F /* watchOS */,
				F3839FC32ECF2DA300350A0F /* tvOS */,
				F3839FF42ECF2DB700350A0F /* macOS */,
				F3839F722ECF2D8200350A0F /* iMessage */,
				F3839F7E2ECF2D8700350A0F /* Unit Tests */,
				F3E063EF2F467E79001B77CD /* LICENSE.txt */,
				F3C3BDDB2C92DAAA00BF91EE /* Frameworks */,
				F3E7EC3B2C676A13008CD17B /* Products */,
			);
			sourceTree = "<group>";
		};
		F3E7EC3B2C676A13008CD17B /* Products */ = {
			isa = PBXGroup;
			children = (
				F3E7EC3A2C676A13008CD17B /* iOS.app */,
				F3C3BDBD2C92D87C00BF91EE /* visionOS.app */,
				F36FBCB12C9449A200F5E174 /* watchOS.app */,
				F3F85ECD2C94AF5A00AE0A1D /* tvOS.app */,
				F3F85F0E2C962C4600AE0A1D /* Device Specs.app */,
				F3F85F342C96491700AE0A1D /* Unit Tests.xctest */,
				F36F7FCB2CA0CFDF0007F120 /* iMessage.appex */,
			);
			name = Products;
			sourceTree = "<group>";
		};
/* End PBXGroup section */

/* Begin PBXNativeTarget section */
		F36F7FCA2CA0CFDF0007F120 /* iMessage */ = {
			isa = PBXNativeTarget;
			buildConfigurationList = F36F7FDB2CA0CFE00007F120 /* Build configuration list for PBXNativeTarget "iMessage" */;
			buildPhases = (
				F36F7FC72CA0CFDF0007F120 /* Sources */,
				F36F7FC82CA0CFDF0007F120 /* Frameworks */,
				F36F7FC92CA0CFDF0007F120 /* Resources */,
			);
			buildRules = (
			);
			fileSystemSynchronizedGroups = (
				F3839F722ECF2D8200350A0F /* iMessage */,
				F383A0B82ECF2DF700350A0F /* iOS */,
			);
			name = iMessage;
			packageProductDependencies = (
				F36F7FEC2CA0D2400007F120 /* DeviceKit */,
				F36F802A2CA0D5E90007F120 /* ScrechCam */,
				F3C68AD32CAFCE750021B6F3 /* MailCover */,
				F3C68B082CB091F40021B6F3 /* HealthyKit */,
				F329E1852D37CB1E007BA9D1 /* SafariCover */,
				F31D320E2DDC8CEA00E7B121 /* ScrechKit */,
				F3F5AD632E885D96007AD97D /* Appearance */,
			);
			productName = iMessage;
			productReference = F36F7FCB2CA0CFDF0007F120 /* iMessage.appex */;
			productType = "com.apple.product-type.app-extension.messages";
		};
		F36FBCB02C9449A200F5E174 /* watchOS */ = {
			isa = PBXNativeTarget;
			buildConfigurationList = F36FBCC22C9449A300F5E174 /* Build configuration list for PBXNativeTarget "watchOS" */;
			buildPhases = (
				F36FBCAD2C9449A200F5E174 /* Sources */,
				F36FBCAE2C9449A200F5E174 /* Frameworks */,
				F36FBCAF2C9449A200F5E174 /* Resources */,
				F33708702DD92A4B006834F8 /* Embed Frameworks */,
			);
			buildRules = (
			);
			fileSystemSynchronizedGroups = (
				F3839FA92ECF2D9900350A0F /* watchOS */,
				F383A0B82ECF2DF700350A0F /* iOS */,
			);
			name = watchOS;
			packageProductDependencies = (
				F36FBCCD2C944B1700F5E174 /* DeviceKit */,
				F31D32062DDC8CD300E7B121 /* ScrechKit */,
			);
			productName = "watchOS Watch App";
			productReference = F36FBCB12C9449A200F5E174 /* watchOS.app */;
			productType = "com.apple.product-type.application";
		};
		F3C3BDBC2C92D87C00BF91EE /* visionOS */ = {
			isa = PBXNativeTarget;
			buildConfigurationList = F3C3BDCE2C92D87C00BF91EE /* Build configuration list for PBXNativeTarget "visionOS" */;
			buildPhases = (
				F3C3BDB92C92D87C00BF91EE /* Sources */,
				F3C3BDBA2C92D87C00BF91EE /* Frameworks */,
				F3C3BDBB2C92D87C00BF91EE /* Resources */,
				F33708722DD92A4E006834F8 /* Embed Frameworks */,
			);
			buildRules = (
			);
			fileSystemSynchronizedGroups = (
				F3839F8C2ECF2D9000350A0F /* visionOS */,
				F383A0B82ECF2DF700350A0F /* iOS */,
			);
			name = visionOS;
			packageProductDependencies = (
				F3C3BDDC2C92DAAA00BF91EE /* DeviceKit */,
				F3C68AD12CAFCDD20021B6F3 /* MailCover */,
				F329E1892D37CC60007BA9D1 /* SafariCover */,
				F31D32082DDC8CDA00E7B121 /* ScrechKit */,
			);
			productName = visionOS;
			productReference = F3C3BDBD2C92D87C00BF91EE /* visionOS.app */;
			productType = "com.apple.product-type.application";
		};
		F3E7EC392C676A13008CD17B /* iOS */ = {
			isa = PBXNativeTarget;
			buildConfigurationList = F3E7EC492C676A14008CD17B /* Build configuration list for PBXNativeTarget "iOS" */;
			buildPhases = (
				F3E7EC362C676A13008CD17B /* Sources */,
				F3E7EC372C676A13008CD17B /* Frameworks */,
				F3E7EC382C676A13008CD17B /* Resources */,
				F36FBCBF2C9449A300F5E174 /* Embed Watch Content */,
				F36F7FDE2CA0CFE00007F120 /* Embed Foundation Extensions */,
				F337086E2DD92A47006834F8 /* Embed Frameworks */,
			);
			buildRules = (
			);
			dependencies = (
				F36FBCBD2C9449A300F5E174 /* PBXTargetDependency */,
				F36F7FD82CA0CFE00007F120 /* PBXTargetDependency */,
			);
			fileSystemSynchronizedGroups = (
				F383A0B82ECF2DF700350A0F /* iOS */,
			);
			name = iOS;
			packageProductDependencies = (
				F3E7EC982C67B9A8008CD17B /* DeviceKit */,
				F357214C2C98584100967ACA /* ScrechCam */,
				F3C68AC92CAFCD3E0021B6F3 /* MailCover */,
				F3C68AE62CAFD7C80021B6F3 /* HealthyKit */,
				F329E1832D37CA7D007BA9D1 /* SafariCover */,
				F31D32042DDC8CCB00E7B121 /* ScrechKit */,
				F3F5AD612E880F05007AD97D /* Appearance */,
			);
			productName = "Device Specs";
			productReference = F3E7EC3A2C676A13008CD17B /* iOS.app */;
			productType = "com.apple.product-type.application";
		};
		F3F85ECC2C94AF5A00AE0A1D /* tvOS */ = {
			isa = PBXNativeTarget;
			buildConfigurationList = F3F85ED82C94AF5B00AE0A1D /* Build configuration list for PBXNativeTarget "tvOS" */;
			buildPhases = (
				F3F85EC92C94AF5A00AE0A1D /* Sources */,
				F3F85ECA2C94AF5A00AE0A1D /* Frameworks */,
				F3F85ECB2C94AF5A00AE0A1D /* Resources */,
				F33708742DD92A51006834F8 /* Embed Frameworks */,
			);
			buildRules = (
			);
			fileSystemSynchronizedGroups = (
				F3839FC32ECF2DA300350A0F /* tvOS */,
				F383A0B82ECF2DF700350A0F /* iOS */,
			);
			name = tvOS;
			packageProductDependencies = (
				F3F85EE22C957CF700AE0A1D /* DeviceKit */,
				F31D320A2DDC8CDE00E7B121 /* ScrechKit */,
			);
			productName = tvOS;
			productReference = F3F85ECD2C94AF5A00AE0A1D /* tvOS.app */;
			productType = "com.apple.product-type.application";
		};
		F3F85F0D2C962C4600AE0A1D /* macOS */ = {
			isa = PBXNativeTarget;
			buildConfigurationList = F3F85F1A2C962C4700AE0A1D /* Build configuration list for PBXNativeTarget "macOS" */;
			buildPhases = (
				F3F85F0A2C962C4600AE0A1D /* Sources */,
				F3F85F0B2C962C4600AE0A1D /* Frameworks */,
				F3F85F0C2C962C4600AE0A1D /* Resources */,
				F33708762DD92A54006834F8 /* Embed Frameworks */,
			);
			buildRules = (
			);
			fileSystemSynchronizedGroups = (
				F3839FF42ECF2DB700350A0F /* macOS */,
			);
			name = macOS;
			packageProductDependencies = (
				F3F85F282C962EC900AE0A1D /* DeviceKit */,
				F358F0222D2C185800BCC07B /* LaunchAtLogin */,
				F31D320C2DDC8CE400E7B121 /* ScrechKit */,
				F3F5AD772E886162007AD97D /* Appearance */,
			);
			productName = macOS;
			productReference = F3F85F0E2C962C4600AE0A1D /* Device Specs.app */;
			productType = "com.apple.product-type.application";
		};
		F3F85F332C96491700AE0A1D /* Unit Tests */ = {
			isa = PBXNativeTarget;
			buildConfigurationList = F3F85F3A2C96491700AE0A1D /* Build configuration list for PBXNativeTarget "Unit Tests" */;
			buildPhases = (
				F3F85F302C96491700AE0A1D /* Sources */,
				F3F85F312C96491700AE0A1D /* Frameworks */,
				F3F85F322C96491700AE0A1D /* Resources */,
			);
			buildRules = (
			);
			dependencies = (
				F3F85F392C96491700AE0A1D /* PBXTargetDependency */,
			);
			fileSystemSynchronizedGroups = (
				F3839F7E2ECF2D8700350A0F /* Unit Tests */,
			);
			name = "Unit Tests";
			productName = "Unit Tests";
			productReference = F3F85F342C96491700AE0A1D /* Unit Tests.xctest */;
			productType = "com.apple.product-type.bundle.unit-test";
		};
/* End PBXNativeTarget section */

/* Begin PBXProject section */
		F3E7EC322C676A13008CD17B /* Project object */ = {
			isa = PBXProject;
			attributes = {
				BuildIndependentTargetsInParallel = 1;
				LastSwiftUpdateCheck = 1600;
				LastUpgradeCheck = 2600;
				TargetAttributes = {
					F36F7FCA2CA0CFDF0007F120 = {
						CreatedOnToolsVersion = 16.0;
					};
					F36FBCB02C9449A200F5E174 = {
						CreatedOnToolsVersion = 16.0;
					};
					F3C3BDBC2C92D87C00BF91EE = {
						CreatedOnToolsVersion = 16.0;
					};
					F3E7EC392C676A13008CD17B = {
						CreatedOnToolsVersion = 16.0;
					};
					F3F85ECC2C94AF5A00AE0A1D = {
						CreatedOnToolsVersion = 16.0;
					};
					F3F85F0D2C962C4600AE0A1D = {
						CreatedOnToolsVersion = 16.0;
					};
					F3F85F332C96491700AE0A1D = {
						CreatedOnToolsVersion = 16.0;
						TestTargetID = F3F85F0D2C962C4600AE0A1D;
					};
				};
			};
			buildConfigurationList = F3E7EC352C676A13008CD17B /* Build configuration list for PBXProject "Device Specs" */;
			developmentRegion = en;
			hasScannedForEncodings = 0;
			knownRegions = (
				en,
				Base,
				ru,
				nl,
			);
			mainGroup = F3E7EC312C676A13008CD17B;
			minimizedProjectReferenceProxies = 1;
			packageReferences = (
				F3E7EC942C67B99E008CD17B /* XCRemoteSwiftPackageReference "ScrechKit" */,
				F3E7EC972C67B9A8008CD17B /* XCRemoteSwiftPackageReference "DeviceKit" */,
				F357214B2C98584100967ACA /* XCRemoteSwiftPackageReference "ScrechCam" */,
				F3C68AC82CAFCD3E0021B6F3 /* XCRemoteSwiftPackageReference "MailCover" */,
				F3C68AE52CAFD7C80021B6F3 /* XCRemoteSwiftPackageReference "HealthyKit" */,
				F358F0212D2C185800BCC07B /* XCRemoteSwiftPackageReference "LaunchAtLogin" */,
				F329E1822D37CA7D007BA9D1 /* XCRemoteSwiftPackageReference "SafariCover" */,
				F3F5AD602E880F05007AD97D /* XCRemoteSwiftPackageReference "Appearance" */,
			);
			preferredProjectObjectVersion = 100;
			productRefGroup = F3E7EC3B2C676A13008CD17B /* Products */;
			projectDirPath = "";
			projectRoot = "";
			targets = (
				F3E7EC392C676A13008CD17B /* iOS */,
				F36FBCB02C9449A200F5E174 /* watchOS */,
				F3C3BDBC2C92D87C00BF91EE /* visionOS */,
				F3F85ECC2C94AF5A00AE0A1D /* tvOS */,
				F3F85F0D2C962C4600AE0A1D /* macOS */,
				F36F7FCA2CA0CFDF0007F120 /* iMessage */,
				F3F85F332C96491700AE0A1D /* Unit Tests */,
			);
		};
/* End PBXProject section */

/* Begin PBXResourcesBuildPhase section */
		F36F7FC92CA0CFDF0007F120 /* Resources */ = {
			isa = PBXResourcesBuildPhase;
			files = (
			);
		};
		F36FBCAF2C9449A200F5E174 /* Resources */ = {
			isa = PBXResourcesBuildPhase;
			files = (
			);
		};
		F3C3BDBB2C92D87C00BF91EE /* Resources */ = {
			isa = PBXResourcesBuildPhase;
			files = (
			);
		};
		F3E7EC382C676A13008CD17B /* Resources */ = {
			isa = PBXResourcesBuildPhase;
			files = (
			);
		};
		F3F85ECB2C94AF5A00AE0A1D /* Resources */ = {
			isa = PBXResourcesBuildPhase;
			files = (
			);
		};
		F3F85F0C2C962C4600AE0A1D /* Resources */ = {
			isa = PBXResourcesBuildPhase;
			files = (
			);
		};
		F3F85F322C96491700AE0A1D /* Resources */ = {
			isa = PBXResourcesBuildPhase;
			files = (
			);
		};
/* End PBXResourcesBuildPhase section */

/* Begin PBXSourcesBuildPhase section */
		F36F7FC72CA0CFDF0007F120 /* Sources */ = {
			isa = PBXSourcesBuildPhase;
			files = (
			);
		};
		F36FBCAD2C9449A200F5E174 /* Sources */ = {
			isa = PBXSourcesBuildPhase;
			files = (
			);
		};
		F3C3BDB92C92D87C00BF91EE /* Sources */ = {
			isa = PBXSourcesBuildPhase;
			files = (
			);
		};
		F3E7EC362C676A13008CD17B /* Sources */ = {
			isa = PBXSourcesBuildPhase;
			files = (
			);
		};
		F3F85EC92C94AF5A00AE0A1D /* Sources */ = {
			isa = PBXSourcesBuildPhase;
			files = (
			);
		};
		F3F85F0A2C962C4600AE0A1D /* Sources */ = {
			isa = PBXSourcesBuildPhase;
			files = (
			);
		};
		F3F85F302C96491700AE0A1D /* Sources */ = {
			isa = PBXSourcesBuildPhase;
			files = (
			);
		};
/* End PBXSourcesBuildPhase section */

/* Begin PBXTargetDependency section */
		F36F7FD82CA0CFE00007F120 /* PBXTargetDependency */ = {
			isa = PBXTargetDependency;
			target = F36F7FCA2CA0CFDF0007F120 /* iMessage */;
			targetProxy = F36F7FD72CA0CFE00007F120 /* PBXContainerItemProxy */;
		};
		F36FBCBD2C9449A300F5E174 /* PBXTargetDependency */ = {
			isa = PBXTargetDependency;
			target = F36FBCB02C9449A200F5E174 /* watchOS */;
			targetProxy = F36FBCBC2C9449A300F5E174 /* PBXContainerItemProxy */;
		};
		F3F85F392C96491700AE0A1D /* PBXTargetDependency */ = {
			isa = PBXTargetDependency;
			target = F3F85F0D2C962C4600AE0A1D /* macOS */;
			targetProxy = F3F85F382C96491700AE0A1D /* PBXContainerItemProxy */;
		};
/* End PBXTargetDependency section */

/* Begin XCBuildConfiguration section */
		F36F7FDC2CA0CFE00007F120 /* Debug configuration for PBXNativeTarget "iMessage" */ = {
			isa = XCBuildConfiguration;
			buildSettings = {
				ASSETCATALOG_COMPILER_APPICON_NAME = AppIcon;
				CODE_SIGN_ENTITLEMENTS = iMessage/iMessage.entitlements;
				CODE_SIGN_STYLE = Automatic;
				CURRENT_PROJECT_VERSION = 0;
				GENERATE_INFOPLIST_FILE = YES;
				INFOPLIST_FILE = iMessage/iMessage.plist;
				INFOPLIST_KEY_CFBundleDisplayName = "Debug Specs";
				INFOPLIST_KEY_NSHumanReadableCopyright = "";
				INFOPLIST_KEY_NSMotionUsageDescription = "This permission is necessary to test motion sensor capabilities";
				INFOPLIST_KEY_NSNearbyInteractionAllowOnceUsageDescription = "This permission is required in order to test UWB capabilities";
				INFOPLIST_KEY_NSNearbyInteractionUsageDescription = "This permission is required in order to test UWB capabilities";
				INFOPLIST_KEY_UIApplicationSupportsIndirectInputEvents = YES;
				IPHONEOS_DEPLOYMENT_TARGET = 17.0;
				LD_RUNPATH_SEARCH_PATHS = (
					"$(inherited)",
					"@executable_path/Frameworks",
					"@executable_path/../../Frameworks",
				);
				PRODUCT_BUNDLE_IDENTIFIER = "dev.topscrech.Device-Specs.debug.iMessage";
				PRODUCT_NAME = "$(TARGET_NAME)";
				SDKROOT = iphoneos;
				SKIP_INSTALL = YES;
				SWIFT_ACTIVE_COMPILATION_CONDITIONS = "DEBUG $(inherited) EXTENSION";
				SWIFT_DEFAULT_ACTOR_ISOLATION = MainActor;
				SWIFT_EMIT_LOC_STRINGS = YES;
				SWIFT_VERSION = 6.0;
				TARGETED_DEVICE_FAMILY = "1,2";
			};
			name = Debug;
		};
		F36F7FDD2CA0CFE00007F120 /* Release configuration for PBXNativeTarget "iMessage" */ = {
			isa = XCBuildConfiguration;
			buildSettings = {
				ASSETCATALOG_COMPILER_APPICON_NAME = AppIcon;
				CODE_SIGN_ENTITLEMENTS = iMessage/iMessage.entitlements;
				CODE_SIGN_STYLE = Automatic;
				CURRENT_PROJECT_VERSION = 0;
				GENERATE_INFOPLIST_FILE = YES;
				INFOPLIST_FILE = iMessage/iMessage.plist;
				INFOPLIST_KEY_CFBundleDisplayName = "Device Specs";
				INFOPLIST_KEY_NSHumanReadableCopyright = "";
				INFOPLIST_KEY_NSMotionUsageDescription = "This permission is necessary to test motion sensor capabilities";
				INFOPLIST_KEY_NSNearbyInteractionAllowOnceUsageDescription = "This permission is required in order to test UWB capabilities";
				INFOPLIST_KEY_NSNearbyInteractionUsageDescription = "This permission is required in order to test UWB capabilities";
				INFOPLIST_KEY_UIApplicationSupportsIndirectInputEvents = YES;
				IPHONEOS_DEPLOYMENT_TARGET = 17.0;
				LD_RUNPATH_SEARCH_PATHS = (
					"$(inherited)",
					"@executable_path/Frameworks",
					"@executable_path/../../Frameworks",
				);
				PRODUCT_BUNDLE_IDENTIFIER = "dev.topscrech.Device-Specs.iMessage";
				PRODUCT_NAME = "$(TARGET_NAME)";
				SDKROOT = iphoneos;
				SKIP_INSTALL = YES;
				SWIFT_ACTIVE_COMPILATION_CONDITIONS = EXTENSION;
				SWIFT_DEFAULT_ACTOR_ISOLATION = MainActor;
				SWIFT_EMIT_LOC_STRINGS = YES;
				SWIFT_VERSION = 6.0;
				TARGETED_DEVICE_FAMILY = "1,2";
				VALIDATE_PRODUCT = YES;
			};
			name = Release;
		};
		F36FBCC02C9449A300F5E174 /* Debug configuration for PBXNativeTarget "watchOS" */ = {
			isa = XCBuildConfiguration;
			buildSettings = {
				ASSETCATALOG_COMPILER_APPICON_NAME = AppIcon;
				ASSETCATALOG_COMPILER_GLOBAL_ACCENT_COLOR_NAME = AccentColor;
				CODE_SIGN_ENTITLEMENTS = watchOS/watchOS.entitlements;
				CODE_SIGN_STYLE = Automatic;
				CURRENT_PROJECT_VERSION = 0;
				ENABLE_PREVIEWS = YES;
				GENERATE_INFOPLIST_FILE = YES;
				INFOPLIST_FILE = watchOS/watchOS.plist;
				INFOPLIST_KEY_CFBundleDisplayName = "Device Specs";
				INFOPLIST_KEY_ITSAppUsesNonExemptEncryption = NO;
				INFOPLIST_KEY_NSHealthShareUsageDescription = "The app needs to check if health data is available on the device";
				INFOPLIST_KEY_NSHealthUpdateUsageDescription = "The app needs to check if health data is available on the device";
				INFOPLIST_KEY_NSLocationWhenInUseUsageDescription = "This permission is necessary to test GPS locating capabilities";
				INFOPLIST_KEY_NSMotionUsageDescription = "This permission is necessary to test motion sensor capabilities";
				INFOPLIST_KEY_NSNearbyInteractionAllowOnceUsageDescription = "This permission is required in order to test UWB capabilities";
				INFOPLIST_KEY_NSNearbyInteractionUsageDescription = "This permission is required in order to test UWB capabilities";
				INFOPLIST_KEY_UISupportedInterfaceOrientations = "UIInterfaceOrientationPortrait UIInterfaceOrientationPortraitUpsideDown";
				INFOPLIST_KEY_WKCompanionAppBundleIdentifier = "dev.topscrech.Device-Specs";
				INFOPLIST_KEY_WKRunsIndependentlyOfCompanionApp = YES;
				LD_RUNPATH_SEARCH_PATHS = (
					"$(inherited)",
					"@executable_path/Frameworks",
				);
				PRODUCT_BUNDLE_IDENTIFIER = "dev.topscrech.Device-Specs.debug.watchkitapp";
				PRODUCT_NAME = "$(TARGET_NAME)";
				SDKROOT = watchos;
				SKIP_INSTALL = YES;
				SWIFT_DEFAULT_ACTOR_ISOLATION = MainActor;
				SWIFT_EMIT_LOC_STRINGS = YES;
				SWIFT_VERSION = 6.0;
				TARGETED_DEVICE_FAMILY = 4;
				WATCHOS_DEPLOYMENT_TARGET = 10.0;
			};
			name = Debug;
		};
		F36FBCC12C9449A300F5E174 /* Release configuration for PBXNativeTarget "watchOS" */ = {
			isa = XCBuildConfiguration;
			buildSettings = {
				ASSETCATALOG_COMPILER_APPICON_NAME = AppIcon;
				ASSETCATALOG_COMPILER_GLOBAL_ACCENT_COLOR_NAME = AccentColor;
				CODE_SIGN_ENTITLEMENTS = watchOS/watchOS.entitlements;
				CODE_SIGN_STYLE = Automatic;
				CURRENT_PROJECT_VERSION = 0;
				ENABLE_PREVIEWS = YES;
				GENERATE_INFOPLIST_FILE = YES;
				INFOPLIST_FILE = watchOS/watchOS.plist;
				INFOPLIST_KEY_CFBundleDisplayName = "Device Specs";
				INFOPLIST_KEY_ITSAppUsesNonExemptEncryption = NO;
				INFOPLIST_KEY_NSHealthShareUsageDescription = "The app needs to check if health data is available on the device";
				INFOPLIST_KEY_NSHealthUpdateUsageDescription = "The app needs to check if health data is available on the device";
				INFOPLIST_KEY_NSLocationWhenInUseUsageDescription = "This permission is necessary to test GPS locating capabilities";
				INFOPLIST_KEY_NSMotionUsageDescription = "This permission is necessary to test motion sensor capabilities";
				INFOPLIST_KEY_NSNearbyInteractionAllowOnceUsageDescription = "This permission is required in order to test UWB capabilities";
				INFOPLIST_KEY_NSNearbyInteractionUsageDescription = "This permission is required in order to test UWB capabilities";
				INFOPLIST_KEY_UISupportedInterfaceOrientations = "UIInterfaceOrientationPortrait UIInterfaceOrientationPortraitUpsideDown";
				INFOPLIST_KEY_WKCompanionAppBundleIdentifier = "dev.topscrech.Device-Specs";
				INFOPLIST_KEY_WKRunsIndependentlyOfCompanionApp = YES;
				LD_RUNPATH_SEARCH_PATHS = (
					"$(inherited)",
					"@executable_path/Frameworks",
				);
				PRODUCT_BUNDLE_IDENTIFIER = "dev.topscrech.Device-Specs.watchkitapp";
				PRODUCT_NAME = "$(TARGET_NAME)";
				SDKROOT = watchos;
				SKIP_INSTALL = YES;
				SWIFT_DEFAULT_ACTOR_ISOLATION = MainActor;
				SWIFT_EMIT_LOC_STRINGS = YES;
				SWIFT_VERSION = 6.0;
				TARGETED_DEVICE_FAMILY = 4;
				VALIDATE_PRODUCT = YES;
				WATCHOS_DEPLOYMENT_TARGET = 10.0;
			};
			name = Release;
		};
		F3C3BDCF2C92D87C00BF91EE /* Debug configuration for PBXNativeTarget "visionOS" */ = {
			isa = XCBuildConfiguration;
			buildSettings = {
				ASSETCATALOG_COMPILER_APPICON_NAME = AppIcon;
				ASSETCATALOG_COMPILER_GLOBAL_ACCENT_COLOR_NAME = AccentColor;
				CODE_SIGN_ENTITLEMENTS = visionOS/visionOS.entitlements;
				CODE_SIGN_STYLE = Automatic;
				CURRENT_PROJECT_VERSION = 0;
				ENABLE_PREVIEWS = YES;
				GENERATE_INFOPLIST_FILE = YES;
				INFOPLIST_FILE = "$(TARGET_NAME)/visionOS.plist";
				INFOPLIST_KEY_CFBundleDisplayName = "Debug Specs";
				INFOPLIST_KEY_NSLocationWhenInUseUsageDescription = "This permission is necessary to test GPS locating capabilities";
				LD_RUNPATH_SEARCH_PATHS = (
					"$(inherited)",
					"@executable_path/Frameworks",
				);
				PRODUCT_BUNDLE_IDENTIFIER = "dev.topscrech.Device-Specs";
				PRODUCT_NAME = "$(TARGET_NAME)";
				SDKROOT = xros;
				SUPPORTED_PLATFORMS = "xros xrsimulator";
				SWIFT_DEFAULT_ACTOR_ISOLATION = MainActor;
				SWIFT_EMIT_LOC_STRINGS = YES;
				SWIFT_VERSION = 6.0;
				TARGETED_DEVICE_FAMILY = 7;
				XROS_DEPLOYMENT_TARGET = 1.0;
			};
			name = Debug;
		};
		F3C3BDD02C92D87C00BF91EE /* Release configuration for PBXNativeTarget "visionOS" */ = {
			isa = XCBuildConfiguration;
			buildSettings = {
				ASSETCATALOG_COMPILER_APPICON_NAME = AppIcon;
				ASSETCATALOG_COMPILER_GLOBAL_ACCENT_COLOR_NAME = AccentColor;
				CODE_SIGN_ENTITLEMENTS = visionOS/visionOS.entitlements;
				CODE_SIGN_STYLE = Automatic;
				CURRENT_PROJECT_VERSION = 0;
				ENABLE_PREVIEWS = YES;
				GENERATE_INFOPLIST_FILE = YES;
				INFOPLIST_FILE = "$(TARGET_NAME)/visionOS.plist";
				INFOPLIST_KEY_CFBundleDisplayName = "Device Specs";
				INFOPLIST_KEY_NSLocationWhenInUseUsageDescription = "This permission is necessary to test GPS locating capabilities";
				LD_RUNPATH_SEARCH_PATHS = (
					"$(inherited)",
					"@executable_path/Frameworks",
				);
				PRODUCT_BUNDLE_IDENTIFIER = "dev.topscrech.Device-Specs";
				PRODUCT_NAME = "$(TARGET_NAME)";
				SDKROOT = xros;
				SUPPORTED_PLATFORMS = "xros xrsimulator";
				SWIFT_DEFAULT_ACTOR_ISOLATION = MainActor;
				SWIFT_EMIT_LOC_STRINGS = YES;
				SWIFT_VERSION = 6.0;
				TARGETED_DEVICE_FAMILY = 7;
				VALIDATE_PRODUCT = YES;
				XROS_DEPLOYMENT_TARGET = 1.0;
			};
			name = Release;
		};
		F3E7EC472C676A14008CD17B /* Debug configuration for PBXProject "Device Specs" */ = {
			isa = XCBuildConfiguration;
			buildSettings = {
				ALWAYS_SEARCH_USER_PATHS = NO;
				ASSETCATALOG_COMPILER_GENERATE_SWIFT_ASSET_SYMBOL_EXTENSIONS = YES;
				CLANG_ANALYZER_LOCALIZABILITY_NONLOCALIZED = YES;
				CLANG_ANALYZER_NONNULL = YES;
				CLANG_ANALYZER_NUMBER_OBJECT_CONVERSION = YES_AGGRESSIVE;
				CLANG_CXX_LANGUAGE_STANDARD = "gnu++20";
				CLANG_ENABLE_MODULES = YES;
				CLANG_ENABLE_OBJC_ARC = YES;
				CLANG_ENABLE_OBJC_WEAK = YES;
				CLANG_WARN_BLOCK_CAPTURE_AUTORELEASING = YES;
				CLANG_WARN_BOOL_CONVERSION = YES;
				CLANG_WARN_COMMA = YES;
				CLANG_WARN_CONSTANT_CONVERSION = YES;
				CLANG_WARN_DEPRECATED_OBJC_IMPLEMENTATIONS = YES;
				CLANG_WARN_DIRECT_OBJC_ISA_USAGE = YES_ERROR;
				CLANG_WARN_DOCUMENTATION_COMMENTS = YES;
				CLANG_WARN_EMPTY_BODY = YES;
				CLANG_WARN_ENUM_CONVERSION = YES;
				CLANG_WARN_INFINITE_RECURSION = YES;
				CLANG_WARN_INT_CONVERSION = YES;
				CLANG_WARN_NON_LITERAL_NULL_CONVERSION = YES;
				CLANG_WARN_OBJC_IMPLICIT_RETAIN_SELF = YES;
				CLANG_WARN_OBJC_LITERAL_CONVERSION = YES;
				CLANG_WARN_OBJC_ROOT_CLASS = YES_ERROR;
				CLANG_WARN_QUOTED_INCLUDE_IN_FRAMEWORK_HEADER = YES;
				CLANG_WARN_RANGE_LOOP_ANALYSIS = YES;
				CLANG_WARN_STRICT_PROTOTYPES = YES;
				CLANG_WARN_SUSPICIOUS_MOVE = YES;
				CLANG_WARN_UNGUARDED_AVAILABILITY = YES_AGGRESSIVE;
				CLANG_WARN_UNREACHABLE_CODE = YES;
				CLANG_WARN__DUPLICATE_METHOD_MATCH = YES;
				COMPILATION_CACHE_ENABLE_CACHING = YES;
				COPY_PHASE_STRIP = NO;
				DEAD_CODE_STRIPPING = YES;
				DEBUG_INFORMATION_FORMAT = dwarf;
				DEVELOPMENT_TEAM = 8FQUA2F388;
				ENABLE_STRICT_OBJC_MSGSEND = YES;
				ENABLE_TESTABILITY = YES;
				ENABLE_USER_SCRIPT_SANDBOXING = YES;
				GCC_C_LANGUAGE_STANDARD = gnu17;
				GCC_DYNAMIC_NO_PIC = NO;
				GCC_NO_COMMON_BLOCKS = YES;
				GCC_OPTIMIZATION_LEVEL = 0;
				GCC_PREPROCESSOR_DEFINITIONS = (
					"DEBUG=1",
					"$(inherited)",
				);
				GCC_WARN_64_TO_32_BIT_CONVERSION = YES;
				GCC_WARN_ABOUT_RETURN_TYPE = YES_ERROR;
				GCC_WARN_UNDECLARED_SELECTOR = YES;
				GCC_WARN_UNINITIALIZED_AUTOS = YES_AGGRESSIVE;
				GCC_WARN_UNUSED_FUNCTION = YES;
				GCC_WARN_UNUSED_VARIABLE = YES;
				LOCALIZATION_PREFERS_STRING_CATALOGS = YES;
				MARKETING_VERSION = 64.0.2;
				MTL_ENABLE_DEBUG_INFO = INCLUDE_SOURCE;
				MTL_FAST_MATH = YES;
				ONLY_ACTIVE_ARCH = YES;
				STRING_CATALOG_GENERATE_SYMBOLS = YES;
				SWIFT_ACTIVE_COMPILATION_CONDITIONS = "DEBUG $(inherited)";
				SWIFT_EMIT_LOC_STRINGS = YES;
				SWIFT_OPTIMIZATION_LEVEL = "-Onone";
			};
			name = Debug;
		};
		F3E7EC482C676A14008CD17B /* Release configuration for PBXProject "Device Specs" */ = {
			isa = XCBuildConfiguration;
			buildSettings = {
				ALWAYS_SEARCH_USER_PATHS = NO;
				ASSETCATALOG_COMPILER_GENERATE_SWIFT_ASSET_SYMBOL_EXTENSIONS = YES;
				CLANG_ANALYZER_LOCALIZABILITY_NONLOCALIZED = YES;
				CLANG_ANALYZER_NONNULL = YES;
				CLANG_ANALYZER_NUMBER_OBJECT_CONVERSION = YES_AGGRESSIVE;
				CLANG_CXX_LANGUAGE_STANDARD = "gnu++20";
				CLANG_ENABLE_MODULES = YES;
				CLANG_ENABLE_OBJC_ARC = YES;
				CLANG_ENABLE_OBJC_WEAK = YES;
				CLANG_WARN_BLOCK_CAPTURE_AUTORELEASING = YES;
				CLANG_WARN_BOOL_CONVERSION = YES;
				CLANG_WARN_COMMA = YES;
				CLANG_WARN_CONSTANT_CONVERSION = YES;
				CLANG_WARN_DEPRECATED_OBJC_IMPLEMENTATIONS = YES;
				CLANG_WARN_DIRECT_OBJC_ISA_USAGE = YES_ERROR;
				CLANG_WARN_DOCUMENTATION_COMMENTS = YES;
				CLANG_WARN_EMPTY_BODY = YES;
				CLANG_WARN_ENUM_CONVERSION = YES;
				CLANG_WARN_INFINITE_RECURSION = YES;
				CLANG_WARN_INT_CONVERSION = YES;
				CLANG_WARN_NON_LITERAL_NULL_CONVERSION = YES;
				CLANG_WARN_OBJC_IMPLICIT_RETAIN_SELF = YES;
				CLANG_WARN_OBJC_LITERAL_CONVERSION = YES;
				CLANG_WARN_OBJC_ROOT_CLASS = YES_ERROR;
				CLANG_WARN_QUOTED_INCLUDE_IN_FRAMEWORK_HEADER = YES;
				CLANG_WARN_RANGE_LOOP_ANALYSIS = YES;
				CLANG_WARN_STRICT_PROTOTYPES = YES;
				CLANG_WARN_SUSPICIOUS_MOVE = YES;
				CLANG_WARN_UNGUARDED_AVAILABILITY = YES_AGGRESSIVE;
				CLANG_WARN_UNREACHABLE_CODE = YES;
				CLANG_WARN__DUPLICATE_METHOD_MATCH = YES;
				COMPILATION_CACHE_ENABLE_CACHING = YES;
				COPY_PHASE_STRIP = NO;
				DEAD_CODE_STRIPPING = YES;
				DEBUG_INFORMATION_FORMAT = "dwarf-with-dsym";
				DEVELOPMENT_TEAM = 8FQUA2F388;
				ENABLE_NS_ASSERTIONS = NO;
				ENABLE_STRICT_OBJC_MSGSEND = YES;
				ENABLE_USER_SCRIPT_SANDBOXING = YES;
				GCC_C_LANGUAGE_STANDARD = gnu17;
				GCC_NO_COMMON_BLOCKS = YES;
				GCC_WARN_64_TO_32_BIT_CONVERSION = YES;
				GCC_WARN_ABOUT_RETURN_TYPE = YES_ERROR;
				GCC_WARN_UNDECLARED_SELECTOR = YES;
				GCC_WARN_UNINITIALIZED_AUTOS = YES_AGGRESSIVE;
				GCC_WARN_UNUSED_FUNCTION = YES;
				GCC_WARN_UNUSED_VARIABLE = YES;
				LOCALIZATION_PREFERS_STRING_CATALOGS = YES;
				MARKETING_VERSION = 64.0.2;
				MTL_ENABLE_DEBUG_INFO = NO;
				MTL_FAST_MATH = YES;
				STRING_CATALOG_GENERATE_SYMBOLS = YES;
				SWIFT_COMPILATION_MODE = wholemodule;
				SWIFT_EMIT_LOC_STRINGS = YES;
			};
			name = Release;
		};
		F3E7EC4A2C676A14008CD17B /* Debug configuration for PBXNativeTarget "iOS" */ = {
			isa = XCBuildConfiguration;
			buildSettings = {
				ASSETCATALOG_COMPILER_APPICON_NAME = AppIcon;
				ASSETCATALOG_COMPILER_GLOBAL_ACCENT_COLOR_NAME = AccentColor;
				CODE_SIGN_ENTITLEMENTS = iOS/iOS.entitlements;
				CODE_SIGN_STYLE = Automatic;
				CURRENT_PROJECT_VERSION = 0;
				DEAD_CODE_STRIPPING = YES;
				ENABLE_APP_SANDBOX = YES;
				ENABLE_HARDENED_RUNTIME = YES;
				ENABLE_PREVIEWS = YES;
				ENABLE_USER_SELECTED_FILES = readonly;
				GENERATE_INFOPLIST_FILE = YES;
				INFOPLIST_FILE = iOS/iOS.plist;
				INFOPLIST_KEY_CFBundleDisplayName = "Debug Specs";
				INFOPLIST_KEY_LSApplicationCategoryType = "public.app-category.utilities";
				INFOPLIST_KEY_NSCameraUsageDescription = "This permission is required in order to test camera functionality";
				INFOPLIST_KEY_NSFaceIDUsageDescription = "This permission is required in order to test biometric authentication";
				INFOPLIST_KEY_NSLocationWhenInUseUsageDescription = "This permission is necessary to test GPS locating capabilities";
				INFOPLIST_KEY_NSMotionUsageDescription = "This permission is necessary to test motion sensor capabilities";
				INFOPLIST_KEY_NSNearbyInteractionAllowOnceUsageDescription = "This permission is required in order to test UWB capabilities";
				INFOPLIST_KEY_NSNearbyInteractionUsageDescription = "This permission is required in order to test UWB capabilities";
				"INFOPLIST_KEY_UIApplicationSceneManifest_Generation[sdk=iphoneos*]" = YES;
				"INFOPLIST_KEY_UIApplicationSceneManifest_Generation[sdk=iphonesimulator*]" = YES;
				INFOPLIST_KEY_UIApplicationSupportsIndirectInputEvents = YES;
				"INFOPLIST_KEY_UIApplicationSupportsIndirectInputEvents[sdk=iphoneos*]" = YES;
				"INFOPLIST_KEY_UIApplicationSupportsIndirectInputEvents[sdk=iphonesimulator*]" = YES;
				"INFOPLIST_KEY_UILaunchScreen_Generation[sdk=iphoneos*]" = YES;
				"INFOPLIST_KEY_UILaunchScreen_Generation[sdk=iphonesimulator*]" = YES;
				INFOPLIST_KEY_UIRequiredDeviceCapabilities = armv7;
				"INFOPLIST_KEY_UIStatusBarStyle[sdk=iphoneos*]" = UIStatusBarStyleDefault;
				"INFOPLIST_KEY_UIStatusBarStyle[sdk=iphonesimulator*]" = UIStatusBarStyleDefault;
				INFOPLIST_KEY_UISupportedInterfaceOrientations = "UIInterfaceOrientationLandscapeLeft UIInterfaceOrientationLandscapeRight UIInterfaceOrientationPortrait UIInterfaceOrientationPortraitUpsideDown";
				INFOPLIST_KEY_WKRunsIndependentlyOfCompanionApp = NO;
				IPHONEOS_DEPLOYMENT_TARGET = 17.0;
				LD_RUNPATH_SEARCH_PATHS = "@executable_path/Frameworks";
				"LD_RUNPATH_SEARCH_PATHS[sdk=macosx*]" = "@executable_path/../Frameworks";
				MACOSX_DEPLOYMENT_TARGET = 14.0;
				PRODUCT_BUNDLE_IDENTIFIER = "dev.topscrech.Device-Specs.debug";
				PRODUCT_NAME = "$(TARGET_NAME)";
				SDKROOT = auto;
				SUPPORTED_PLATFORMS = "iphoneos iphonesimulator";
				SUPPORTS_MACCATALYST = NO;
				SWIFT_DEFAULT_ACTOR_ISOLATION = MainActor;
				SWIFT_EMIT_LOC_STRINGS = YES;
				SWIFT_VERSION = 6.0;
				TARGETED_DEVICE_FAMILY = "1,2";
				XROS_DEPLOYMENT_TARGET = 1.0;
			};
			name = Debug;
		};
		F3E7EC4B2C676A14008CD17B /* Release configuration for PBXNativeTarget "iOS" */ = {
			isa = XCBuildConfiguration;
			buildSettings = {
				ASSETCATALOG_COMPILER_APPICON_NAME = AppIcon;
				ASSETCATALOG_COMPILER_GLOBAL_ACCENT_COLOR_NAME = AccentColor;
				CODE_SIGN_ENTITLEMENTS = iOS/iOS.entitlements;
				CODE_SIGN_STYLE = Automatic;
				CURRENT_PROJECT_VERSION = 0;
				DEAD_CODE_STRIPPING = YES;
				ENABLE_APP_SANDBOX = YES;
				ENABLE_HARDENED_RUNTIME = YES;
				ENABLE_PREVIEWS = YES;
				ENABLE_USER_SELECTED_FILES = readonly;
				GENERATE_INFOPLIST_FILE = YES;
				INFOPLIST_FILE = iOS/iOS.plist;
				INFOPLIST_KEY_CFBundleDisplayName = "Device Specs";
				INFOPLIST_KEY_LSApplicationCategoryType = "public.app-category.utilities";
				INFOPLIST_KEY_NSCameraUsageDescription = "This permission is required in order to test camera functionality";
				INFOPLIST_KEY_NSFaceIDUsageDescription = "This permission is required in order to test biometric authentication";
				INFOPLIST_KEY_NSLocationWhenInUseUsageDescription = "This permission is necessary to test GPS locating capabilities";
				INFOPLIST_KEY_NSMotionUsageDescription = "This permission is necessary to test motion sensor capabilities";
				INFOPLIST_KEY_NSNearbyInteractionAllowOnceUsageDescription = "This permission is required in order to test UWB capabilities";
				INFOPLIST_KEY_NSNearbyInteractionUsageDescription = "This permission is required in order to test UWB capabilities";
				"INFOPLIST_KEY_UIApplicationSceneManifest_Generation[sdk=iphoneos*]" = YES;
				"INFOPLIST_KEY_UIApplicationSceneManifest_Generation[sdk=iphonesimulator*]" = YES;
				INFOPLIST_KEY_UIApplicationSupportsIndirectInputEvents = YES;
				"INFOPLIST_KEY_UIApplicationSupportsIndirectInputEvents[sdk=iphoneos*]" = YES;
				"INFOPLIST_KEY_UIApplicationSupportsIndirectInputEvents[sdk=iphonesimulator*]" = YES;
				"INFOPLIST_KEY_UILaunchScreen_Generation[sdk=iphoneos*]" = YES;
				"INFOPLIST_KEY_UILaunchScreen_Generation[sdk=iphonesimulator*]" = YES;
				INFOPLIST_KEY_UIRequiredDeviceCapabilities = armv7;
				"INFOPLIST_KEY_UIStatusBarStyle[sdk=iphoneos*]" = UIStatusBarStyleDefault;
				"INFOPLIST_KEY_UIStatusBarStyle[sdk=iphonesimulator*]" = UIStatusBarStyleDefault;
				INFOPLIST_KEY_UISupportedInterfaceOrientations = "UIInterfaceOrientationLandscapeLeft UIInterfaceOrientationLandscapeRight UIInterfaceOrientationPortrait UIInterfaceOrientationPortraitUpsideDown";
				INFOPLIST_KEY_WKRunsIndependentlyOfCompanionApp = NO;
				IPHONEOS_DEPLOYMENT_TARGET = 17.0;
				LD_RUNPATH_SEARCH_PATHS = "@executable_path/Frameworks";
				"LD_RUNPATH_SEARCH_PATHS[sdk=macosx*]" = "@executable_path/../Frameworks";
				MACOSX_DEPLOYMENT_TARGET = 14.0;
				PRODUCT_BUNDLE_IDENTIFIER = "dev.topscrech.Device-Specs";
				PRODUCT_NAME = "$(TARGET_NAME)";
				SDKROOT = auto;
				SUPPORTED_PLATFORMS = "iphoneos iphonesimulator";
				SUPPORTS_MACCATALYST = NO;
				SWIFT_DEFAULT_ACTOR_ISOLATION = MainActor;
				SWIFT_EMIT_LOC_STRINGS = YES;
				SWIFT_VERSION = 6.0;
				TARGETED_DEVICE_FAMILY = "1,2";
				XROS_DEPLOYMENT_TARGET = 1.0;
			};
			name = Release;
		};
		F3F85ED92C94AF5B00AE0A1D /* Debug configuration for PBXNativeTarget "tvOS" */ = {
			isa = XCBuildConfiguration;
			buildSettings = {
				ASSETCATALOG_COMPILER_APPICON_NAME = "Brand Assets";
				ASSETCATALOG_COMPILER_GLOBAL_ACCENT_COLOR_NAME = AccentColor;
				CODE_SIGN_STYLE = Automatic;
				CURRENT_PROJECT_VERSION = 0;
				ENABLE_PREVIEWS = YES;
				GENERATE_INFOPLIST_FILE = YES;
				INFOPLIST_FILE = tvOS/tvOS.plist;
				INFOPLIST_KEY_CFBundleDisplayName = "Debug Specs";
				INFOPLIST_KEY_LSApplicationCategoryType = "public.app-category.utilities";
				INFOPLIST_KEY_UILaunchScreen_Generation = YES;
				INFOPLIST_KEY_UIUserInterfaceStyle = Automatic;
				LD_RUNPATH_SEARCH_PATHS = (
					"$(inherited)",
					"@executable_path/Frameworks",
				);
				PRODUCT_BUNDLE_IDENTIFIER = "dev.topscrech.Device-Specs";
				PRODUCT_NAME = "$(TARGET_NAME)";
				SDKROOT = appletvos;
				SWIFT_DEFAULT_ACTOR_ISOLATION = MainActor;
				SWIFT_EMIT_LOC_STRINGS = YES;
				SWIFT_VERSION = 6.0;
				TARGETED_DEVICE_FAMILY = 3;
				TVOS_DEPLOYMENT_TARGET = 17.0;
			};
			name = Debug;
		};
		F3F85EDA2C94AF5B00AE0A1D /* Release configuration for PBXNativeTarget "tvOS" */ = {
			isa = XCBuildConfiguration;
			buildSettings = {
				ASSETCATALOG_COMPILER_APPICON_NAME = "Brand Assets";
				ASSETCATALOG_COMPILER_GLOBAL_ACCENT_COLOR_NAME = AccentColor;
				CODE_SIGN_STYLE = Automatic;
				CURRENT_PROJECT_VERSION = 0;
				ENABLE_PREVIEWS = YES;
				GENERATE_INFOPLIST_FILE = YES;
				INFOPLIST_FILE = tvOS/tvOS.plist;
				INFOPLIST_KEY_CFBundleDisplayName = "Device Specs";
				INFOPLIST_KEY_LSApplicationCategoryType = "public.app-category.utilities";
				INFOPLIST_KEY_UILaunchScreen_Generation = YES;
				INFOPLIST_KEY_UIUserInterfaceStyle = Automatic;
				LD_RUNPATH_SEARCH_PATHS = (
					"$(inherited)",
					"@executable_path/Frameworks",
				);
				PRODUCT_BUNDLE_IDENTIFIER = "dev.topscrech.Device-Specs";
				PRODUCT_NAME = "$(TARGET_NAME)";
				SDKROOT = appletvos;
				SWIFT_DEFAULT_ACTOR_ISOLATION = MainActor;
				SWIFT_EMIT_LOC_STRINGS = YES;
				SWIFT_VERSION = 6.0;
				TARGETED_DEVICE_FAMILY = 3;
				TVOS_DEPLOYMENT_TARGET = 17.0;
				VALIDATE_PRODUCT = YES;
			};
			name = Release;
		};
		F3F85F1B2C962C4700AE0A1D /* Debug configuration for PBXNativeTarget "macOS" */ = {
			isa = XCBuildConfiguration;
			buildSettings = {
				ASSETCATALOG_COMPILER_APPICON_NAME = AppIcon;
				ASSETCATALOG_COMPILER_GLOBAL_ACCENT_COLOR_NAME = AccentColor;
				CODE_SIGN_ENTITLEMENTS = macOS/macOS.entitlements;
				CODE_SIGN_STYLE = Automatic;
				COMBINE_HIDPI_IMAGES = YES;
				CURRENT_PROJECT_VERSION = 0;
				DEAD_CODE_STRIPPING = YES;
				ENABLE_APP_SANDBOX = YES;
				ENABLE_HARDENED_RUNTIME = YES;
				ENABLE_OUTGOING_NETWORK_CONNECTIONS = YES;
				ENABLE_PREVIEWS = YES;
				ENABLE_USER_SELECTED_FILES = readwrite;
				GENERATE_INFOPLIST_FILE = YES;
				INFOPLIST_FILE = macOS/macOS.plist;
				INFOPLIST_KEY_CFBundleDisplayName = "Debug Specs";
				INFOPLIST_KEY_LSApplicationCategoryType = "public.app-category.utilities";
				INFOPLIST_KEY_NSHumanReadableCopyright = "";
				LD_RUNPATH_SEARCH_PATHS = (
					"$(inherited)",
					"@executable_path/../Frameworks",
				);
				MACOSX_DEPLOYMENT_TARGET = 14.0;
				PRODUCT_BUNDLE_IDENTIFIER = "dev.topscrech.Device-Specs";
				PRODUCT_NAME = "Device Specs";
				SDKROOT = macosx;
				SWIFT_DEFAULT_ACTOR_ISOLATION = MainActor;
				SWIFT_EMIT_LOC_STRINGS = YES;
				SWIFT_VERSION = 6.0;
			};
			name = Debug;
		};
		F3F85F1C2C962C4700AE0A1D /* Release configuration for PBXNativeTarget "macOS" */ = {
			isa = XCBuildConfiguration;
			buildSettings = {
				ASSETCATALOG_COMPILER_APPICON_NAME = AppIcon;
				ASSETCATALOG_COMPILER_GLOBAL_ACCENT_COLOR_NAME = AccentColor;
				CODE_SIGN_ENTITLEMENTS = macOS/macOS.entitlements;
				CODE_SIGN_STYLE = Automatic;
				COMBINE_HIDPI_IMAGES = YES;
				CURRENT_PROJECT_VERSION = 0;
				DEAD_CODE_STRIPPING = YES;
				ENABLE_APP_SANDBOX = YES;
				ENABLE_HARDENED_RUNTIME = YES;
				ENABLE_OUTGOING_NETWORK_CONNECTIONS = YES;
				ENABLE_PREVIEWS = YES;
				ENABLE_USER_SELECTED_FILES = readwrite;
				GENERATE_INFOPLIST_FILE = YES;
				INFOPLIST_FILE = macOS/macOS.plist;
				INFOPLIST_KEY_CFBundleDisplayName = "Device Specs";
				INFOPLIST_KEY_LSApplicationCategoryType = "public.app-category.utilities";
				INFOPLIST_KEY_NSHumanReadableCopyright = "";
				LD_RUNPATH_SEARCH_PATHS = (
					"$(inherited)",
					"@executable_path/../Frameworks",
				);
				MACOSX_DEPLOYMENT_TARGET = 14.0;
				PRODUCT_BUNDLE_IDENTIFIER = "dev.topscrech.Device-Specs";
				PRODUCT_NAME = "Device Specs";
				SDKROOT = macosx;
				SWIFT_DEFAULT_ACTOR_ISOLATION = MainActor;
				SWIFT_EMIT_LOC_STRINGS = YES;
				SWIFT_VERSION = 6.0;
			};
			name = Release;
		};
		F3F85F3B2C96491700AE0A1D /* Debug configuration for PBXNativeTarget "Unit Tests" */ = {
			isa = XCBuildConfiguration;
			buildSettings = {
				BUNDLE_LOADER = "$(TEST_HOST)";
				CODE_SIGN_STYLE = Automatic;
				CURRENT_PROJECT_VERSION = 1;
				DEAD_CODE_STRIPPING = YES;
				GENERATE_INFOPLIST_FILE = YES;
				MACOSX_DEPLOYMENT_TARGET = 14.0;
				MARKETING_VERSION = "";
				PRODUCT_BUNDLE_IDENTIFIER = "dev.topscrech.Device-Specs.Unit-Tests";
				PRODUCT_NAME = "$(TARGET_NAME)";
				SDKROOT = macosx;
				SWIFT_DEFAULT_ACTOR_ISOLATION = MainActor;
				SWIFT_EMIT_LOC_STRINGS = NO;
				SWIFT_VERSION = 6.0;
				TEST_HOST = "$(BUILT_PRODUCTS_DIR)/macOS.app/$(BUNDLE_EXECUTABLE_FOLDER_PATH)/macOS";
			};
			name = Debug;
		};
		F3F85F3C2C96491700AE0A1D /* Release configuration for PBXNativeTarget "Unit Tests" */ = {
			isa = XCBuildConfiguration;
			buildSettings = {
				BUNDLE_LOADER = "$(TEST_HOST)";
				CODE_SIGN_STYLE = Automatic;
				CURRENT_PROJECT_VERSION = 1;
				DEAD_CODE_STRIPPING = YES;
				GENERATE_INFOPLIST_FILE = YES;
				MACOSX_DEPLOYMENT_TARGET = 14.0;
				MARKETING_VERSION = "";
				PRODUCT_BUNDLE_IDENTIFIER = "dev.topscrech.Device-Specs.Unit-Tests";
				PRODUCT_NAME = "$(TARGET_NAME)";
				SDKROOT = macosx;
				SWIFT_DEFAULT_ACTOR_ISOLATION = MainActor;
				SWIFT_EMIT_LOC_STRINGS = NO;
				SWIFT_VERSION = 6.0;
				TEST_HOST = "$(BUILT_PRODUCTS_DIR)/macOS.app/$(BUNDLE_EXECUTABLE_FOLDER_PATH)/macOS";
			};
			name = Release;
		};
/* End XCBuildConfiguration section */

/* Begin XCConfigurationList section */
		F36F7FDB2CA0CFE00007F120 /* Build configuration list for PBXNativeTarget "iMessage" */ = {
			isa = XCConfigurationList;
			buildConfigurations = (
				F36F7FDC2CA0CFE00007F120 /* Debug configuration for PBXNativeTarget "iMessage" */,
				F36F7FDD2CA0CFE00007F120 /* Release configuration for PBXNativeTarget "iMessage" */,
			);
			defaultConfigurationName = Release;
		};
		F36FBCC22C9449A300F5E174 /* Build configuration list for PBXNativeTarget "watchOS" */ = {
			isa = XCConfigurationList;
			buildConfigurations = (
				F36FBCC02C9449A300F5E174 /* Debug configuration for PBXNativeTarget "watchOS" */,
				F36FBCC12C9449A300F5E174 /* Release configuration for PBXNativeTarget "watchOS" */,
			);
			defaultConfigurationName = Release;
		};
		F3C3BDCE2C92D87C00BF91EE /* Build configuration list for PBXNativeTarget "visionOS" */ = {
			isa = XCConfigurationList;
			buildConfigurations = (
				F3C3BDCF2C92D87C00BF91EE /* Debug configuration for PBXNativeTarget "visionOS" */,
				F3C3BDD02C92D87C00BF91EE /* Release configuration for PBXNativeTarget "visionOS" */,
			);
			defaultConfigurationName = Release;
		};
		F3E7EC352C676A13008CD17B /* Build configuration list for PBXProject "Device Specs" */ = {
			isa = XCConfigurationList;
			buildConfigurations = (
				F3E7EC472C676A14008CD17B /* Debug configuration for PBXProject "Device Specs" */,
				F3E7EC482C676A14008CD17B /* Release configuration for PBXProject "Device Specs" */,
			);
			defaultConfigurationName = Release;
		};
		F3E7EC492C676A14008CD17B /* Build configuration list for PBXNativeTarget "iOS" */ = {
			isa = XCConfigurationList;
			buildConfigurations = (
				F3E7EC4A2C676A14008CD17B /* Debug configuration for PBXNativeTarget "iOS" */,
				F3E7EC4B2C676A14008CD17B /* Release configuration for PBXNativeTarget "iOS" */,
			);
			defaultConfigurationName = Release;
		};
		F3F85ED82C94AF5B00AE0A1D /* Build configuration list for PBXNativeTarget "tvOS" */ = {
			isa = XCConfigurationList;
			buildConfigurations = (
				F3F85ED92C94AF5B00AE0A1D /* Debug configuration for PBXNativeTarget "tvOS" */,
				F3F85EDA2C94AF5B00AE0A1D /* Release configuration for PBXNativeTarget "tvOS" */,
			);
			defaultConfigurationName = Release;
		};
		F3F85F1A2C962C4700AE0A1D /* Build configuration list for PBXNativeTarget "macOS" */ = {
			isa = XCConfigurationList;
			buildConfigurations = (
				F3F85F1B2C962C4700AE0A1D /* Debug configuration for PBXNativeTarget "macOS" */,
				F3F85F1C2C962C4700AE0A1D /* Release configuration for PBXNativeTarget "macOS" */,
			);
			defaultConfigurationName = Release;
		};
		F3F85F3A2C96491700AE0A1D /* Build configuration list for PBXNativeTarget "Unit Tests" */ = {
			isa = XCConfigurationList;
			buildConfigurations = (
				F3F85F3B2C96491700AE0A1D /* Debug configuration for PBXNativeTarget "Unit Tests" */,
				F3F85F3C2C96491700AE0A1D /* Release configuration for PBXNativeTarget "Unit Tests" */,
			);
			defaultConfigurationName = Release;
		};
/* End XCConfigurationList section */

/* Begin XCRemoteSwiftPackageReference section */
		F329E1822D37CA7D007BA9D1 /* XCRemoteSwiftPackageReference "SafariCover" */ = {
			isa = XCRemoteSwiftPackageReference;
			repositoryURL = "https://github.com/TopScrech/SafariCover";
			requirement = {
				kind = upToNextMajorVersion;
				minimumVersion = 1.2.0;
			};
		};
		F357214B2C98584100967ACA /* XCRemoteSwiftPackageReference "ScrechCam" */ = {
			isa = XCRemoteSwiftPackageReference;
			repositoryURL = "https://github.com/TopScrech/ScrechCam";
			requirement = {
				branch = main;
				kind = branch;
			};
		};
		F358F0212D2C185800BCC07B /* XCRemoteSwiftPackageReference "LaunchAtLogin" */ = {
			isa = XCRemoteSwiftPackageReference;
			repositoryURL = "https://github.com/TopScrech/LaunchAtLogin";
			requirement = {
				branch = main;
				kind = branch;
			};
		};
		F3C68AC82CAFCD3E0021B6F3 /* XCRemoteSwiftPackageReference "MailCover" */ = {
			isa = XCRemoteSwiftPackageReference;
			repositoryURL = "https://github.com/TopScrech/MailCover";
			requirement = {
				branch = main;
				kind = branch;
			};
		};
		F3C68AE52CAFD7C80021B6F3 /* XCRemoteSwiftPackageReference "HealthyKit" */ = {
			isa = XCRemoteSwiftPackageReference;
			repositoryURL = "https://github.com/TopScrech/HealthyKit";
			requirement = {
				branch = main;
				kind = branch;
			};
		};
		F3E7EC942C67B99E008CD17B /* XCRemoteSwiftPackageReference "ScrechKit" */ = {
			isa = XCRemoteSwiftPackageReference;
			repositoryURL = "https://github.com/TopScrech/ScrechKit";
			requirement = {
				branch = main;
				kind = branch;
			};
		};
		F3E7EC972C67B9A8008CD17B /* XCRemoteSwiftPackageReference "DeviceKit" */ = {
			isa = XCRemoteSwiftPackageReference;
			repositoryURL = "https://github.com/devicekit/DeviceKit";
			requirement = {
				branch = master;
				kind = branch;
			};
		};
		F3F5AD602E880F05007AD97D /* XCRemoteSwiftPackageReference "Appearance" */ = {
			isa = XCRemoteSwiftPackageReference;
			repositoryURL = "https://github.com/TopScrech/Appearance";
			requirement = {
				branch = main;
				kind = branch;
			};
		};
/* End XCRemoteSwiftPackageReference section */

/* Begin XCSwiftPackageProductDependency section */
		F31D32042DDC8CCB00E7B121 /* ScrechKit */ = {
			isa = XCSwiftPackageProductDependency;
			package = F3E7EC942C67B99E008CD17B /* XCRemoteSwiftPackageReference "ScrechKit" */;
			productName = ScrechKit;
		};
		F31D32062DDC8CD300E7B121 /* ScrechKit */ = {
			isa = XCSwiftPackageProductDependency;
			package = F3E7EC942C67B99E008CD17B /* XCRemoteSwiftPackageReference "ScrechKit" */;
			productName = ScrechKit;
		};
		F31D32082DDC8CDA00E7B121 /* ScrechKit */ = {
			isa = XCSwiftPackageProductDependency;
			package = F3E7EC942C67B99E008CD17B /* XCRemoteSwiftPackageReference "ScrechKit" */;
			productName = ScrechKit;
		};
		F31D320A2DDC8CDE00E7B121 /* ScrechKit */ = {
			isa = XCSwiftPackageProductDependency;
			package = F3E7EC942C67B99E008CD17B /* XCRemoteSwiftPackageReference "ScrechKit" */;
			productName = ScrechKit;
		};
		F31D320C2DDC8CE400E7B121 /* ScrechKit */ = {
			isa = XCSwiftPackageProductDependency;
			package = F3E7EC942C67B99E008CD17B /* XCRemoteSwiftPackageReference "ScrechKit" */;
			productName = ScrechKit;
		};
		F31D320E2DDC8CEA00E7B121 /* ScrechKit */ = {
			isa = XCSwiftPackageProductDependency;
			package = F3E7EC942C67B99E008CD17B /* XCRemoteSwiftPackageReference "ScrechKit" */;
			productName = ScrechKit;
		};
		F329E1832D37CA7D007BA9D1 /* SafariCover */ = {
			isa = XCSwiftPackageProductDependency;
			package = F329E1822D37CA7D007BA9D1 /* XCRemoteSwiftPackageReference "SafariCover" */;
			productName = SafariCover;
		};
		F329E1852D37CB1E007BA9D1 /* SafariCover */ = {
			isa = XCSwiftPackageProductDependency;
			package = F329E1822D37CA7D007BA9D1 /* XCRemoteSwiftPackageReference "SafariCover" */;
			productName = SafariCover;
		};
		F329E1892D37CC60007BA9D1 /* SafariCover */ = {
			isa = XCSwiftPackageProductDependency;
			package = F329E1822D37CA7D007BA9D1 /* XCRemoteSwiftPackageReference "SafariCover" */;
			productName = SafariCover;
		};
		F357214C2C98584100967ACA /* ScrechCam */ = {
			isa = XCSwiftPackageProductDependency;
			package = F357214B2C98584100967ACA /* XCRemoteSwiftPackageReference "ScrechCam" */;
			productName = ScrechCam;
		};
		F358F0222D2C185800BCC07B /* LaunchAtLogin */ = {
			isa = XCSwiftPackageProductDependency;
			package = F358F0212D2C185800BCC07B /* XCRemoteSwiftPackageReference "LaunchAtLogin" */;
			productName = LaunchAtLogin;
		};
		F36F7FEC2CA0D2400007F120 /* DeviceKit */ = {
			isa = XCSwiftPackageProductDependency;
			package = F3E7EC972C67B9A8008CD17B /* XCRemoteSwiftPackageReference "DeviceKit" */;
			productName = DeviceKit;
		};
		F36F802A2CA0D5E90007F120 /* ScrechCam */ = {
			isa = XCSwiftPackageProductDependency;
			package = F357214B2C98584100967ACA /* XCRemoteSwiftPackageReference "ScrechCam" */;
			productName = ScrechCam;
		};
		F36FBCCD2C944B1700F5E174 /* DeviceKit */ = {
			isa = XCSwiftPackageProductDependency;
			package = F3E7EC972C67B9A8008CD17B /* XCRemoteSwiftPackageReference "DeviceKit" */;
			productName = DeviceKit;
		};
		F3C3BDDC2C92DAAA00BF91EE /* DeviceKit */ = {
			isa = XCSwiftPackageProductDependency;
			package = F3E7EC972C67B9A8008CD17B /* XCRemoteSwiftPackageReference "DeviceKit" */;
			productName = DeviceKit;
		};
		F3C68AC92CAFCD3E0021B6F3 /* MailCover */ = {
			isa = XCSwiftPackageProductDependency;
			package = F3C68AC82CAFCD3E0021B6F3 /* XCRemoteSwiftPackageReference "MailCover" */;
			productName = MailCover;
		};
		F3C68AD12CAFCDD20021B6F3 /* MailCover */ = {
			isa = XCSwiftPackageProductDependency;
			package = F3C68AC82CAFCD3E0021B6F3 /* XCRemoteSwiftPackageReference "MailCover" */;
			productName = MailCover;
		};
		F3C68AD32CAFCE750021B6F3 /* MailCover */ = {
			isa = XCSwiftPackageProductDependency;
			package = F3C68AC82CAFCD3E0021B6F3 /* XCRemoteSwiftPackageReference "MailCover" */;
			productName = MailCover;
		};
		F3C68AE62CAFD7C80021B6F3 /* HealthyKit */ = {
			isa = XCSwiftPackageProductDependency;
			package = F3C68AE52CAFD7C80021B6F3 /* XCRemoteSwiftPackageReference "HealthyKit" */;
			productName = HealthyKit;
		};
		F3C68B082CB091F40021B6F3 /* HealthyKit */ = {
			isa = XCSwiftPackageProductDependency;
			package = F3C68AE52CAFD7C80021B6F3 /* XCRemoteSwiftPackageReference "HealthyKit" */;
			productName = HealthyKit;
		};
		F3E7EC982C67B9A8008CD17B /* DeviceKit */ = {
			isa = XCSwiftPackageProductDependency;
			package = F3E7EC972C67B9A8008CD17B /* XCRemoteSwiftPackageReference "DeviceKit" */;
			productName = DeviceKit;
		};
		F3F5AD612E880F05007AD97D /* Appearance */ = {
			isa = XCSwiftPackageProductDependency;
			package = F3F5AD602E880F05007AD97D /* XCRemoteSwiftPackageReference "Appearance" */;
			productName = Appearance;
		};
		F3F5AD632E885D96007AD97D /* Appearance */ = {
			isa = XCSwiftPackageProductDependency;
			package = F3F5AD602E880F05007AD97D /* XCRemoteSwiftPackageReference "Appearance" */;
			productName = Appearance;
		};
		F3F5AD772E886162007AD97D /* Appearance */ = {
			isa = XCSwiftPackageProductDependency;
			package = F3F5AD602E880F05007AD97D /* XCRemoteSwiftPackageReference "Appearance" */;
			productName = Appearance;
		};
		F3F85EE22C957CF700AE0A1D /* DeviceKit */ = {
			isa = XCSwiftPackageProductDependency;
			package = F3E7EC972C67B9A8008CD17B /* XCRemoteSwiftPackageReference "DeviceKit" */;
			productName = DeviceKit;
		};
		F3F85F282C962EC900AE0A1D /* DeviceKit */ = {
			isa = XCSwiftPackageProductDependency;
			package = F3E7EC972C67B9A8008CD17B /* XCRemoteSwiftPackageReference "DeviceKit" */;
			productName = DeviceKit;
		};
/* End XCSwiftPackageProductDependency section */
	};
	rootObject = F3E7EC322C676A13008CD17B /* Project object */;
}
