// !$*UTF8*$!
{
	archiveVersion = 1;
	classes = {
	};
	objectVersion = 63;
	objects = {

/* Begin PBXBuildFile section */
		F3187A502C898B37008FB911 /* Nav State.swift in Sources */ = {isa = PBXBuildFile; fileRef = F3187A4F2C898B37008FB911 /* Nav State.swift */; };
		F3187A532C898B62008FB911 /* Nav Destinations.swift in Sources */ = {isa = PBXBuildFile; fileRef = F3187A522C898B62008FB911 /* Nav Destinations.swift */; };
		F3187A552C898B7E008FB911 /* Nav Extension.swift in Sources */ = {isa = PBXBuildFile; fileRef = F3187A542C898B7E008FB911 /* Nav Extension.swift */; };
		F36FBC4C2C9319D200F5E174 /* Network View.swift in Sources */ = {isa = PBXBuildFile; fileRef = F3E7EC612C67B985008CD17B /* Network View.swift */; };
		F36FBC4D2C9319D600F5E174 /* Wifi VM.swift in Sources */ = {isa = PBXBuildFile; fileRef = F3E7EC622C67B985008CD17B /* Wifi VM.swift */; };
		F36FBC4E2C9319DB00F5E174 /* Network VM.swift in Sources */ = {isa = PBXBuildFile; fileRef = F3E7EC632C67B985008CD17B /* Network VM.swift */; };
		F36FBC562C931C1000F5E174 /* Sensors View.swift in Sources */ = {isa = PBXBuildFile; fileRef = F36FBC552C931C1000F5E174 /* Sensors View.swift */; };
		F36FBC5E2C931C7500F5E174 /* Orientation VM.swift in Sources */ = {isa = PBXBuildFile; fileRef = F36FBC5D2C931C7500F5E174 /* Orientation VM.swift */; };
		F36FBC602C931CBD00F5E174 /* Location VM.swift in Sources */ = {isa = PBXBuildFile; fileRef = F36FBC5F2C931CBD00F5E174 /* Location VM.swift */; };
		F36FBC622C931E2600F5E174 /* AltitudeVM.swift in Sources */ = {isa = PBXBuildFile; fileRef = F36FBC612C931E2600F5E174 /* AltitudeVM.swift */; };
		F36FBC642C9353FF00F5E174 /* Processor View.swift in Sources */ = {isa = PBXBuildFile; fileRef = F36FBC632C9353FF00F5E174 /* Processor View.swift */; };
		F36FBC652C9353FF00F5E174 /* Processor View.swift in Sources */ = {isa = PBXBuildFile; fileRef = F36FBC632C9353FF00F5E174 /* Processor View.swift */; };
		F36FBC672C93542700F5E174 /* Processor VM.swift in Sources */ = {isa = PBXBuildFile; fileRef = F36FBC662C93542700F5E174 /* Processor VM.swift */; };
		F36FBC682C93542700F5E174 /* Processor VM.swift in Sources */ = {isa = PBXBuildFile; fileRef = F36FBC662C93542700F5E174 /* Processor VM.swift */; };
		F36FBC6B2C9413E100F5E174 /* CPU Usage Chart.swift in Sources */ = {isa = PBXBuildFile; fileRef = F36FBC6A2C9413E100F5E174 /* CPU Usage Chart.swift */; };
		F36FBC6C2C9413E100F5E174 /* CPU Usage Chart.swift in Sources */ = {isa = PBXBuildFile; fileRef = F36FBC6A2C9413E100F5E174 /* CPU Usage Chart.swift */; };
		F36FBC6F2C941F6200F5E174 /* Accessibility View.swift in Sources */ = {isa = PBXBuildFile; fileRef = F36FBC6E2C941F6200F5E174 /* Accessibility View.swift */; };
		F36FBC732C942F7600F5E174 /* Assets.xcassets in Resources */ = {isa = PBXBuildFile; fileRef = F36FBC722C942F7600F5E174 /* Assets.xcassets */; };
		F36FBCB42C9449A300F5E174 /* watchOS App.swift in Sources */ = {isa = PBXBuildFile; fileRef = F36FBCB32C9449A200F5E174 /* watchOS App.swift */; };
		F36FBCB62C9449A300F5E174 /* Home View.swift in Sources */ = {isa = PBXBuildFile; fileRef = F36FBCB52C9449A300F5E174 /* Home View.swift */; };
		F36FBCBE2C9449A300F5E174 /* watchOS.app in Embed Watch Content */ = {isa = PBXBuildFile; fileRef = F36FBCB12C9449A200F5E174 /* watchOS.app */; settings = {ATTRIBUTES = (RemoveHeadersOnCopy, ); }; };
		F36FBCC92C944A5B00F5E174 /* Battery VM.swift in Sources */ = {isa = PBXBuildFile; fileRef = F36FBCC82C944A5B00F5E174 /* Battery VM.swift */; };
		F36FBCCA2C944B0300F5E174 /* Battery Specs.swift in Sources */ = {isa = PBXBuildFile; fileRef = F3E7EC5A2C67B985008CD17B /* Battery Specs.swift */; };
		F36FBCCC2C944B1300F5E174 /* ScrechKit in Frameworks */ = {isa = PBXBuildFile; productRef = F36FBCCB2C944B1300F5E174 /* ScrechKit */; };
		F36FBCCE2C944B1700F5E174 /* DeviceKit in Frameworks */ = {isa = PBXBuildFile; productRef = F36FBCCD2C944B1700F5E174 /* DeviceKit */; };
		F36FBCD02C944B5000F5E174 /* App Container.swift in Sources */ = {isa = PBXBuildFile; fileRef = F36FBCCF2C944B5000F5E174 /* App Container.swift */; };
		F36FBCD12C944BC800F5E174 /* Assets.xcassets in Resources */ = {isa = PBXBuildFile; fileRef = F3E7EC412C676A14008CD17B /* Assets.xcassets */; };
		F36FBCD42C944DA200F5E174 /* Accessibility VM.swift in Sources */ = {isa = PBXBuildFile; fileRef = F36FBCD32C944DA200F5E174 /* Accessibility VM.swift */; };
		F3C3BDD42C92D8E000BF91EE /* Device Specs.swift in Sources */ = {isa = PBXBuildFile; fileRef = F3C3BDD32C92D8E000BF91EE /* Device Specs.swift */; };
		F3C3BDD62C92D8F600BF91EE /* App Container.swift in Sources */ = {isa = PBXBuildFile; fileRef = F3C3BDD52C92D8F600BF91EE /* App Container.swift */; };
		F3C3BDD82C92D90700BF91EE /* Home View.swift in Sources */ = {isa = PBXBuildFile; fileRef = F3C3BDD72C92D90700BF91EE /* Home View.swift */; };
		F3C3BDD92C92D99300BF91EE /* Device View.swift in Sources */ = {isa = PBXBuildFile; fileRef = F3E7EC512C67B985008CD17B /* Device View.swift */; };
		F3C3BDDA2C92D99900BF91EE /* Device VM.swift in Sources */ = {isa = PBXBuildFile; fileRef = F3E7EC522C67B985008CD17B /* Device VM.swift */; };
		F3C3BDDD2C92DAAA00BF91EE /* DeviceKit in Frameworks */ = {isa = PBXBuildFile; productRef = F3C3BDDC2C92DAAA00BF91EE /* DeviceKit */; };
		F3C3BDDF2C92DAB000BF91EE /* ScrechKit in Frameworks */ = {isa = PBXBuildFile; productRef = F3C3BDDE2C92DAB000BF91EE /* ScrechKit */; };
		F3C3BDE02C92DB9300BF91EE /* Ram VM.swift in Sources */ = {isa = PBXBuildFile; fileRef = F3E7EC5F2C67B985008CD17B /* Ram VM.swift */; };
		F3C3BDE12C92DB9800BF91EE /* Storage VM.swift in Sources */ = {isa = PBXBuildFile; fileRef = F3E7EC5E2C67B985008CD17B /* Storage VM.swift */; };
		F3C3BDE22C92DB9D00BF91EE /* Memory View.swift in Sources */ = {isa = PBXBuildFile; fileRef = F3E7EC5D2C67B985008CD17B /* Memory View.swift */; };
		F3C3BDE32C92DBF700BF91EE /* Battery Specs.swift in Sources */ = {isa = PBXBuildFile; fileRef = F3E7EC5A2C67B985008CD17B /* Battery Specs.swift */; };
		F3C3BDE42C92DBFB00BF91EE /* Battery VM.swift in Sources */ = {isa = PBXBuildFile; fileRef = F3E7EC5B2C67B985008CD17B /* Battery VM.swift */; };
		F3C3BDE82C92DCA300BF91EE /* Display Specs.swift in Sources */ = {isa = PBXBuildFile; fileRef = F3C3BDE72C92DCA300BF91EE /* Display Specs.swift */; };
		F3E7EC3E2C676A13008CD17B /* Device Specs.swift in Sources */ = {isa = PBXBuildFile; fileRef = F3E7EC3D2C676A13008CD17B /* Device Specs.swift */; };
		F3E7EC422C676A14008CD17B /* Assets.xcassets in Resources */ = {isa = PBXBuildFile; fileRef = F3E7EC412C676A14008CD17B /* Assets.xcassets */; };
		F3E7EC762C67B985008CD17B /* Test List.swift in Sources */ = {isa = PBXBuildFile; fileRef = F3E7EC6C2C67B985008CD17B /* Test List.swift */; };
		F3E7EC772C67B985008CD17B /* Network View.swift in Sources */ = {isa = PBXBuildFile; fileRef = F3E7EC612C67B985008CD17B /* Network View.swift */; };
		F3E7EC782C67B985008CD17B /* List Link.swift in Sources */ = {isa = PBXBuildFile; fileRef = F3E7EC4F2C67B985008CD17B /* List Link.swift */; };
		F3E7EC792C67B985008CD17B /* Activity VM.swift in Sources */ = {isa = PBXBuildFile; fileRef = F3E7EC6A2C67B985008CD17B /* Activity VM.swift */; };
		F3E7EC7A2C67B985008CD17B /* Device View.swift in Sources */ = {isa = PBXBuildFile; fileRef = F3E7EC512C67B985008CD17B /* Device View.swift */; };
		F3E7EC7B2C67B985008CD17B /* Device VM.swift in Sources */ = {isa = PBXBuildFile; fileRef = F3E7EC522C67B985008CD17B /* Device VM.swift */; };
		F3E7EC7C2C67B985008CD17B /* Altitude VM.swift in Sources */ = {isa = PBXBuildFile; fileRef = F3E7EC692C67B985008CD17B /* Altitude VM.swift */; };
		F3E7EC7D2C67B985008CD17B /* Camera Specs.swift in Sources */ = {isa = PBXBuildFile; fileRef = F3E7EC572C67B985008CD17B /* Camera Specs.swift */; };
		F3E7EC7E2C67B985008CD17B /* Nearby VM.swift in Sources */ = {isa = PBXBuildFile; fileRef = F3E7EC702C67B985008CD17B /* Nearby VM.swift */; };
		F3E7EC7F2C67B985008CD17B /* Storage VM.swift in Sources */ = {isa = PBXBuildFile; fileRef = F3E7EC5E2C67B985008CD17B /* Storage VM.swift */; };
		F3E7EC802C67B985008CD17B /* Display VM.swift in Sources */ = {isa = PBXBuildFile; fileRef = F3E7EC552C67B985008CD17B /* Display VM.swift */; };
		F3E7EC812C67B985008CD17B /* Network VM.swift in Sources */ = {isa = PBXBuildFile; fileRef = F3E7EC632C67B985008CD17B /* Network VM.swift */; };
		F3E7EC822C67B985008CD17B /* Location VM.swift in Sources */ = {isa = PBXBuildFile; fileRef = F3E7EC662C67B985008CD17B /* Location VM.swift */; };
		F3E7EC832C67B985008CD17B /* MCP Session.swift in Sources */ = {isa = PBXBuildFile; fileRef = F3E7EC712C67B985008CD17B /* MCP Session.swift */; };
		F3E7EC842C67B985008CD17B /* UWB Test View.swift in Sources */ = {isa = PBXBuildFile; fileRef = F3E7EC6F2C67B985008CD17B /* UWB Test View.swift */; };
		F3E7EC852C67B985008CD17B /* Sensors View.swift in Sources */ = {isa = PBXBuildFile; fileRef = F3E7EC652C67B985008CD17B /* Sensors View.swift */; };
		F3E7EC862C67B985008CD17B /* Color Test View.swift in Sources */ = {isa = PBXBuildFile; fileRef = F3E7EC6D2C67B985008CD17B /* Color Test View.swift */; };
		F3E7EC872C67B985008CD17B /* Orientation VM.swift in Sources */ = {isa = PBXBuildFile; fileRef = F3E7EC672C67B985008CD17B /* Orientation VM.swift */; };
		F3E7EC882C67B985008CD17B /* Math Utilities.swift in Sources */ = {isa = PBXBuildFile; fileRef = F3E7EC722C67B985008CD17B /* Math Utilities.swift */; };
		F3E7EC892C67B985008CD17B /* Battery Specs.swift in Sources */ = {isa = PBXBuildFile; fileRef = F3E7EC5A2C67B985008CD17B /* Battery Specs.swift */; };
		F3E7EC8A2C67B985008CD17B /* Battery VM.swift in Sources */ = {isa = PBXBuildFile; fileRef = F3E7EC5B2C67B985008CD17B /* Battery VM.swift */; };
		F3E7EC8B2C67B985008CD17B /* Bluetooth VM.swift in Sources */ = {isa = PBXBuildFile; fileRef = F3E7EC502C67B985008CD17B /* Bluetooth VM.swift */; };
		F3E7EC8C2C67B985008CD17B /* Display View.swift in Sources */ = {isa = PBXBuildFile; fileRef = F3E7EC542C67B985008CD17B /* Display View.swift */; };
		F3E7EC8D2C67B985008CD17B /* Ram VM.swift in Sources */ = {isa = PBXBuildFile; fileRef = F3E7EC5F2C67B985008CD17B /* Ram VM.swift */; };
		F3E7EC8E2C67B985008CD17B /* Camera VM.swift in Sources */ = {isa = PBXBuildFile; fileRef = F3E7EC582C67B985008CD17B /* Camera VM.swift */; };
		F3E7EC8F2C67B985008CD17B /* Memory View.swift in Sources */ = {isa = PBXBuildFile; fileRef = F3E7EC5D2C67B985008CD17B /* Memory View.swift */; };
		F3E7EC902C67B985008CD17B /* Device Info.swift in Sources */ = {isa = PBXBuildFile; fileRef = F3E7EC4D2C67B985008CD17B /* Device Info.swift */; };
		F3E7EC912C67B985008CD17B /* Home View.swift in Sources */ = {isa = PBXBuildFile; fileRef = F3E7EC4E2C67B985008CD17B /* Home View.swift */; };
		F3E7EC922C67B985008CD17B /* Wifi VM.swift in Sources */ = {isa = PBXBuildFile; fileRef = F3E7EC622C67B985008CD17B /* Wifi VM.swift */; };
		F3E7EC932C67B985008CD17B /* Pressure VM.swift in Sources */ = {isa = PBXBuildFile; fileRef = F3E7EC682C67B985008CD17B /* Pressure VM.swift */; };
		F3E7EC962C67B99E008CD17B /* ScrechKit in Frameworks */ = {isa = PBXBuildFile; productRef = F3E7EC952C67B99E008CD17B /* ScrechKit */; };
		F3E7EC992C67B9A8008CD17B /* DeviceKit in Frameworks */ = {isa = PBXBuildFile; productRef = F3E7EC982C67B9A8008CD17B /* DeviceKit */; };
		F3E7EC9B2C67B9CF008CD17B /* App Container.swift in Sources */ = {isa = PBXBuildFile; fileRef = F3E7EC9A2C67B9CF008CD17B /* App Container.swift */; };
		F3E7EC9E2C680561008CD17B /* Torch VM.swift in Sources */ = {isa = PBXBuildFile; fileRef = F3E7EC9D2C680561008CD17B /* Torch VM.swift */; };
		F3F85E8B2C94529A00AE0A1D /* Device-Specs-Info.plist in Resources */ = {isa = PBXBuildFile; fileRef = F3F85E8A2C94529A00AE0A1D /* Device-Specs-Info.plist */; };
		F3F85E8E2C9452CB00AE0A1D /* Accessibility Param.swift in Sources */ = {isa = PBXBuildFile; fileRef = F3F85E8D2C9452CB00AE0A1D /* Accessibility Param.swift */; };
		F3F85E912C9453AE00AE0A1D /* Accessibility View.swift in Sources */ = {isa = PBXBuildFile; fileRef = F36FBC6E2C941F6200F5E174 /* Accessibility View.swift */; };
		F3F85E922C9453AE00AE0A1D /* Accessibility Param.swift in Sources */ = {isa = PBXBuildFile; fileRef = F3F85E8D2C9452CB00AE0A1D /* Accessibility Param.swift */; };
		F3F85E932C9453AE00AE0A1D /* Accessibility VM.swift in Sources */ = {isa = PBXBuildFile; fileRef = F36FBCD32C944DA200F5E174 /* Accessibility VM.swift */; };
		F3F85E9E2C94863100AE0A1D /* Wifi VM.swift in Sources */ = {isa = PBXBuildFile; fileRef = F3F85E9D2C94863100AE0A1D /* Wifi VM.swift */; };
		F3F85E9F2C94865900AE0A1D /* Network VM.swift in Sources */ = {isa = PBXBuildFile; fileRef = F3E7EC632C67B985008CD17B /* Network VM.swift */; };
		F3F85EA12C9486C200AE0A1D /* Network View.swift in Sources */ = {isa = PBXBuildFile; fileRef = F3F85EA02C9486C200AE0A1D /* Network View.swift */; };
		F3F85EA22C94873000AE0A1D /* Processor View.swift in Sources */ = {isa = PBXBuildFile; fileRef = F36FBC632C9353FF00F5E174 /* Processor View.swift */; };
		F3F85EA32C94873000AE0A1D /* CPU Usage Chart.swift in Sources */ = {isa = PBXBuildFile; fileRef = F36FBC6A2C9413E100F5E174 /* CPU Usage Chart.swift */; };
		F3F85EA42C94873000AE0A1D /* Processor VM.swift in Sources */ = {isa = PBXBuildFile; fileRef = F36FBC662C93542700F5E174 /* Processor VM.swift */; };
		F3F85EA52C94883D00AE0A1D /* Device View.swift in Sources */ = {isa = PBXBuildFile; fileRef = F3E7EC512C67B985008CD17B /* Device View.swift */; };
		F3F85EA62C94883D00AE0A1D /* Device VM.swift in Sources */ = {isa = PBXBuildFile; fileRef = F3E7EC522C67B985008CD17B /* Device VM.swift */; };
		F3F85EA72C948A3300AE0A1D /* Ram VM.swift in Sources */ = {isa = PBXBuildFile; fileRef = F3E7EC5F2C67B985008CD17B /* Ram VM.swift */; };
		F3F85EA82C948A3300AE0A1D /* Storage VM.swift in Sources */ = {isa = PBXBuildFile; fileRef = F3E7EC5E2C67B985008CD17B /* Storage VM.swift */; };
		F3F85EA92C948A3300AE0A1D /* Memory View.swift in Sources */ = {isa = PBXBuildFile; fileRef = F3E7EC5D2C67B985008CD17B /* Memory View.swift */; };
		F3F85EAA2C948A5200AE0A1D /* Display View.swift in Sources */ = {isa = PBXBuildFile; fileRef = F3E7EC542C67B985008CD17B /* Display View.swift */; };
		F3F85EAB2C948A5200AE0A1D /* Display VM.swift in Sources */ = {isa = PBXBuildFile; fileRef = F3E7EC552C67B985008CD17B /* Display VM.swift */; };
		F3F85EB22C948C8A00AE0A1D /* Altitude VM.swift in Sources */ = {isa = PBXBuildFile; fileRef = F3E7EC692C67B985008CD17B /* Altitude VM.swift */; };
		F3F85EB32C948CB400AE0A1D /* Pressure VM.swift in Sources */ = {isa = PBXBuildFile; fileRef = F3E7EC682C67B985008CD17B /* Pressure VM.swift */; };
		F3F85EB62C948D0200AE0A1D /* Orientation VM.swift in Sources */ = {isa = PBXBuildFile; fileRef = F3F85EB52C948D0200AE0A1D /* Orientation VM.swift */; };
		F3F85EB72C948D3100AE0A1D /* Location VM.swift in Sources */ = {isa = PBXBuildFile; fileRef = F3E7EC662C67B985008CD17B /* Location VM.swift */; };
		F3F85EB92C948D4300AE0A1D /* Sensors View.swift in Sources */ = {isa = PBXBuildFile; fileRef = F3F85EB82C948D4300AE0A1D /* Sensors View.swift */; };
		F3F85EBA2C948D8700AE0A1D /* Activity VM.swift in Sources */ = {isa = PBXBuildFile; fileRef = F3E7EC6A2C67B985008CD17B /* Activity VM.swift */; };
		F3F85EBF2C948F6300AE0A1D /* Color Test View.swift in Sources */ = {isa = PBXBuildFile; fileRef = F3E7EC6D2C67B985008CD17B /* Color Test View.swift */; };
		F3F85EC12C948F9D00AE0A1D /* Test List.swift in Sources */ = {isa = PBXBuildFile; fileRef = F3F85EC02C948F9D00AE0A1D /* Test List.swift */; };
		F3F85EC52C9492F300AE0A1D /* Device Watch Info.swift in Sources */ = {isa = PBXBuildFile; fileRef = F3F85EC22C9492F300AE0A1D /* Device Watch Info.swift */; };
		F3F85ED02C94AF5A00AE0A1D /* tvOS App.swift in Sources */ = {isa = PBXBuildFile; fileRef = F3F85ECF2C94AF5A00AE0A1D /* tvOS App.swift */; };
		F3F85ED42C94AF5B00AE0A1D /* Assets.xcassets in Resources */ = {isa = PBXBuildFile; fileRef = F3F85ED32C94AF5B00AE0A1D /* Assets.xcassets */; };
		F3F85EDD2C94DD6800AE0A1D /* App Container.swift in Sources */ = {isa = PBXBuildFile; fileRef = F3F85EDC2C94DD6800AE0A1D /* App Container.swift */; };
		F3F85EDF2C94DD7900AE0A1D /* Home View.swift in Sources */ = {isa = PBXBuildFile; fileRef = F3F85EDE2C94DD7900AE0A1D /* Home View.swift */; };
		F3F85EE12C957CF500AE0A1D /* ScrechKit in Frameworks */ = {isa = PBXBuildFile; productRef = F3F85EE02C957CF500AE0A1D /* ScrechKit */; };
		F3F85EE32C957CF700AE0A1D /* DeviceKit in Frameworks */ = {isa = PBXBuildFile; productRef = F3F85EE22C957CF700AE0A1D /* DeviceKit */; };
		F3F85EE42C957D4F00AE0A1D /* Test List.swift in Sources */ = {isa = PBXBuildFile; fileRef = F3F85EC02C948F9D00AE0A1D /* Test List.swift */; };
		F3F85EE52C957D5900AE0A1D /* Color Test View.swift in Sources */ = {isa = PBXBuildFile; fileRef = F3E7EC6D2C67B985008CD17B /* Color Test View.swift */; };
		F3F85EE62C957ED300AE0A1D /* Accessibility VM.swift in Sources */ = {isa = PBXBuildFile; fileRef = F36FBCD32C944DA200F5E174 /* Accessibility VM.swift */; };
		F3F85EE72C957EDA00AE0A1D /* Accessibility Param.swift in Sources */ = {isa = PBXBuildFile; fileRef = F3F85E8D2C9452CB00AE0A1D /* Accessibility Param.swift */; };
		F3F85EE82C957EE200AE0A1D /* Accessibility View.swift in Sources */ = {isa = PBXBuildFile; fileRef = F36FBC6E2C941F6200F5E174 /* Accessibility View.swift */; };
		F3F85EEA2C957F9100AE0A1D /* Accessibility Item.swift in Sources */ = {isa = PBXBuildFile; fileRef = F3F85EE92C957F9100AE0A1D /* Accessibility Item.swift */; };
		F3F85EEB2C957F9100AE0A1D /* Accessibility Item.swift in Sources */ = {isa = PBXBuildFile; fileRef = F3F85EE92C957F9100AE0A1D /* Accessibility Item.swift */; };
		F3F85EEF2C95801D00AE0A1D /* Accessibility Item.swift in Sources */ = {isa = PBXBuildFile; fileRef = F3F85EE92C957F9100AE0A1D /* Accessibility Item.swift */; };
		F3F85EF12C9580AD00AE0A1D /* Display VM.swift in Sources */ = {isa = PBXBuildFile; fileRef = F3E7EC552C67B985008CD17B /* Display VM.swift */; };
		F3F85EF32C9582EA00AE0A1D /* Display Specs.swift in Sources */ = {isa = PBXBuildFile; fileRef = F3F85EF22C9582EA00AE0A1D /* Display Specs.swift */; };
		F3F85EF42C9583E400AE0A1D /* Device VM.swift in Sources */ = {isa = PBXBuildFile; fileRef = F3E7EC522C67B985008CD17B /* Device VM.swift */; };
		F3F85EF52C9583EB00AE0A1D /* Device View.swift in Sources */ = {isa = PBXBuildFile; fileRef = F3E7EC512C67B985008CD17B /* Device View.swift */; };
		F3F85EF62C95854E00AE0A1D /* Processor VM.swift in Sources */ = {isa = PBXBuildFile; fileRef = F36FBC662C93542700F5E174 /* Processor VM.swift */; };
		F3F85EF72C95854E00AE0A1D /* Processor View.swift in Sources */ = {isa = PBXBuildFile; fileRef = F36FBC632C9353FF00F5E174 /* Processor View.swift */; };
		F3F85EF82C95854E00AE0A1D /* CPU Usage Chart.swift in Sources */ = {isa = PBXBuildFile; fileRef = F36FBC6A2C9413E100F5E174 /* CPU Usage Chart.swift */; };
		F3F85EFB2C95857C00AE0A1D /* GPU Families.swift in Sources */ = {isa = PBXBuildFile; fileRef = F3F85EF92C95857C00AE0A1D /* GPU Families.swift */; };
		F3F85EFC2C95857C00AE0A1D /* GPU Families.swift in Sources */ = {isa = PBXBuildFile; fileRef = F3F85EF92C95857C00AE0A1D /* GPU Families.swift */; };
		F3F85EFD2C95857C00AE0A1D /* GPU Families.swift in Sources */ = {isa = PBXBuildFile; fileRef = F3F85EF92C95857C00AE0A1D /* GPU Families.swift */; };
		F3F85EFE2C95875C00AE0A1D /* Memory View.swift in Sources */ = {isa = PBXBuildFile; fileRef = F3E7EC5D2C67B985008CD17B /* Memory View.swift */; };
		F3F85EFF2C95875C00AE0A1D /* Storage VM.swift in Sources */ = {isa = PBXBuildFile; fileRef = F3E7EC5E2C67B985008CD17B /* Storage VM.swift */; };
		F3F85F002C95875C00AE0A1D /* Ram VM.swift in Sources */ = {isa = PBXBuildFile; fileRef = F3E7EC5F2C67B985008CD17B /* Ram VM.swift */; };
		F3F85F032C9587C400AE0A1D /* Network VM.swift in Sources */ = {isa = PBXBuildFile; fileRef = F3E7EC632C67B985008CD17B /* Network VM.swift */; };
		F3F85F042C95880600AE0A1D /* Wifi VM.swift in Sources */ = {isa = PBXBuildFile; fileRef = F3F85E9D2C94863100AE0A1D /* Wifi VM.swift */; };
		F3F85F062C9588BE00AE0A1D /* Network View.swift in Sources */ = {isa = PBXBuildFile; fileRef = F3F85F052C9588BE00AE0A1D /* Network View.swift */; };
/* End PBXBuildFile section */

/* Begin PBXContainerItemProxy section */
		F36FBCBC2C9449A300F5E174 /* PBXContainerItemProxy */ = {
			isa = PBXContainerItemProxy;
			containerPortal = F3E7EC322C676A13008CD17B /* Project object */;
			proxyType = 1;
			remoteGlobalIDString = F36FBCB02C9449A200F5E174;
			remoteInfo = "watchOS Watch App";
		};
/* End PBXContainerItemProxy section */

/* Begin PBXCopyFilesBuildPhase section */
		F36FBCBF2C9449A300F5E174 /* Embed Watch Content */ = {
			isa = PBXCopyFilesBuildPhase;
			buildActionMask = 2147483647;
			dstPath = "$(CONTENTS_FOLDER_PATH)/Watch";
			dstSubfolderSpec = 16;
			files = (
				F36FBCBE2C9449A300F5E174 /* watchOS.app in Embed Watch Content */,
			);
			name = "Embed Watch Content";
			runOnlyForDeploymentPostprocessing = 0;
		};
/* End PBXCopyFilesBuildPhase section */

/* Begin PBXFileReference section */
		F3187A4F2C898B37008FB911 /* Nav State.swift */ = {isa = PBXFileReference; lastKnownFileType = sourcecode.swift; path = "Nav State.swift"; sourceTree = "<group>"; };
		F3187A522C898B62008FB911 /* Nav Destinations.swift */ = {isa = PBXFileReference; lastKnownFileType = sourcecode.swift; path = "Nav Destinations.swift"; sourceTree = "<group>"; };
		F3187A542C898B7E008FB911 /* Nav Extension.swift */ = {isa = PBXFileReference; lastKnownFileType = sourcecode.swift; path = "Nav Extension.swift"; sourceTree = "<group>"; };
		F36FBC4A2C93127000F5E174 /* visionOS.entitlements */ = {isa = PBXFileReference; lastKnownFileType = text.plist.entitlements; path = visionOS.entitlements; sourceTree = "<group>"; };
		F36FBC552C931C1000F5E174 /* Sensors View.swift */ = {isa = PBXFileReference; lastKnownFileType = sourcecode.swift; path = "Sensors View.swift"; sourceTree = "<group>"; };
		F36FBC5D2C931C7500F5E174 /* Orientation VM.swift */ = {isa = PBXFileReference; lastKnownFileType = sourcecode.swift; path = "Orientation VM.swift"; sourceTree = "<group>"; };
		F36FBC5F2C931CBD00F5E174 /* Location VM.swift */ = {isa = PBXFileReference; lastKnownFileType = sourcecode.swift; path = "Location VM.swift"; sourceTree = "<group>"; };
		F36FBC612C931E2600F5E174 /* AltitudeVM.swift */ = {isa = PBXFileReference; lastKnownFileType = sourcecode.swift; path = AltitudeVM.swift; sourceTree = "<group>"; };
		F36FBC632C9353FF00F5E174 /* Processor View.swift */ = {isa = PBXFileReference; lastKnownFileType = sourcecode.swift; path = "Processor View.swift"; sourceTree = "<group>"; };
		F36FBC662C93542700F5E174 /* Processor VM.swift */ = {isa = PBXFileReference; lastKnownFileType = sourcecode.swift; path = "Processor VM.swift"; sourceTree = "<group>"; };
		F36FBC6A2C9413E100F5E174 /* CPU Usage Chart.swift */ = {isa = PBXFileReference; lastKnownFileType = sourcecode.swift; path = "CPU Usage Chart.swift"; sourceTree = "<group>"; };
		F36FBC6E2C941F6200F5E174 /* Accessibility View.swift */ = {isa = PBXFileReference; lastKnownFileType = sourcecode.swift; path = "Accessibility View.swift"; sourceTree = "<group>"; };
		F36FBC722C942F7600F5E174 /* Assets.xcassets */ = {isa = PBXFileReference; lastKnownFileType = folder.assetcatalog; path = Assets.xcassets; sourceTree = "<group>"; };
		F36FBCB12C9449A200F5E174 /* watchOS.app */ = {isa = PBXFileReference; explicitFileType = wrapper.application; includeInIndex = 0; path = watchOS.app; sourceTree = BUILT_PRODUCTS_DIR; };
		F36FBCB32C9449A200F5E174 /* watchOS App.swift */ = {isa = PBXFileReference; lastKnownFileType = sourcecode.swift; path = "watchOS App.swift"; sourceTree = "<group>"; };
		F36FBCB52C9449A300F5E174 /* Home View.swift */ = {isa = PBXFileReference; lastKnownFileType = sourcecode.swift; path = "Home View.swift"; sourceTree = "<group>"; };
		F36FBCC82C944A5B00F5E174 /* Battery VM.swift */ = {isa = PBXFileReference; lastKnownFileType = sourcecode.swift; path = "Battery VM.swift"; sourceTree = "<group>"; };
		F36FBCCF2C944B5000F5E174 /* App Container.swift */ = {isa = PBXFileReference; lastKnownFileType = sourcecode.swift; path = "App Container.swift"; sourceTree = "<group>"; };
		F36FBCD32C944DA200F5E174 /* Accessibility VM.swift */ = {isa = PBXFileReference; lastKnownFileType = sourcecode.swift; path = "Accessibility VM.swift"; sourceTree = "<group>"; };
		F3C3BDBD2C92D87C00BF91EE /* visionOS.app */ = {isa = PBXFileReference; explicitFileType = wrapper.application; includeInIndex = 0; path = visionOS.app; sourceTree = BUILT_PRODUCTS_DIR; };
		F3C3BDCC2C92D87C00BF91EE /* Info.plist */ = {isa = PBXFileReference; lastKnownFileType = text.plist.xml; path = Info.plist; sourceTree = "<group>"; };
		F3C3BDD32C92D8E000BF91EE /* Device Specs.swift */ = {isa = PBXFileReference; lastKnownFileType = sourcecode.swift; path = "Device Specs.swift"; sourceTree = "<group>"; };
		F3C3BDD52C92D8F600BF91EE /* App Container.swift */ = {isa = PBXFileReference; lastKnownFileType = sourcecode.swift; path = "App Container.swift"; sourceTree = "<group>"; };
		F3C3BDD72C92D90700BF91EE /* Home View.swift */ = {isa = PBXFileReference; lastKnownFileType = sourcecode.swift; path = "Home View.swift"; sourceTree = "<group>"; };
		F3C3BDE72C92DCA300BF91EE /* Display Specs.swift */ = {isa = PBXFileReference; lastKnownFileType = sourcecode.swift; path = "Display Specs.swift"; sourceTree = "<group>"; };
		F3E7EC3A2C676A13008CD17B /* Device Specs.app */ = {isa = PBXFileReference; explicitFileType = wrapper.application; includeInIndex = 0; path = "Device Specs.app"; sourceTree = BUILT_PRODUCTS_DIR; };
		F3E7EC3D2C676A13008CD17B /* Device Specs.swift */ = {isa = PBXFileReference; lastKnownFileType = sourcecode.swift; path = "Device Specs.swift"; sourceTree = "<group>"; };
		F3E7EC412C676A14008CD17B /* Assets.xcassets */ = {isa = PBXFileReference; lastKnownFileType = folder.assetcatalog; path = Assets.xcassets; sourceTree = "<group>"; };
		F3E7EC432C676A14008CD17B /* Device_Specs.entitlements */ = {isa = PBXFileReference; lastKnownFileType = text.plist.entitlements; path = Device_Specs.entitlements; sourceTree = "<group>"; };
		F3E7EC4D2C67B985008CD17B /* Device Info.swift */ = {isa = PBXFileReference; lastKnownFileType = sourcecode.swift; path = "Device Info.swift"; sourceTree = "<group>"; };
		F3E7EC4E2C67B985008CD17B /* Home View.swift */ = {isa = PBXFileReference; lastKnownFileType = sourcecode.swift; path = "Home View.swift"; sourceTree = "<group>"; };
		F3E7EC4F2C67B985008CD17B /* List Link.swift */ = {isa = PBXFileReference; lastKnownFileType = sourcecode.swift; path = "List Link.swift"; sourceTree = "<group>"; };
		F3E7EC502C67B985008CD17B /* Bluetooth VM.swift */ = {isa = PBXFileReference; lastKnownFileType = sourcecode.swift; path = "Bluetooth VM.swift"; sourceTree = "<group>"; };
		F3E7EC512C67B985008CD17B /* Device View.swift */ = {isa = PBXFileReference; lastKnownFileType = sourcecode.swift; path = "Device View.swift"; sourceTree = "<group>"; };
		F3E7EC522C67B985008CD17B /* Device VM.swift */ = {isa = PBXFileReference; lastKnownFileType = sourcecode.swift; path = "Device VM.swift"; sourceTree = "<group>"; };
		F3E7EC542C67B985008CD17B /* Display View.swift */ = {isa = PBXFileReference; lastKnownFileType = sourcecode.swift; path = "Display View.swift"; sourceTree = "<group>"; };
		F3E7EC552C67B985008CD17B /* Display VM.swift */ = {isa = PBXFileReference; lastKnownFileType = sourcecode.swift; path = "Display VM.swift"; sourceTree = "<group>"; };
		F3E7EC572C67B985008CD17B /* Camera Specs.swift */ = {isa = PBXFileReference; lastKnownFileType = sourcecode.swift; path = "Camera Specs.swift"; sourceTree = "<group>"; };
		F3E7EC582C67B985008CD17B /* Camera VM.swift */ = {isa = PBXFileReference; lastKnownFileType = sourcecode.swift; path = "Camera VM.swift"; sourceTree = "<group>"; };
		F3E7EC5A2C67B985008CD17B /* Battery Specs.swift */ = {isa = PBXFileReference; lastKnownFileType = sourcecode.swift; path = "Battery Specs.swift"; sourceTree = "<group>"; };
		F3E7EC5B2C67B985008CD17B /* Battery VM.swift */ = {isa = PBXFileReference; lastKnownFileType = sourcecode.swift; path = "Battery VM.swift"; sourceTree = "<group>"; };
		F3E7EC5D2C67B985008CD17B /* Memory View.swift */ = {isa = PBXFileReference; lastKnownFileType = sourcecode.swift; path = "Memory View.swift"; sourceTree = "<group>"; };
		F3E7EC5E2C67B985008CD17B /* Storage VM.swift */ = {isa = PBXFileReference; lastKnownFileType = sourcecode.swift; path = "Storage VM.swift"; sourceTree = "<group>"; };
		F3E7EC5F2C67B985008CD17B /* Ram VM.swift */ = {isa = PBXFileReference; lastKnownFileType = sourcecode.swift; path = "Ram VM.swift"; sourceTree = "<group>"; };
		F3E7EC612C67B985008CD17B /* Network View.swift */ = {isa = PBXFileReference; lastKnownFileType = sourcecode.swift; path = "Network View.swift"; sourceTree = "<group>"; };
		F3E7EC622C67B985008CD17B /* Wifi VM.swift */ = {isa = PBXFileReference; lastKnownFileType = sourcecode.swift; path = "Wifi VM.swift"; sourceTree = "<group>"; };
		F3E7EC632C67B985008CD17B /* Network VM.swift */ = {isa = PBXFileReference; lastKnownFileType = sourcecode.swift; path = "Network VM.swift"; sourceTree = "<group>"; };
		F3E7EC652C67B985008CD17B /* Sensors View.swift */ = {isa = PBXFileReference; lastKnownFileType = sourcecode.swift; path = "Sensors View.swift"; sourceTree = "<group>"; };
		F3E7EC662C67B985008CD17B /* Location VM.swift */ = {isa = PBXFileReference; lastKnownFileType = sourcecode.swift; path = "Location VM.swift"; sourceTree = "<group>"; };
		F3E7EC672C67B985008CD17B /* Orientation VM.swift */ = {isa = PBXFileReference; lastKnownFileType = sourcecode.swift; path = "Orientation VM.swift"; sourceTree = "<group>"; };
		F3E7EC682C67B985008CD17B /* Pressure VM.swift */ = {isa = PBXFileReference; lastKnownFileType = sourcecode.swift; path = "Pressure VM.swift"; sourceTree = "<group>"; };
		F3E7EC692C67B985008CD17B /* Altitude VM.swift */ = {isa = PBXFileReference; lastKnownFileType = sourcecode.swift; path = "Altitude VM.swift"; sourceTree = "<group>"; };
		F3E7EC6A2C67B985008CD17B /* Activity VM.swift */ = {isa = PBXFileReference; lastKnownFileType = sourcecode.swift; path = "Activity VM.swift"; sourceTree = "<group>"; };
		F3E7EC6C2C67B985008CD17B /* Test List.swift */ = {isa = PBXFileReference; lastKnownFileType = sourcecode.swift; path = "Test List.swift"; sourceTree = "<group>"; };
		F3E7EC6D2C67B985008CD17B /* Color Test View.swift */ = {isa = PBXFileReference; lastKnownFileType = sourcecode.swift; path = "Color Test View.swift"; sourceTree = "<group>"; };
		F3E7EC6F2C67B985008CD17B /* UWB Test View.swift */ = {isa = PBXFileReference; lastKnownFileType = sourcecode.swift; path = "UWB Test View.swift"; sourceTree = "<group>"; };
		F3E7EC702C67B985008CD17B /* Nearby VM.swift */ = {isa = PBXFileReference; lastKnownFileType = sourcecode.swift; path = "Nearby VM.swift"; sourceTree = "<group>"; };
		F3E7EC712C67B985008CD17B /* MCP Session.swift */ = {isa = PBXFileReference; lastKnownFileType = sourcecode.swift; path = "MCP Session.swift"; sourceTree = "<group>"; };
		F3E7EC722C67B985008CD17B /* Math Utilities.swift */ = {isa = PBXFileReference; lastKnownFileType = sourcecode.swift; path = "Math Utilities.swift"; sourceTree = "<group>"; };
		F3E7EC9A2C67B9CF008CD17B /* App Container.swift */ = {isa = PBXFileReference; lastKnownFileType = sourcecode.swift; path = "App Container.swift"; sourceTree = "<group>"; };
		F3E7EC9D2C680561008CD17B /* Torch VM.swift */ = {isa = PBXFileReference; lastKnownFileType = sourcecode.swift; path = "Torch VM.swift"; sourceTree = "<group>"; };
		F3F85E8A2C94529A00AE0A1D /* Device-Specs-Info.plist */ = {isa = PBXFileReference; lastKnownFileType = text.plist.xml; path = "Device-Specs-Info.plist"; sourceTree = "<group>"; };
		F3F85E8D2C9452CB00AE0A1D /* Accessibility Param.swift */ = {isa = PBXFileReference; lastKnownFileType = sourcecode.swift; path = "Accessibility Param.swift"; sourceTree = "<group>"; };
		F3F85E962C94858F00AE0A1D /* watchOS.entitlements */ = {isa = PBXFileReference; lastKnownFileType = text.plist.entitlements; path = watchOS.entitlements; sourceTree = "<group>"; };
		F3F85E9D2C94863100AE0A1D /* Wifi VM.swift */ = {isa = PBXFileReference; lastKnownFileType = sourcecode.swift; path = "Wifi VM.swift"; sourceTree = "<group>"; };
		F3F85EA02C9486C200AE0A1D /* Network View.swift */ = {isa = PBXFileReference; lastKnownFileType = sourcecode.swift; path = "Network View.swift"; sourceTree = "<group>"; };
		F3F85EB52C948D0200AE0A1D /* Orientation VM.swift */ = {isa = PBXFileReference; lastKnownFileType = sourcecode.swift; path = "Orientation VM.swift"; sourceTree = "<group>"; };
		F3F85EB82C948D4300AE0A1D /* Sensors View.swift */ = {isa = PBXFileReference; lastKnownFileType = sourcecode.swift; path = "Sensors View.swift"; sourceTree = "<group>"; };
		F3F85EC02C948F9D00AE0A1D /* Test List.swift */ = {isa = PBXFileReference; lastKnownFileType = sourcecode.swift; path = "Test List.swift"; sourceTree = "<group>"; };
		F3F85EC22C9492F300AE0A1D /* Device Watch Info.swift */ = {isa = PBXFileReference; lastKnownFileType = sourcecode.swift; path = "Device Watch Info.swift"; sourceTree = "<group>"; };
		F3F85EC82C94AED800AE0A1D /* Info.plist */ = {isa = PBXFileReference; lastKnownFileType = text.plist; path = Info.plist; sourceTree = "<group>"; };
		F3F85ECD2C94AF5A00AE0A1D /* tvOS.app */ = {isa = PBXFileReference; explicitFileType = wrapper.application; includeInIndex = 0; path = tvOS.app; sourceTree = BUILT_PRODUCTS_DIR; };
		F3F85ECF2C94AF5A00AE0A1D /* tvOS App.swift */ = {isa = PBXFileReference; lastKnownFileType = sourcecode.swift; path = "tvOS App.swift"; sourceTree = "<group>"; };
		F3F85ED32C94AF5B00AE0A1D /* Assets.xcassets */ = {isa = PBXFileReference; lastKnownFileType = folder.assetcatalog; path = Assets.xcassets; sourceTree = "<group>"; };
		F3F85EDC2C94DD6800AE0A1D /* App Container.swift */ = {isa = PBXFileReference; lastKnownFileType = sourcecode.swift; path = "App Container.swift"; sourceTree = "<group>"; };
		F3F85EDE2C94DD7900AE0A1D /* Home View.swift */ = {isa = PBXFileReference; lastKnownFileType = sourcecode.swift; path = "Home View.swift"; sourceTree = "<group>"; };
		F3F85EE92C957F9100AE0A1D /* Accessibility Item.swift */ = {isa = PBXFileReference; lastKnownFileType = sourcecode.swift; path = "Accessibility Item.swift"; sourceTree = "<group>"; };
		F3F85EF22C9582EA00AE0A1D /* Display Specs.swift */ = {isa = PBXFileReference; lastKnownFileType = sourcecode.swift; path = "Display Specs.swift"; sourceTree = "<group>"; };
		F3F85EF92C95857C00AE0A1D /* GPU Families.swift */ = {isa = PBXFileReference; lastKnownFileType = sourcecode.swift; path = "GPU Families.swift"; sourceTree = "<group>"; };
		F3F85F052C9588BE00AE0A1D /* Network View.swift */ = {isa = PBXFileReference; lastKnownFileType = sourcecode.swift; path = "Network View.swift"; sourceTree = "<group>"; };
/* End PBXFileReference section */

/* Begin PBXFrameworksBuildPhase section */
		F36FBCAE2C9449A200F5E174 /* Frameworks */ = {
			isa = PBXFrameworksBuildPhase;
			buildActionMask = 2147483647;
			files = (
				F36FBCCC2C944B1300F5E174 /* ScrechKit in Frameworks */,
				F36FBCCE2C944B1700F5E174 /* DeviceKit in Frameworks */,
			);
			runOnlyForDeploymentPostprocessing = 0;
		};
		F3C3BDBA2C92D87C00BF91EE /* Frameworks */ = {
			isa = PBXFrameworksBuildPhase;
			buildActionMask = 2147483647;
			files = (
				F3C3BDDD2C92DAAA00BF91EE /* DeviceKit in Frameworks */,
				F3C3BDDF2C92DAB000BF91EE /* ScrechKit in Frameworks */,
			);
			runOnlyForDeploymentPostprocessing = 0;
		};
		F3E7EC372C676A13008CD17B /* Frameworks */ = {
			isa = PBXFrameworksBuildPhase;
			buildActionMask = 2147483647;
			files = (
				F3E7EC962C67B99E008CD17B /* ScrechKit in Frameworks */,
				F3E7EC992C67B9A8008CD17B /* DeviceKit in Frameworks */,
			);
			runOnlyForDeploymentPostprocessing = 0;
		};
		F3F85ECA2C94AF5A00AE0A1D /* Frameworks */ = {
			isa = PBXFrameworksBuildPhase;
			buildActionMask = 2147483647;
			files = (
				F3F85EE12C957CF500AE0A1D /* ScrechKit in Frameworks */,
				F3F85EE32C957CF700AE0A1D /* DeviceKit in Frameworks */,
			);
			runOnlyForDeploymentPostprocessing = 0;
		};
/* End PBXFrameworksBuildPhase section */

/* Begin PBXGroup section */
		F3187A512C898B40008FB911 /* Navigation */ = {
			isa = PBXGroup;
			children = (
				F3E7EC9A2C67B9CF008CD17B /* App Container.swift */,
				F3187A4F2C898B37008FB911 /* Nav State.swift */,
				F3187A522C898B62008FB911 /* Nav Destinations.swift */,
				F3187A542C898B7E008FB911 /* Nav Extension.swift */,
			);
			path = Navigation;
			sourceTree = "<group>";
		};
		F36FBC692C93551B00F5E174 /* Processor */ = {
			isa = PBXGroup;
			children = (
				F36FBC632C9353FF00F5E174 /* Processor View.swift */,
				F3F85EF92C95857C00AE0A1D /* GPU Families.swift */,
				F36FBC662C93542700F5E174 /* Processor VM.swift */,
				F36FBC6A2C9413E100F5E174 /* CPU Usage Chart.swift */,
			);
			path = Processor;
			sourceTree = "<group>";
		};
		F36FBC6D2C941F5100F5E174 /* Accessability */ = {
			isa = PBXGroup;
			children = (
				F36FBC6E2C941F6200F5E174 /* Accessibility View.swift */,
				F36FBCD32C944DA200F5E174 /* Accessibility VM.swift */,
				F3F85EE92C957F9100AE0A1D /* Accessibility Item.swift */,
				F3F85E8D2C9452CB00AE0A1D /* Accessibility Param.swift */,
			);
			path = Accessability;
			sourceTree = "<group>";
		};
		F36FBCC32C9449AB00F5E174 /* watchOS */ = {
			isa = PBXGroup;
			children = (
				F3F85EC82C94AED800AE0A1D /* Info.plist */,
				F36FBCB32C9449A200F5E174 /* watchOS App.swift */,
				F36FBCCF2C944B5000F5E174 /* App Container.swift */,
				F3F85E962C94858F00AE0A1D /* watchOS.entitlements */,
				F36FBCB52C9449A300F5E174 /* Home View.swift */,
				F3F85EC02C948F9D00AE0A1D /* Test List.swift */,
				F3F85E9D2C94863100AE0A1D /* Wifi VM.swift */,
				F3F85EA02C9486C200AE0A1D /* Network View.swift */,
				F36FBCC82C944A5B00F5E174 /* Battery VM.swift */,
				F3F85EB52C948D0200AE0A1D /* Orientation VM.swift */,
				F3F85EB82C948D4300AE0A1D /* Sensors View.swift */,
			);
			path = watchOS;
			sourceTree = "<group>";
		};
		F3C3BDD12C92D89600BF91EE /* visionOS */ = {
			isa = PBXGroup;
			children = (
				F36FBC4A2C93127000F5E174 /* visionOS.entitlements */,
				F3C3BDD32C92D8E000BF91EE /* Device Specs.swift */,
				F3C3BDCC2C92D87C00BF91EE /* Info.plist */,
				F36FBC722C942F7600F5E174 /* Assets.xcassets */,
				F3C3BDD52C92D8F600BF91EE /* App Container.swift */,
				F3C3BDD72C92D90700BF91EE /* Home View.swift */,
				F3F85EC62C94A7AF00AE0A1D /* Display */,
				F3F85EC72C94A7B800AE0A1D /* Sensors */,
			);
			path = visionOS;
			sourceTree = "<group>";
		};
		F3C3BDDB2C92DAAA00BF91EE /* Frameworks */ = {
			isa = PBXGroup;
			children = (
			);
			name = Frameworks;
			sourceTree = "<group>";
		};
		F3E7EC312C676A13008CD17B = {
			isa = PBXGroup;
			children = (
				F3E7EC4C2C67B8DA008CD17B /* Device Specs */,
				F3C3BDD12C92D89600BF91EE /* visionOS */,
				F36FBCC32C9449AB00F5E174 /* watchOS */,
				F3F85EDB2C94AF8000AE0A1D /* tvOS */,
				F3C3BDDB2C92DAAA00BF91EE /* Frameworks */,
				F3E7EC3B2C676A13008CD17B /* Products */,
			);
			sourceTree = "<group>";
		};
		F3E7EC3B2C676A13008CD17B /* Products */ = {
			isa = PBXGroup;
			children = (
				F3E7EC3A2C676A13008CD17B /* Device Specs.app */,
				F3C3BDBD2C92D87C00BF91EE /* visionOS.app */,
				F36FBCB12C9449A200F5E174 /* watchOS.app */,
				F3F85ECD2C94AF5A00AE0A1D /* tvOS.app */,
			);
			name = Products;
			sourceTree = "<group>";
		};
		F3E7EC4C2C67B8DA008CD17B /* Device Specs */ = {
			isa = PBXGroup;
			children = (
				F3E7EC3D2C676A13008CD17B /* Device Specs.swift */,
				F3187A512C898B40008FB911 /* Navigation */,
				F3E7EC412C676A14008CD17B /* Assets.xcassets */,
				F3E7EC432C676A14008CD17B /* Device_Specs.entitlements */,
				F3F85E8A2C94529A00AE0A1D /* Device-Specs-Info.plist */,
				F3E7EC4D2C67B985008CD17B /* Device Info.swift */,
				F3E7EC4E2C67B985008CD17B /* Home View.swift */,
				F3E7EC4F2C67B985008CD17B /* List Link.swift */,
				F3E7EC502C67B985008CD17B /* Bluetooth VM.swift */,
				F3E7EC532C67B985008CD17B /* Device */,
				F36FBC692C93551B00F5E174 /* Processor */,
				F3E7EC562C67B985008CD17B /* Display */,
				F3E7EC592C67B985008CD17B /* Camera */,
				F3E7EC5C2C67B985008CD17B /* Battery */,
				F3E7EC602C67B985008CD17B /* Memory */,
				F3E7EC642C67B985008CD17B /* Network */,
				F3E7EC6B2C67B985008CD17B /* Sensors */,
				F36FBC6D2C941F5100F5E174 /* Accessability */,
				F3E7EC742C67B985008CD17B /* Tests */,
			);
			path = "Device Specs";
			sourceTree = "<group>";
		};
		F3E7EC532C67B985008CD17B /* Device */ = {
			isa = PBXGroup;
			children = (
				F3E7EC512C67B985008CD17B /* Device View.swift */,
				F3E7EC522C67B985008CD17B /* Device VM.swift */,
				F3F85EC22C9492F300AE0A1D /* Device Watch Info.swift */,
			);
			path = Device;
			sourceTree = "<group>";
		};
		F3E7EC562C67B985008CD17B /* Display */ = {
			isa = PBXGroup;
			children = (
				F3E7EC542C67B985008CD17B /* Display View.swift */,
				F3E7EC552C67B985008CD17B /* Display VM.swift */,
			);
			path = Display;
			sourceTree = "<group>";
		};
		F3E7EC592C67B985008CD17B /* Camera */ = {
			isa = PBXGroup;
			children = (
				F3E7EC572C67B985008CD17B /* Camera Specs.swift */,
				F3E7EC582C67B985008CD17B /* Camera VM.swift */,
			);
			path = Camera;
			sourceTree = "<group>";
		};
		F3E7EC5C2C67B985008CD17B /* Battery */ = {
			isa = PBXGroup;
			children = (
				F3E7EC5A2C67B985008CD17B /* Battery Specs.swift */,
				F3E7EC5B2C67B985008CD17B /* Battery VM.swift */,
			);
			path = Battery;
			sourceTree = "<group>";
		};
		F3E7EC602C67B985008CD17B /* Memory */ = {
			isa = PBXGroup;
			children = (
				F3E7EC5D2C67B985008CD17B /* Memory View.swift */,
				F3E7EC5E2C67B985008CD17B /* Storage VM.swift */,
				F3E7EC5F2C67B985008CD17B /* Ram VM.swift */,
			);
			path = Memory;
			sourceTree = "<group>";
		};
		F3E7EC642C67B985008CD17B /* Network */ = {
			isa = PBXGroup;
			children = (
				F3E7EC612C67B985008CD17B /* Network View.swift */,
				F3E7EC622C67B985008CD17B /* Wifi VM.swift */,
				F3E7EC632C67B985008CD17B /* Network VM.swift */,
			);
			path = Network;
			sourceTree = "<group>";
		};
		F3E7EC6B2C67B985008CD17B /* Sensors */ = {
			isa = PBXGroup;
			children = (
				F3E7EC652C67B985008CD17B /* Sensors View.swift */,
				F3E7EC662C67B985008CD17B /* Location VM.swift */,
				F3E7EC672C67B985008CD17B /* Orientation VM.swift */,
				F3E7EC682C67B985008CD17B /* Pressure VM.swift */,
				F3E7EC692C67B985008CD17B /* Altitude VM.swift */,
				F3E7EC6A2C67B985008CD17B /* Activity VM.swift */,
			);
			path = Sensors;
			sourceTree = "<group>";
		};
		F3E7EC6E2C67B985008CD17B /* Color Tests */ = {
			isa = PBXGroup;
			children = (
				F3E7EC6D2C67B985008CD17B /* Color Test View.swift */,
			);
			path = "Color Tests";
			sourceTree = "<group>";
		};
		F3E7EC732C67B985008CD17B /* UWB Test */ = {
			isa = PBXGroup;
			children = (
				F3E7EC6F2C67B985008CD17B /* UWB Test View.swift */,
				F3E7EC702C67B985008CD17B /* Nearby VM.swift */,
				F3E7EC712C67B985008CD17B /* MCP Session.swift */,
				F3E7EC722C67B985008CD17B /* Math Utilities.swift */,
			);
			path = "UWB Test";
			sourceTree = "<group>";
		};
		F3E7EC742C67B985008CD17B /* Tests */ = {
			isa = PBXGroup;
			children = (
				F3E7EC6C2C67B985008CD17B /* Test List.swift */,
				F3E7EC9D2C680561008CD17B /* Torch VM.swift */,
				F3E7EC6E2C67B985008CD17B /* Color Tests */,
				F3E7EC732C67B985008CD17B /* UWB Test */,
			);
			path = Tests;
			sourceTree = "<group>";
		};
		F3F85EC62C94A7AF00AE0A1D /* Display */ = {
			isa = PBXGroup;
			children = (
				F3C3BDE72C92DCA300BF91EE /* Display Specs.swift */,
			);
			path = Display;
			sourceTree = "<group>";
		};
		F3F85EC72C94A7B800AE0A1D /* Sensors */ = {
			isa = PBXGroup;
			children = (
				F36FBC552C931C1000F5E174 /* Sensors View.swift */,
				F36FBC5D2C931C7500F5E174 /* Orientation VM.swift */,
				F36FBC5F2C931CBD00F5E174 /* Location VM.swift */,
				F36FBC612C931E2600F5E174 /* AltitudeVM.swift */,
			);
			path = Sensors;
			sourceTree = "<group>";
		};
		F3F85EDB2C94AF8000AE0A1D /* tvOS */ = {
			isa = PBXGroup;
			children = (
				F3F85ECF2C94AF5A00AE0A1D /* tvOS App.swift */,
				F3F85EDC2C94DD6800AE0A1D /* App Container.swift */,
				F3F85ED32C94AF5B00AE0A1D /* Assets.xcassets */,
				F3F85EDE2C94DD7900AE0A1D /* Home View.swift */,
				F3F85F052C9588BE00AE0A1D /* Network View.swift */,
				F3F85EF22C9582EA00AE0A1D /* Display Specs.swift */,
			);
			path = tvOS;
			sourceTree = "<group>";
		};
/* End PBXGroup section */

/* Begin PBXNativeTarget section */
		F36FBCB02C9449A200F5E174 /* watchOS */ = {
			isa = PBXNativeTarget;
			buildConfigurationList = F36FBCC22C9449A300F5E174 /* Build configuration list for PBXNativeTarget "watchOS" */;
			buildPhases = (
				F36FBCAD2C9449A200F5E174 /* Sources */,
				F36FBCAE2C9449A200F5E174 /* Frameworks */,
				F36FBCAF2C9449A200F5E174 /* Resources */,
			);
			buildRules = (
			);
			dependencies = (
			);
			name = watchOS;
			packageProductDependencies = (
				F36FBCCB2C944B1300F5E174 /* ScrechKit */,
				F36FBCCD2C944B1700F5E174 /* DeviceKit */,
			);
			productName = "watchOS Watch App";
			productReference = F36FBCB12C9449A200F5E174 /* watchOS.app */;
			productType = "com.apple.product-type.application";
		};
		F3C3BDBC2C92D87C00BF91EE /* visionOS */ = {
			isa = PBXNativeTarget;
			buildConfigurationList = F3C3BDCE2C92D87C00BF91EE /* Build configuration list for PBXNativeTarget "visionOS" */;
			buildPhases = (
				F3C3BDB92C92D87C00BF91EE /* Sources */,
				F3C3BDBA2C92D87C00BF91EE /* Frameworks */,
				F3C3BDBB2C92D87C00BF91EE /* Resources */,
			);
			buildRules = (
			);
			dependencies = (
			);
			name = visionOS;
			packageProductDependencies = (
				F3C3BDDC2C92DAAA00BF91EE /* DeviceKit */,
				F3C3BDDE2C92DAB000BF91EE /* ScrechKit */,
			);
			productName = visionOS;
			productReference = F3C3BDBD2C92D87C00BF91EE /* visionOS.app */;
			productType = "com.apple.product-type.application";
		};
		F3E7EC392C676A13008CD17B /* Device Specs */ = {
			isa = PBXNativeTarget;
			buildConfigurationList = F3E7EC492C676A14008CD17B /* Build configuration list for PBXNativeTarget "Device Specs" */;
			buildPhases = (
				F3E7EC362C676A13008CD17B /* Sources */,
				F3E7EC372C676A13008CD17B /* Frameworks */,
				F3E7EC382C676A13008CD17B /* Resources */,
				F36FBCBF2C9449A300F5E174 /* Embed Watch Content */,
			);
			buildRules = (
			);
			dependencies = (
				F36FBCBD2C9449A300F5E174 /* PBXTargetDependency */,
			);
			name = "Device Specs";
			packageProductDependencies = (
				F3E7EC952C67B99E008CD17B /* ScrechKit */,
				F3E7EC982C67B9A8008CD17B /* DeviceKit */,
			);
			productName = "Device Specs";
			productReference = F3E7EC3A2C676A13008CD17B /* Device Specs.app */;
			productType = "com.apple.product-type.application";
		};
		F3F85ECC2C94AF5A00AE0A1D /* tvOS */ = {
			isa = PBXNativeTarget;
			buildConfigurationList = F3F85ED82C94AF5B00AE0A1D /* Build configuration list for PBXNativeTarget "tvOS" */;
			buildPhases = (
				F3F85EC92C94AF5A00AE0A1D /* Sources */,
				F3F85ECA2C94AF5A00AE0A1D /* Frameworks */,
				F3F85ECB2C94AF5A00AE0A1D /* Resources */,
			);
			buildRules = (
			);
			dependencies = (
			);
			name = tvOS;
			packageProductDependencies = (
				F3F85EE02C957CF500AE0A1D /* ScrechKit */,
				F3F85EE22C957CF700AE0A1D /* DeviceKit */,
			);
			productName = tvOS;
			productReference = F3F85ECD2C94AF5A00AE0A1D /* tvOS.app */;
			productType = "com.apple.product-type.application";
		};
/* End PBXNativeTarget section */

/* Begin PBXProject section */
		F3E7EC322C676A13008CD17B /* Project object */ = {
			isa = PBXProject;
			attributes = {
				BuildIndependentTargetsInParallel = 1;
				LastSwiftUpdateCheck = 1600;
				LastUpgradeCheck = 1600;
				TargetAttributes = {
					F36FBCB02C9449A200F5E174 = {
						CreatedOnToolsVersion = 16.0;
					};
					F3C3BDBC2C92D87C00BF91EE = {
						CreatedOnToolsVersion = 16.0;
					};
					F3E7EC392C676A13008CD17B = {
						CreatedOnToolsVersion = 16.0;
					};
					F3F85ECC2C94AF5A00AE0A1D = {
						CreatedOnToolsVersion = 16.0;
					};
				};
			};
			buildConfigurationList = F3E7EC352C676A13008CD17B /* Build configuration list for PBXProject "Device Specs" */;
			compatibilityVersion = "Xcode 15.3";
			developmentRegion = en;
			hasScannedForEncodings = 0;
			knownRegions = (
				en,
				Base,
			);
			mainGroup = F3E7EC312C676A13008CD17B;
			minimizedProjectReferenceProxies = 1;
			packageReferences = (
				F3E7EC942C67B99E008CD17B /* XCRemoteSwiftPackageReference "ScrechKit" */,
				F3E7EC972C67B9A8008CD17B /* XCRemoteSwiftPackageReference "DeviceKit" */,
			);
			productRefGroup = F3E7EC3B2C676A13008CD17B /* Products */;
			projectDirPath = "";
			projectRoot = "";
			targets = (
				F3E7EC392C676A13008CD17B /* Device Specs */,
				F36FBCB02C9449A200F5E174 /* watchOS */,
				F3C3BDBC2C92D87C00BF91EE /* visionOS */,
				F3F85ECC2C94AF5A00AE0A1D /* tvOS */,
			);
		};
/* End PBXProject section */

/* Begin PBXResourcesBuildPhase section */
		F36FBCAF2C9449A200F5E174 /* Resources */ = {
			isa = PBXResourcesBuildPhase;
			buildActionMask = 2147483647;
			files = (
				F36FBCD12C944BC800F5E174 /* Assets.xcassets in Resources */,
				F3F85E8B2C94529A00AE0A1D /* Device-Specs-Info.plist in Resources */,
			);
			runOnlyForDeploymentPostprocessing = 0;
		};
		F3C3BDBB2C92D87C00BF91EE /* Resources */ = {
			isa = PBXResourcesBuildPhase;
			buildActionMask = 2147483647;
			files = (
				F36FBC732C942F7600F5E174 /* Assets.xcassets in Resources */,
			);
			runOnlyForDeploymentPostprocessing = 0;
		};
		F3E7EC382C676A13008CD17B /* Resources */ = {
			isa = PBXResourcesBuildPhase;
			buildActionMask = 2147483647;
			files = (
				F3E7EC422C676A14008CD17B /* Assets.xcassets in Resources */,
			);
			runOnlyForDeploymentPostprocessing = 0;
		};
		F3F85ECB2C94AF5A00AE0A1D /* Resources */ = {
			isa = PBXResourcesBuildPhase;
			buildActionMask = 2147483647;
			files = (
				F3F85ED42C94AF5B00AE0A1D /* Assets.xcassets in Resources */,
			);
			runOnlyForDeploymentPostprocessing = 0;
		};
/* End PBXResourcesBuildPhase section */

/* Begin PBXSourcesBuildPhase section */
		F36FBCAD2C9449A200F5E174 /* Sources */ = {
			isa = PBXSourcesBuildPhase;
			buildActionMask = 2147483647;
			files = (
				F3F85EB72C948D3100AE0A1D /* Location VM.swift in Sources */,
				F3F85EB92C948D4300AE0A1D /* Sensors View.swift in Sources */,
				F3F85EB62C948D0200AE0A1D /* Orientation VM.swift in Sources */,
				F3F85E9F2C94865900AE0A1D /* Network VM.swift in Sources */,
				F3F85EA72C948A3300AE0A1D /* Ram VM.swift in Sources */,
				F3F85EA82C948A3300AE0A1D /* Storage VM.swift in Sources */,
				F3F85EB22C948C8A00AE0A1D /* Altitude VM.swift in Sources */,
				F3F85EBF2C948F6300AE0A1D /* Color Test View.swift in Sources */,
				F3F85EC52C9492F300AE0A1D /* Device Watch Info.swift in Sources */,
				F3F85EA92C948A3300AE0A1D /* Memory View.swift in Sources */,
				F3F85EA12C9486C200AE0A1D /* Network View.swift in Sources */,
				F3F85EA22C94873000AE0A1D /* Processor View.swift in Sources */,
				F3F85EC12C948F9D00AE0A1D /* Test List.swift in Sources */,
				F3F85EA32C94873000AE0A1D /* CPU Usage Chart.swift in Sources */,
				F3F85EA42C94873000AE0A1D /* Processor VM.swift in Sources */,
				F3F85EAA2C948A5200AE0A1D /* Display View.swift in Sources */,
				F3F85EAB2C948A5200AE0A1D /* Display VM.swift in Sources */,
				F36FBCB62C9449A300F5E174 /* Home View.swift in Sources */,
				F3F85E9E2C94863100AE0A1D /* Wifi VM.swift in Sources */,
				F36FBCB42C9449A300F5E174 /* watchOS App.swift in Sources */,
				F3F85EA52C94883D00AE0A1D /* Device View.swift in Sources */,
				F3F85EA62C94883D00AE0A1D /* Device VM.swift in Sources */,
				F3F85EB32C948CB400AE0A1D /* Pressure VM.swift in Sources */,
				F3F85EBA2C948D8700AE0A1D /* Activity VM.swift in Sources */,
				F36FBCD02C944B5000F5E174 /* App Container.swift in Sources */,
				F36FBCC92C944A5B00F5E174 /* Battery VM.swift in Sources */,
				F36FBCCA2C944B0300F5E174 /* Battery Specs.swift in Sources */,
			);
			runOnlyForDeploymentPostprocessing = 0;
		};
		F3C3BDB92C92D87C00BF91EE /* Sources */ = {
			isa = PBXSourcesBuildPhase;
			buildActionMask = 2147483647;
			files = (
				F36FBC562C931C1000F5E174 /* Sensors View.swift in Sources */,
				F3F85E912C9453AE00AE0A1D /* Accessibility View.swift in Sources */,
				F3F85E922C9453AE00AE0A1D /* Accessibility Param.swift in Sources */,
				F3F85E932C9453AE00AE0A1D /* Accessibility VM.swift in Sources */,
				F36FBC4E2C9319DB00F5E174 /* Network VM.swift in Sources */,
				F36FBC4D2C9319D600F5E174 /* Wifi VM.swift in Sources */,
				F3C3BDE22C92DB9D00BF91EE /* Memory View.swift in Sources */,
				F3C3BDD82C92D90700BF91EE /* Home View.swift in Sources */,
				F36FBC6C2C9413E100F5E174 /* CPU Usage Chart.swift in Sources */,
				F3C3BDDA2C92D99900BF91EE /* Device VM.swift in Sources */,
				F3C3BDE82C92DCA300BF91EE /* Display Specs.swift in Sources */,
				F36FBC652C9353FF00F5E174 /* Processor View.swift in Sources */,
				F3C3BDE42C92DBFB00BF91EE /* Battery VM.swift in Sources */,
				F36FBC622C931E2600F5E174 /* AltitudeVM.swift in Sources */,
				F3C3BDE32C92DBF700BF91EE /* Battery Specs.swift in Sources */,
				F36FBC4C2C9319D200F5E174 /* Network View.swift in Sources */,
				F36FBC5E2C931C7500F5E174 /* Orientation VM.swift in Sources */,
				F36FBC602C931CBD00F5E174 /* Location VM.swift in Sources */,
				F3C3BDE12C92DB9800BF91EE /* Storage VM.swift in Sources */,
				F3F85EEA2C957F9100AE0A1D /* Accessibility Item.swift in Sources */,
				F3C3BDE02C92DB9300BF91EE /* Ram VM.swift in Sources */,
				F3F85EFB2C95857C00AE0A1D /* GPU Families.swift in Sources */,
				F36FBC672C93542700F5E174 /* Processor VM.swift in Sources */,
				F3C3BDD42C92D8E000BF91EE /* Device Specs.swift in Sources */,
				F3C3BDD62C92D8F600BF91EE /* App Container.swift in Sources */,
				F3C3BDD92C92D99300BF91EE /* Device View.swift in Sources */,
			);
			runOnlyForDeploymentPostprocessing = 0;
		};
		F3E7EC362C676A13008CD17B /* Sources */ = {
			isa = PBXSourcesBuildPhase;
			buildActionMask = 2147483647;
			files = (
				F3F85E8E2C9452CB00AE0A1D /* Accessibility Param.swift in Sources */,
				F3E7EC762C67B985008CD17B /* Test List.swift in Sources */,
				F3E7EC772C67B985008CD17B /* Network View.swift in Sources */,
				F3E7EC782C67B985008CD17B /* List Link.swift in Sources */,
				F3E7EC792C67B985008CD17B /* Activity VM.swift in Sources */,
				F3E7EC7A2C67B985008CD17B /* Device View.swift in Sources */,
				F3187A532C898B62008FB911 /* Nav Destinations.swift in Sources */,
				F36FBC682C93542700F5E174 /* Processor VM.swift in Sources */,
				F3F85EEB2C957F9100AE0A1D /* Accessibility Item.swift in Sources */,
				F3E7EC7B2C67B985008CD17B /* Device VM.swift in Sources */,
				F3E7EC7C2C67B985008CD17B /* Altitude VM.swift in Sources */,
				F3E7EC9E2C680561008CD17B /* Torch VM.swift in Sources */,
				F3E7EC7D2C67B985008CD17B /* Camera Specs.swift in Sources */,
				F36FBC6B2C9413E100F5E174 /* CPU Usage Chart.swift in Sources */,
				F3E7EC7E2C67B985008CD17B /* Nearby VM.swift in Sources */,
				F3E7EC7F2C67B985008CD17B /* Storage VM.swift in Sources */,
				F3E7EC802C67B985008CD17B /* Display VM.swift in Sources */,
				F3E7EC812C67B985008CD17B /* Network VM.swift in Sources */,
				F3E7EC822C67B985008CD17B /* Location VM.swift in Sources */,
				F36FBCD42C944DA200F5E174 /* Accessibility VM.swift in Sources */,
				F3E7EC832C67B985008CD17B /* MCP Session.swift in Sources */,
				F3E7EC842C67B985008CD17B /* UWB Test View.swift in Sources */,
				F3E7EC852C67B985008CD17B /* Sensors View.swift in Sources */,
				F3E7EC862C67B985008CD17B /* Color Test View.swift in Sources */,
				F3E7EC9B2C67B9CF008CD17B /* App Container.swift in Sources */,
				F3E7EC872C67B985008CD17B /* Orientation VM.swift in Sources */,
				F3E7EC882C67B985008CD17B /* Math Utilities.swift in Sources */,
				F3F85EFD2C95857C00AE0A1D /* GPU Families.swift in Sources */,
				F3E7EC892C67B985008CD17B /* Battery Specs.swift in Sources */,
				F3E7EC8A2C67B985008CD17B /* Battery VM.swift in Sources */,
				F3E7EC8B2C67B985008CD17B /* Bluetooth VM.swift in Sources */,
				F3187A552C898B7E008FB911 /* Nav Extension.swift in Sources */,
				F3E7EC8C2C67B985008CD17B /* Display View.swift in Sources */,
				F3187A502C898B37008FB911 /* Nav State.swift in Sources */,
				F3E7EC8D2C67B985008CD17B /* Ram VM.swift in Sources */,
				F3E7EC8E2C67B985008CD17B /* Camera VM.swift in Sources */,
				F3E7EC8F2C67B985008CD17B /* Memory View.swift in Sources */,
				F3E7EC902C67B985008CD17B /* Device Info.swift in Sources */,
				F3E7EC912C67B985008CD17B /* Home View.swift in Sources */,
				F3E7EC922C67B985008CD17B /* Wifi VM.swift in Sources */,
				F3E7EC932C67B985008CD17B /* Pressure VM.swift in Sources */,
				F3E7EC3E2C676A13008CD17B /* Device Specs.swift in Sources */,
				F36FBC6F2C941F6200F5E174 /* Accessibility View.swift in Sources */,
				F36FBC642C9353FF00F5E174 /* Processor View.swift in Sources */,
			);
			runOnlyForDeploymentPostprocessing = 0;
		};
		F3F85EC92C94AF5A00AE0A1D /* Sources */ = {
			isa = PBXSourcesBuildPhase;
			buildActionMask = 2147483647;
			files = (
				F3F85EE72C957EDA00AE0A1D /* Accessibility Param.swift in Sources */,
				F3F85EF52C9583EB00AE0A1D /* Device View.swift in Sources */,
				F3F85EF42C9583E400AE0A1D /* Device VM.swift in Sources */,
				F3F85EF32C9582EA00AE0A1D /* Display Specs.swift in Sources */,
				F3F85EDF2C94DD7900AE0A1D /* Home View.swift in Sources */,
				F3F85EFE2C95875C00AE0A1D /* Memory View.swift in Sources */,
				F3F85EFF2C95875C00AE0A1D /* Storage VM.swift in Sources */,
				F3F85F002C95875C00AE0A1D /* Ram VM.swift in Sources */,
				F3F85ED02C94AF5A00AE0A1D /* tvOS App.swift in Sources */,
				F3F85F042C95880600AE0A1D /* Wifi VM.swift in Sources */,
				F3F85EFC2C95857C00AE0A1D /* GPU Families.swift in Sources */,
				F3F85EE52C957D5900AE0A1D /* Color Test View.swift in Sources */,
				F3F85F032C9587C400AE0A1D /* Network VM.swift in Sources */,
				F3F85EF12C9580AD00AE0A1D /* Display VM.swift in Sources */,
				F3F85EE42C957D4F00AE0A1D /* Test List.swift in Sources */,
				F3F85EF62C95854E00AE0A1D /* Processor VM.swift in Sources */,
				F3F85EF72C95854E00AE0A1D /* Processor View.swift in Sources */,
				F3F85EF82C95854E00AE0A1D /* CPU Usage Chart.swift in Sources */,
				F3F85F062C9588BE00AE0A1D /* Network View.swift in Sources */,
				F3F85EEF2C95801D00AE0A1D /* Accessibility Item.swift in Sources */,
				F3F85EE62C957ED300AE0A1D /* Accessibility VM.swift in Sources */,
				F3F85EE82C957EE200AE0A1D /* Accessibility View.swift in Sources */,
				F3F85EDD2C94DD6800AE0A1D /* App Container.swift in Sources */,
			);
			runOnlyForDeploymentPostprocessing = 0;
		};
/* End PBXSourcesBuildPhase section */

/* Begin PBXTargetDependency section */
		F36FBCBD2C9449A300F5E174 /* PBXTargetDependency */ = {
			isa = PBXTargetDependency;
			target = F36FBCB02C9449A200F5E174 /* watchOS */;
			targetProxy = F36FBCBC2C9449A300F5E174 /* PBXContainerItemProxy */;
		};
/* End PBXTargetDependency section */

/* Begin XCBuildConfiguration section */
		F36FBCC02C9449A300F5E174 /* Debug */ = {
			isa = XCBuildConfiguration;
			buildSettings = {
				ASSETCATALOG_COMPILER_APPICON_NAME = AppIcon;
				ASSETCATALOG_COMPILER_GLOBAL_ACCENT_COLOR_NAME = AccentColor;
				CODE_SIGN_ENTITLEMENTS = watchOS/watchOS.entitlements;
				CODE_SIGN_STYLE = Automatic;
				CURRENT_PROJECT_VERSION = 1;
				DEVELOPMENT_TEAM = 8FQUA2F388;
				ENABLE_PREVIEWS = YES;
				GENERATE_INFOPLIST_FILE = YES;
				INFOPLIST_FILE = watchOS/Info.plist;
				INFOPLIST_KEY_CFBundleDisplayName = "Device Specs";
				INFOPLIST_KEY_NSLocationWhenInUseUsageDescription = "This permission is necessary to test GPS locating capabilities";
				INFOPLIST_KEY_NSMotionUsageDescription = "This permission is necessary to test motion sensor capabilities";
				INFOPLIST_KEY_UISupportedInterfaceOrientations = "UIInterfaceOrientationPortrait UIInterfaceOrientationPortraitUpsideDown";
				INFOPLIST_KEY_WKCompanionAppBundleIdentifier = "dev.topscrech.Device-Specs";
				INFOPLIST_KEY_WKRunsIndependentlyOfCompanionApp = YES;
				LD_RUNPATH_SEARCH_PATHS = (
					"$(inherited)",
					"@executable_path/Frameworks",
				);
				MARKETING_VERSION = 1.0;
				PRODUCT_BUNDLE_IDENTIFIER = "dev.topscrech.Device-Specs.watchkitapp";
				PRODUCT_NAME = "$(TARGET_NAME)";
				SDKROOT = watchos;
				SKIP_INSTALL = YES;
				SWIFT_EMIT_LOC_STRINGS = YES;
				SWIFT_VERSION = 5.0;
				TARGETED_DEVICE_FAMILY = 4;
				WATCHOS_DEPLOYMENT_TARGET = 10.0;
			};
			name = Debug;
		};
		F36FBCC12C9449A300F5E174 /* Release */ = {
			isa = XCBuildConfiguration;
			buildSettings = {
				ASSETCATALOG_COMPILER_APPICON_NAME = AppIcon;
				ASSETCATALOG_COMPILER_GLOBAL_ACCENT_COLOR_NAME = AccentColor;
				CODE_SIGN_ENTITLEMENTS = watchOS/watchOS.entitlements;
				CODE_SIGN_STYLE = Automatic;
				CURRENT_PROJECT_VERSION = 1;
				DEVELOPMENT_TEAM = 8FQUA2F388;
				ENABLE_PREVIEWS = YES;
				GENERATE_INFOPLIST_FILE = YES;
				INFOPLIST_FILE = watchOS/Info.plist;
				INFOPLIST_KEY_CFBundleDisplayName = "Device Specs";
				INFOPLIST_KEY_NSLocationWhenInUseUsageDescription = "This permission is necessary to test GPS locating capabilities";
				INFOPLIST_KEY_NSMotionUsageDescription = "This permission is necessary to test motion sensor capabilities";
				INFOPLIST_KEY_UISupportedInterfaceOrientations = "UIInterfaceOrientationPortrait UIInterfaceOrientationPortraitUpsideDown";
				INFOPLIST_KEY_WKCompanionAppBundleIdentifier = "dev.topscrech.Device-Specs";
				INFOPLIST_KEY_WKRunsIndependentlyOfCompanionApp = YES;
				LD_RUNPATH_SEARCH_PATHS = (
					"$(inherited)",
					"@executable_path/Frameworks",
				);
				MARKETING_VERSION = 1.0;
				PRODUCT_BUNDLE_IDENTIFIER = "dev.topscrech.Device-Specs.watchkitapp";
				PRODUCT_NAME = "$(TARGET_NAME)";
				SDKROOT = watchos;
				SKIP_INSTALL = YES;
				SWIFT_EMIT_LOC_STRINGS = YES;
				SWIFT_VERSION = 5.0;
				TARGETED_DEVICE_FAMILY = 4;
				VALIDATE_PRODUCT = YES;
				WATCHOS_DEPLOYMENT_TARGET = 10.0;
			};
			name = Release;
		};
		F3C3BDCF2C92D87C00BF91EE /* Debug */ = {
			isa = XCBuildConfiguration;
			buildSettings = {
				ASSETCATALOG_COMPILER_APPICON_NAME = AppIcon;
				ASSETCATALOG_COMPILER_GLOBAL_ACCENT_COLOR_NAME = AccentColor;
				CODE_SIGN_ENTITLEMENTS = visionOS/visionOS.entitlements;
				CODE_SIGN_STYLE = Automatic;
				CURRENT_PROJECT_VERSION = 1;
				DEVELOPMENT_TEAM = 8FQUA2F388;
				ENABLE_PREVIEWS = YES;
				GENERATE_INFOPLIST_FILE = YES;
				INFOPLIST_FILE = "$(TARGET_NAME)/Info.plist";
				INFOPLIST_KEY_CFBundleDisplayName = "Device Specs";
				LD_RUNPATH_SEARCH_PATHS = (
					"$(inherited)",
					"@executable_path/Frameworks",
				);
				MARKETING_VERSION = 1.0;
				PRODUCT_BUNDLE_IDENTIFIER = "dev.topscrech.Device-Specs";
				PRODUCT_NAME = "$(TARGET_NAME)";
				SDKROOT = xros;
				SUPPORTED_PLATFORMS = "xros xrsimulator";
				SWIFT_EMIT_LOC_STRINGS = YES;
				SWIFT_VERSION = 5.0;
				TARGETED_DEVICE_FAMILY = 7;
				XROS_DEPLOYMENT_TARGET = 1.0;
			};
			name = Debug;
		};
		F3C3BDD02C92D87C00BF91EE /* Release */ = {
			isa = XCBuildConfiguration;
			buildSettings = {
				ASSETCATALOG_COMPILER_APPICON_NAME = AppIcon;
				ASSETCATALOG_COMPILER_GLOBAL_ACCENT_COLOR_NAME = AccentColor;
				CODE_SIGN_ENTITLEMENTS = visionOS/visionOS.entitlements;
				CODE_SIGN_STYLE = Automatic;
				CURRENT_PROJECT_VERSION = 1;
				DEVELOPMENT_TEAM = 8FQUA2F388;
				ENABLE_PREVIEWS = YES;
				GENERATE_INFOPLIST_FILE = YES;
				INFOPLIST_FILE = "$(TARGET_NAME)/Info.plist";
				INFOPLIST_KEY_CFBundleDisplayName = "Device Specs";
				LD_RUNPATH_SEARCH_PATHS = (
					"$(inherited)",
					"@executable_path/Frameworks",
				);
				MARKETING_VERSION = 1.0;
				PRODUCT_BUNDLE_IDENTIFIER = "dev.topscrech.Device-Specs";
				PRODUCT_NAME = "$(TARGET_NAME)";
				SDKROOT = xros;
				SUPPORTED_PLATFORMS = "xros xrsimulator";
				SWIFT_EMIT_LOC_STRINGS = YES;
				SWIFT_VERSION = 5.0;
				TARGETED_DEVICE_FAMILY = 7;
				VALIDATE_PRODUCT = YES;
				XROS_DEPLOYMENT_TARGET = 1.0;
			};
			name = Release;
		};
		F3E7EC472C676A14008CD17B /* Debug */ = {
			isa = XCBuildConfiguration;
			buildSettings = {
				ALWAYS_SEARCH_USER_PATHS = NO;
				ASSETCATALOG_COMPILER_GENERATE_SWIFT_ASSET_SYMBOL_EXTENSIONS = YES;
				CLANG_ANALYZER_NONNULL = YES;
				CLANG_ANALYZER_NUMBER_OBJECT_CONVERSION = YES_AGGRESSIVE;
				CLANG_CXX_LANGUAGE_STANDARD = "gnu++20";
				CLANG_ENABLE_MODULES = YES;
				CLANG_ENABLE_OBJC_ARC = YES;
				CLANG_ENABLE_OBJC_WEAK = YES;
				CLANG_WARN_BLOCK_CAPTURE_AUTORELEASING = YES;
				CLANG_WARN_BOOL_CONVERSION = YES;
				CLANG_WARN_COMMA = YES;
				CLANG_WARN_CONSTANT_CONVERSION = YES;
				CLANG_WARN_DEPRECATED_OBJC_IMPLEMENTATIONS = YES;
				CLANG_WARN_DIRECT_OBJC_ISA_USAGE = YES_ERROR;
				CLANG_WARN_DOCUMENTATION_COMMENTS = YES;
				CLANG_WARN_EMPTY_BODY = YES;
				CLANG_WARN_ENUM_CONVERSION = YES;
				CLANG_WARN_INFINITE_RECURSION = YES;
				CLANG_WARN_INT_CONVERSION = YES;
				CLANG_WARN_NON_LITERAL_NULL_CONVERSION = YES;
				CLANG_WARN_OBJC_IMPLICIT_RETAIN_SELF = YES;
				CLANG_WARN_OBJC_LITERAL_CONVERSION = YES;
				CLANG_WARN_OBJC_ROOT_CLASS = YES_ERROR;
				CLANG_WARN_QUOTED_INCLUDE_IN_FRAMEWORK_HEADER = YES;
				CLANG_WARN_RANGE_LOOP_ANALYSIS = YES;
				CLANG_WARN_STRICT_PROTOTYPES = YES;
				CLANG_WARN_SUSPICIOUS_MOVE = YES;
				CLANG_WARN_UNGUARDED_AVAILABILITY = YES_AGGRESSIVE;
				CLANG_WARN_UNREACHABLE_CODE = YES;
				CLANG_WARN__DUPLICATE_METHOD_MATCH = YES;
				COPY_PHASE_STRIP = NO;
				DEBUG_INFORMATION_FORMAT = dwarf;
				ENABLE_STRICT_OBJC_MSGSEND = YES;
				ENABLE_TESTABILITY = YES;
				ENABLE_USER_SCRIPT_SANDBOXING = YES;
				GCC_C_LANGUAGE_STANDARD = gnu17;
				GCC_DYNAMIC_NO_PIC = NO;
				GCC_NO_COMMON_BLOCKS = YES;
				GCC_OPTIMIZATION_LEVEL = 0;
				GCC_PREPROCESSOR_DEFINITIONS = (
					"DEBUG=1",
					"$(inherited)",
				);
				GCC_WARN_64_TO_32_BIT_CONVERSION = YES;
				GCC_WARN_ABOUT_RETURN_TYPE = YES_ERROR;
				GCC_WARN_UNDECLARED_SELECTOR = YES;
				GCC_WARN_UNINITIALIZED_AUTOS = YES_AGGRESSIVE;
				GCC_WARN_UNUSED_FUNCTION = YES;
				GCC_WARN_UNUSED_VARIABLE = YES;
				LOCALIZATION_PREFERS_STRING_CATALOGS = YES;
				MTL_ENABLE_DEBUG_INFO = INCLUDE_SOURCE;
				MTL_FAST_MATH = YES;
				ONLY_ACTIVE_ARCH = YES;
				SWIFT_ACTIVE_COMPILATION_CONDITIONS = "DEBUG $(inherited)";
				SWIFT_OPTIMIZATION_LEVEL = "-Onone";
			};
			name = Debug;
		};
		F3E7EC482C676A14008CD17B /* Release */ = {
			isa = XCBuildConfiguration;
			buildSettings = {
				ALWAYS_SEARCH_USER_PATHS = NO;
				ASSETCATALOG_COMPILER_GENERATE_SWIFT_ASSET_SYMBOL_EXTENSIONS = YES;
				CLANG_ANALYZER_NONNULL = YES;
				CLANG_ANALYZER_NUMBER_OBJECT_CONVERSION = YES_AGGRESSIVE;
				CLANG_CXX_LANGUAGE_STANDARD = "gnu++20";
				CLANG_ENABLE_MODULES = YES;
				CLANG_ENABLE_OBJC_ARC = YES;
				CLANG_ENABLE_OBJC_WEAK = YES;
				CLANG_WARN_BLOCK_CAPTURE_AUTORELEASING = YES;
				CLANG_WARN_BOOL_CONVERSION = YES;
				CLANG_WARN_COMMA = YES;
				CLANG_WARN_CONSTANT_CONVERSION = YES;
				CLANG_WARN_DEPRECATED_OBJC_IMPLEMENTATIONS = YES;
				CLANG_WARN_DIRECT_OBJC_ISA_USAGE = YES_ERROR;
				CLANG_WARN_DOCUMENTATION_COMMENTS = YES;
				CLANG_WARN_EMPTY_BODY = YES;
				CLANG_WARN_ENUM_CONVERSION = YES;
				CLANG_WARN_INFINITE_RECURSION = YES;
				CLANG_WARN_INT_CONVERSION = YES;
				CLANG_WARN_NON_LITERAL_NULL_CONVERSION = YES;
				CLANG_WARN_OBJC_IMPLICIT_RETAIN_SELF = YES;
				CLANG_WARN_OBJC_LITERAL_CONVERSION = YES;
				CLANG_WARN_OBJC_ROOT_CLASS = YES_ERROR;
				CLANG_WARN_QUOTED_INCLUDE_IN_FRAMEWORK_HEADER = YES;
				CLANG_WARN_RANGE_LOOP_ANALYSIS = YES;
				CLANG_WARN_STRICT_PROTOTYPES = YES;
				CLANG_WARN_SUSPICIOUS_MOVE = YES;
				CLANG_WARN_UNGUARDED_AVAILABILITY = YES_AGGRESSIVE;
				CLANG_WARN_UNREACHABLE_CODE = YES;
				CLANG_WARN__DUPLICATE_METHOD_MATCH = YES;
				COPY_PHASE_STRIP = NO;
				DEBUG_INFORMATION_FORMAT = "dwarf-with-dsym";
				ENABLE_NS_ASSERTIONS = NO;
				ENABLE_STRICT_OBJC_MSGSEND = YES;
				ENABLE_USER_SCRIPT_SANDBOXING = YES;
				GCC_C_LANGUAGE_STANDARD = gnu17;
				GCC_NO_COMMON_BLOCKS = YES;
				GCC_WARN_64_TO_32_BIT_CONVERSION = YES;
				GCC_WARN_ABOUT_RETURN_TYPE = YES_ERROR;
				GCC_WARN_UNDECLARED_SELECTOR = YES;
				GCC_WARN_UNINITIALIZED_AUTOS = YES_AGGRESSIVE;
				GCC_WARN_UNUSED_FUNCTION = YES;
				GCC_WARN_UNUSED_VARIABLE = YES;
				LOCALIZATION_PREFERS_STRING_CATALOGS = YES;
				MTL_ENABLE_DEBUG_INFO = NO;
				MTL_FAST_MATH = YES;
				SWIFT_COMPILATION_MODE = wholemodule;
			};
			name = Release;
		};
		F3E7EC4A2C676A14008CD17B /* Debug */ = {
			isa = XCBuildConfiguration;
			buildSettings = {
				ASSETCATALOG_COMPILER_APPICON_NAME = AppIcon;
				ASSETCATALOG_COMPILER_GLOBAL_ACCENT_COLOR_NAME = AccentColor;
				CODE_SIGN_ENTITLEMENTS = "Device Specs/Device_Specs.entitlements";
				CODE_SIGN_STYLE = Automatic;
				CURRENT_PROJECT_VERSION = 1;
				DEVELOPMENT_TEAM = 8FQUA2F388;
				ENABLE_HARDENED_RUNTIME = YES;
				ENABLE_PREVIEWS = YES;
				GENERATE_INFOPLIST_FILE = YES;
				INFOPLIST_FILE = "Device Specs/Device-Specs-Info.plist";
				INFOPLIST_KEY_CFBundleDisplayName = "Device Specs";
				INFOPLIST_KEY_LSApplicationCategoryType = "public.app-category.utilities";
				INFOPLIST_KEY_NSLocationWhenInUseUsageDescription = "This permission is necessary to test GPS locating capabilities";
				INFOPLIST_KEY_NSMotionUsageDescription = "This permission is necessary to test motion sensor capabilities";
				INFOPLIST_KEY_NSNearbyInteractionAllowOnceUsageDescription = "This permission is required in order to test UWB capabilities";
				INFOPLIST_KEY_NSNearbyInteractionUsageDescription = "This permission is required in order to test UWB capabilities";
				"INFOPLIST_KEY_UIApplicationSceneManifest_Generation[sdk=iphoneos*]" = YES;
				"INFOPLIST_KEY_UIApplicationSceneManifest_Generation[sdk=iphonesimulator*]" = YES;
				INFOPLIST_KEY_UIApplicationSupportsIndirectInputEvents = YES;
				"INFOPLIST_KEY_UIApplicationSupportsIndirectInputEvents[sdk=iphoneos*]" = YES;
				"INFOPLIST_KEY_UIApplicationSupportsIndirectInputEvents[sdk=iphonesimulator*]" = YES;
				"INFOPLIST_KEY_UILaunchScreen_Generation[sdk=iphoneos*]" = YES;
				"INFOPLIST_KEY_UILaunchScreen_Generation[sdk=iphonesimulator*]" = YES;
				INFOPLIST_KEY_UIRequiredDeviceCapabilities = armv7;
				"INFOPLIST_KEY_UIStatusBarStyle[sdk=iphoneos*]" = UIStatusBarStyleDefault;
				"INFOPLIST_KEY_UIStatusBarStyle[sdk=iphonesimulator*]" = UIStatusBarStyleDefault;
				INFOPLIST_KEY_UISupportedInterfaceOrientations = "UIInterfaceOrientationLandscapeLeft UIInterfaceOrientationLandscapeRight UIInterfaceOrientationPortrait UIInterfaceOrientationPortraitUpsideDown";
				IPHONEOS_DEPLOYMENT_TARGET = 17.0;
				LD_RUNPATH_SEARCH_PATHS = "@executable_path/Frameworks";
				"LD_RUNPATH_SEARCH_PATHS[sdk=macosx*]" = "@executable_path/../Frameworks";
				MACOSX_DEPLOYMENT_TARGET = 14.0;
				MARKETING_VERSION = 1.0;
				PRODUCT_BUNDLE_IDENTIFIER = "dev.topscrech.Device-Specs";
				PRODUCT_NAME = "$(TARGET_NAME)";
				SDKROOT = auto;
				SUPPORTED_PLATFORMS = "iphoneos iphonesimulator";
				SUPPORTS_MACCATALYST = NO;
				SWIFT_EMIT_LOC_STRINGS = YES;
				SWIFT_VERSION = 5.0;
				TARGETED_DEVICE_FAMILY = "1,2";
				XROS_DEPLOYMENT_TARGET = 1.0;
			};
			name = Debug;
		};
		F3E7EC4B2C676A14008CD17B /* Release */ = {
			isa = XCBuildConfiguration;
			buildSettings = {
				ASSETCATALOG_COMPILER_APPICON_NAME = AppIcon;
				ASSETCATALOG_COMPILER_GLOBAL_ACCENT_COLOR_NAME = AccentColor;
				CODE_SIGN_ENTITLEMENTS = "Device Specs/Device_Specs.entitlements";
				CODE_SIGN_STYLE = Automatic;
				CURRENT_PROJECT_VERSION = 1;
				DEVELOPMENT_TEAM = 8FQUA2F388;
				ENABLE_HARDENED_RUNTIME = YES;
				ENABLE_PREVIEWS = YES;
				GENERATE_INFOPLIST_FILE = YES;
				INFOPLIST_FILE = "Device Specs/Device-Specs-Info.plist";
				INFOPLIST_KEY_CFBundleDisplayName = "Device Specs";
				INFOPLIST_KEY_LSApplicationCategoryType = "public.app-category.utilities";
				INFOPLIST_KEY_NSLocationWhenInUseUsageDescription = "This permission is necessary to test GPS locating capabilities";
				INFOPLIST_KEY_NSMotionUsageDescription = "This permission is necessary to test motion sensor capabilities";
				INFOPLIST_KEY_NSNearbyInteractionAllowOnceUsageDescription = "This permission is required in order to test UWB capabilities";
				INFOPLIST_KEY_NSNearbyInteractionUsageDescription = "This permission is required in order to test UWB capabilities";
				"INFOPLIST_KEY_UIApplicationSceneManifest_Generation[sdk=iphoneos*]" = YES;
				"INFOPLIST_KEY_UIApplicationSceneManifest_Generation[sdk=iphonesimulator*]" = YES;
				INFOPLIST_KEY_UIApplicationSupportsIndirectInputEvents = YES;
				"INFOPLIST_KEY_UIApplicationSupportsIndirectInputEvents[sdk=iphoneos*]" = YES;
				"INFOPLIST_KEY_UIApplicationSupportsIndirectInputEvents[sdk=iphonesimulator*]" = YES;
				"INFOPLIST_KEY_UILaunchScreen_Generation[sdk=iphoneos*]" = YES;
				"INFOPLIST_KEY_UILaunchScreen_Generation[sdk=iphonesimulator*]" = YES;
				INFOPLIST_KEY_UIRequiredDeviceCapabilities = armv7;
				"INFOPLIST_KEY_UIStatusBarStyle[sdk=iphoneos*]" = UIStatusBarStyleDefault;
				"INFOPLIST_KEY_UIStatusBarStyle[sdk=iphonesimulator*]" = UIStatusBarStyleDefault;
				INFOPLIST_KEY_UISupportedInterfaceOrientations = "UIInterfaceOrientationLandscapeLeft UIInterfaceOrientationLandscapeRight UIInterfaceOrientationPortrait UIInterfaceOrientationPortraitUpsideDown";
				IPHONEOS_DEPLOYMENT_TARGET = 17.0;
				LD_RUNPATH_SEARCH_PATHS = "@executable_path/Frameworks";
				"LD_RUNPATH_SEARCH_PATHS[sdk=macosx*]" = "@executable_path/../Frameworks";
				MACOSX_DEPLOYMENT_TARGET = 14.0;
				MARKETING_VERSION = 1.0;
				PRODUCT_BUNDLE_IDENTIFIER = "dev.topscrech.Device-Specs";
				PRODUCT_NAME = "$(TARGET_NAME)";
				SDKROOT = auto;
				SUPPORTED_PLATFORMS = "iphoneos iphonesimulator";
				SUPPORTS_MACCATALYST = NO;
				SWIFT_EMIT_LOC_STRINGS = YES;
				SWIFT_VERSION = 5.0;
				TARGETED_DEVICE_FAMILY = "1,2";
				XROS_DEPLOYMENT_TARGET = 1.0;
			};
			name = Release;
		};
		F3F85ED92C94AF5B00AE0A1D /* Debug */ = {
			isa = XCBuildConfiguration;
			buildSettings = {
				ASSETCATALOG_COMPILER_APPICON_NAME = "App Icon & Top Shelf Image";
				ASSETCATALOG_COMPILER_GLOBAL_ACCENT_COLOR_NAME = AccentColor;
				CODE_SIGN_STYLE = Automatic;
				CURRENT_PROJECT_VERSION = 1;
				DEVELOPMENT_TEAM = 8FQUA2F388;
				ENABLE_PREVIEWS = YES;
				GENERATE_INFOPLIST_FILE = YES;
				INFOPLIST_KEY_CFBundleDisplayName = "Device Specs";
				INFOPLIST_KEY_LSApplicationCategoryType = "public.app-category.utilities";
				INFOPLIST_KEY_UILaunchScreen_Generation = YES;
				INFOPLIST_KEY_UIUserInterfaceStyle = Automatic;
				LD_RUNPATH_SEARCH_PATHS = (
					"$(inherited)",
					"@executable_path/Frameworks",
				);
				MARKETING_VERSION = 1.0;
				PRODUCT_BUNDLE_IDENTIFIER = "dev.topscrech.Device-Specs";
				PRODUCT_NAME = "$(TARGET_NAME)";
				SDKROOT = appletvos;
				SWIFT_EMIT_LOC_STRINGS = YES;
				SWIFT_VERSION = 5.0;
				TARGETED_DEVICE_FAMILY = 3;
				TVOS_DEPLOYMENT_TARGET = 17.0;
			};
			name = Debug;
		};
		F3F85EDA2C94AF5B00AE0A1D /* Release */ = {
			isa = XCBuildConfiguration;
			buildSettings = {
				ASSETCATALOG_COMPILER_APPICON_NAME = "App Icon & Top Shelf Image";
				ASSETCATALOG_COMPILER_GLOBAL_ACCENT_COLOR_NAME = AccentColor;
				CODE_SIGN_STYLE = Automatic;
				CURRENT_PROJECT_VERSION = 1;
				DEVELOPMENT_TEAM = 8FQUA2F388;
				ENABLE_PREVIEWS = YES;
				GENERATE_INFOPLIST_FILE = YES;
				INFOPLIST_KEY_CFBundleDisplayName = "Device Specs";
				INFOPLIST_KEY_LSApplicationCategoryType = "public.app-category.utilities";
				INFOPLIST_KEY_UILaunchScreen_Generation = YES;
				INFOPLIST_KEY_UIUserInterfaceStyle = Automatic;
				LD_RUNPATH_SEARCH_PATHS = (
					"$(inherited)",
					"@executable_path/Frameworks",
				);
				MARKETING_VERSION = 1.0;
				PRODUCT_BUNDLE_IDENTIFIER = "dev.topscrech.Device-Specs";
				PRODUCT_NAME = "$(TARGET_NAME)";
				SDKROOT = appletvos;
				SWIFT_EMIT_LOC_STRINGS = YES;
				SWIFT_VERSION = 5.0;
				TARGETED_DEVICE_FAMILY = 3;
				TVOS_DEPLOYMENT_TARGET = 17.0;
				VALIDATE_PRODUCT = YES;
			};
			name = Release;
		};
/* End XCBuildConfiguration section */

/* Begin XCConfigurationList section */
		F36FBCC22C9449A300F5E174 /* Build configuration list for PBXNativeTarget "watchOS" */ = {
			isa = XCConfigurationList;
			buildConfigurations = (
				F36FBCC02C9449A300F5E174 /* Debug */,
				F36FBCC12C9449A300F5E174 /* Release */,
			);
			defaultConfigurationIsVisible = 0;
			defaultConfigurationName = Release;
		};
		F3C3BDCE2C92D87C00BF91EE /* Build configuration list for PBXNativeTarget "visionOS" */ = {
			isa = XCConfigurationList;
			buildConfigurations = (
				F3C3BDCF2C92D87C00BF91EE /* Debug */,
				F3C3BDD02C92D87C00BF91EE /* Release */,
			);
			defaultConfigurationIsVisible = 0;
			defaultConfigurationName = Release;
		};
		F3E7EC352C676A13008CD17B /* Build configuration list for PBXProject "Device Specs" */ = {
			isa = XCConfigurationList;
			buildConfigurations = (
				F3E7EC472C676A14008CD17B /* Debug */,
				F3E7EC482C676A14008CD17B /* Release */,
			);
			defaultConfigurationIsVisible = 0;
			defaultConfigurationName = Release;
		};
		F3E7EC492C676A14008CD17B /* Build configuration list for PBXNativeTarget "Device Specs" */ = {
			isa = XCConfigurationList;
			buildConfigurations = (
				F3E7EC4A2C676A14008CD17B /* Debug */,
				F3E7EC4B2C676A14008CD17B /* Release */,
			);
			defaultConfigurationIsVisible = 0;
			defaultConfigurationName = Release;
		};
		F3F85ED82C94AF5B00AE0A1D /* Build configuration list for PBXNativeTarget "tvOS" */ = {
			isa = XCConfigurationList;
			buildConfigurations = (
				F3F85ED92C94AF5B00AE0A1D /* Debug */,
				F3F85EDA2C94AF5B00AE0A1D /* Release */,
			);
			defaultConfigurationIsVisible = 0;
			defaultConfigurationName = Release;
		};
/* End XCConfigurationList section */

/* Begin XCRemoteSwiftPackageReference section */
		F3E7EC942C67B99E008CD17B /* XCRemoteSwiftPackageReference "ScrechKit" */ = {
			isa = XCRemoteSwiftPackageReference;
			repositoryURL = "https://github.com/TopScrech/ScrechKit";
			requirement = {
				kind = upToNextMajorVersion;
				minimumVersion = 0.9.0;
			};
		};
		F3E7EC972C67B9A8008CD17B /* XCRemoteSwiftPackageReference "DeviceKit" */ = {
			isa = XCRemoteSwiftPackageReference;
			repositoryURL = "https://github.com/devicekit/DeviceKit";
			requirement = {
				kind = upToNextMajorVersion;
				minimumVersion = 5.4.0;
			};
		};
/* End XCRemoteSwiftPackageReference section */

/* Begin XCSwiftPackageProductDependency section */
		F36FBCCB2C944B1300F5E174 /* ScrechKit */ = {
			isa = XCSwiftPackageProductDependency;
			package = F3E7EC942C67B99E008CD17B /* XCRemoteSwiftPackageReference "ScrechKit" */;
			productName = ScrechKit;
		};
		F36FBCCD2C944B1700F5E174 /* DeviceKit */ = {
			isa = XCSwiftPackageProductDependency;
			package = F3E7EC972C67B9A8008CD17B /* XCRemoteSwiftPackageReference "DeviceKit" */;
			productName = DeviceKit;
		};
		F3C3BDDC2C92DAAA00BF91EE /* DeviceKit */ = {
			isa = XCSwiftPackageProductDependency;
			package = F3E7EC972C67B9A8008CD17B /* XCRemoteSwiftPackageReference "DeviceKit" */;
			productName = DeviceKit;
		};
		F3C3BDDE2C92DAB000BF91EE /* ScrechKit */ = {
			isa = XCSwiftPackageProductDependency;
			package = F3E7EC942C67B99E008CD17B /* XCRemoteSwiftPackageReference "ScrechKit" */;
			productName = ScrechKit;
		};
		F3E7EC952C67B99E008CD17B /* ScrechKit */ = {
			isa = XCSwiftPackageProductDependency;
			package = F3E7EC942C67B99E008CD17B /* XCRemoteSwiftPackageReference "ScrechKit" */;
			productName = ScrechKit;
		};
		F3E7EC982C67B9A8008CD17B /* DeviceKit */ = {
			isa = XCSwiftPackageProductDependency;
			package = F3E7EC972C67B9A8008CD17B /* XCRemoteSwiftPackageReference "DeviceKit" */;
			productName = DeviceKit;
		};
		F3F85EE02C957CF500AE0A1D /* ScrechKit */ = {
			isa = XCSwiftPackageProductDependency;
			package = F3E7EC942C67B99E008CD17B /* XCRemoteSwiftPackageReference "ScrechKit" */;
			productName = ScrechKit;
		};
		F3F85EE22C957CF700AE0A1D /* DeviceKit */ = {
			isa = XCSwiftPackageProductDependency;
			package = F3E7EC972C67B9A8008CD17B /* XCRemoteSwiftPackageReference "DeviceKit" */;
			productName = DeviceKit;
		};
/* End XCSwiftPackageProductDependency section */
	};
	rootObject = F3E7EC322C676A13008CD17B /* Project object */;
}
