{
  "originHash" : "750f055f572af367a017ff009557d5713649a54f88cf762fb063566bd90733de",
  "pins" : [
    {
      "identity" : "devicekit",
      "kind" : "remoteSourceControl",
      "location" : "https://github.com/devicekit/DeviceKit",
      "state" : {
        "revision" : "7ff5331960151aec74fb422e1d45f54ef6cc086d",
        "version" : "5.5.0"
      }
    },
    {
      "identity" : "healthykit",
      "kind" : "remoteSourceControl",
      "location" : "https://github.com/TopScrech/HealthyKit",
      "state" : {
        "branch" : "main",
        "revision" : "b52ddf6463c5b01b013a2c7f50218faa4a62a274"
      }
    },
    {
      "identity" : "mailcover",
      "kind" : "remoteSourceControl",
      "location" : "https://github.com/TopScrech/MailCover",
      "state" : {
        "branch" : "main",
        "revision" : "c33771592360b836f114ebe32ad660590c7afc28"
      }
    },
    {
      "identity" : "screchcam",
      "kind" : "remoteSourceControl",
      "location" : "https://github.com/TopScrech/ScrechCam",
      "state" : {
        "branch" : "main",
        "revision" : "c9617f3f3712a35575d720f6b68fed17f06196f2"
      }
    },
    {
      "identity" : "screchkit",
      "kind" : "remoteSourceControl",
      "location" : "https://github.com/TopScrech/ScrechKit",
      "state" : {
        "branch" : "main",
        "revision" : "0ef7decabddc8b5bb0f8bb7fe494b4b07b2f807a"
      }
    }
  ],
  "version" : 3
}
