{
  "originHash" : "e22caaa3231a1ed175e11723c2833a74255e876ddbc67e65b79f5a7137a69b91",
  "pins" : [
    {
      "identity" : "appearance",
      "kind" : "remoteSourceControl",
      "location" : "https://github.com/TopScrech/Appearance",
      "state" : {
        "branch" : "main",
        "revision" : "ffd455ead37ffdf6809381083b85192a909eb001"
      }
    },
    {
      "identity" : "devicekit",
      "kind" : "remoteSourceControl",
      "location" : "https://github.com/devicekit/DeviceKit",
      "state" : {
        "revision" : "581df61650bc457ec00373a592a84be3e7468eb1",
        "version" : "5.7.0"
      }
    },
    {
      "identity" : "healthykit",
      "kind" : "remoteSourceControl",
      "location" : "https://github.com/TopScrech/HealthyKit",
      "state" : {
        "branch" : "main",
        "revision" : "9ddd124401dc1c1426924cfb119feebd1e8a24f6"
      }
    },
    {
      "identity" : "launchatlogin",
      "kind" : "remoteSourceControl",
      "location" : "https://github.com/TopScrech/LaunchAtLogin",
      "state" : {
        "branch" : "main",
        "revision" : "2bf099bd06f8f8de4989cbb7dfd721edd585bb0b"
      }
    },
    {
      "identity" : "mailcover",
      "kind" : "remoteSourceControl",
      "location" : "https://github.com/TopScrech/MailCover",
      "state" : {
        "branch" : "main",
        "revision" : "c33771592360b836f114ebe32ad660590c7afc28"
      }
    },
    {
      "identity" : "safaricover",
      "kind" : "remoteSourceControl",
      "location" : "https://github.com/TopScrech/SafariCover",
      "state" : {
        "revision" : "99332a5bad7b3e2ba5bda6584e51f7c921083f7b",
        "version" : "1.2.0"
      }
    },
    {
      "identity" : "screchcam",
      "kind" : "remoteSourceControl",
      "location" : "https://github.com/TopScrech/ScrechCam",
      "state" : {
        "branch" : "main",
        "revision" : "c9617f3f3712a35575d720f6b68fed17f06196f2"
      }
    },
    {
      "identity" : "screchkit",
      "kind" : "remoteSourceControl",
      "location" : "https://github.com/TopScrech/ScrechKit",
      "state" : {
        "branch" : "main",
        "revision" : "c551fdb49de6625903e9d11b13e7e89eaf8a8bf3"
      }
    }
  ],
  "version" : 3
}
