{
  "originHash" : "e22caaa3231a1ed175e11723c2833a74255e876ddbc67e65b79f5a7137a69b91",
  "pins" : [
    {
      "identity" : "appearance",
      "kind" : "remoteSourceControl",
      "location" : "https://github.com/TopScrech/Appearance",
      "state" : {
        "branch" : "main",
        "revision" : "1a8f0bc05a667f1079c9f7b3b31840f60abd7db5"
      }
    },
    {
      "identity" : "devicekit",
      "kind" : "remoteSourceControl",
      "location" : "https://github.com/devicekit/DeviceKit",
      "state" : {
        "revision" : "581df61650bc457ec00373a592a84be3e7468eb1",
        "version" : "5.7.0"
      }
    },
    {
      "identity" : "healthykit",
      "kind" : "remoteSourceControl",
      "location" : "https://github.com/TopScrech/HealthyKit",
      "state" : {
        "branch" : "main",
        "revision" : "268d1834a7b391051dffd6fac4da7ef286bf44c2"
      }
    },
    {
      "identity" : "launchatlogin",
      "kind" : "remoteSourceControl",
      "location" : "https://github.com/TopScrech/LaunchAtLogin",
      "state" : {
        "branch" : "main",
        "revision" : "b6d02bbe76f22ce9c722ec263939edd01ea8f670"
      }
    },
    {
      "identity" : "mailcover",
      "kind" : "remoteSourceControl",
      "location" : "https://github.com/TopScrech/MailCover",
      "state" : {
        "branch" : "main",
        "revision" : "1a3afc2b001ddf2118d340f046ac42fba41d05cd"
      }
    },
    {
      "identity" : "safaricover",
      "kind" : "remoteSourceControl",
      "location" : "https://github.com/TopScrech/SafariCover",
      "state" : {
        "revision" : "99332a5bad7b3e2ba5bda6584e51f7c921083f7b",
        "version" : "1.2.0"
      }
    },
    {
      "identity" : "screchcam",
      "kind" : "remoteSourceControl",
      "location" : "https://github.com/TopScrech/ScrechCam",
      "state" : {
        "branch" : "main",
        "revision" : "72bf5de826a0a1e50d24779096115c8b98108a31"
      }
    },
    {
      "identity" : "screchkit",
      "kind" : "remoteSourceControl",
      "location" : "https://github.com/TopScrech/ScrechKit",
      "state" : {
        "branch" : "main",
        "revision" : "9f75c2ff29e84720218686750e5b33d0d7208223"
      }
    }
  ],
  "version" : 3
}
